// !$*UTF8*$!
{
	archiveVersion = 1;
	classes = {
	};
	objectVersion = 46;
	objects = {

/* Begin PBXBuildFile section */
		021F142821B8EA1313088AB6 /* Pods_MixpanelDemoTests.framework in Frameworks */ = {isa = PBXBuildFile; fileRef = 37433CF0620BC6A0A5EFC541 /* Pods_MixpanelDemoTests.framework */; };
		51DD568A1D3077390045D3DB /* LoggerTests.swift in Sources */ = {isa = PBXBuildFile; fileRef = 51DD56891D3077390045D3DB /* LoggerTests.swift */; };
		E1016E361D3D46DF00075BB7 /* ActionCompleteViewController.swift in Sources */ = {isa = PBXBuildFile; fileRef = E1016E351D3D46DF00075BB7 /* ActionCompleteViewController.swift */; };
		E12406201D249B2500383635 /* MixpanelBaseTests.swift in Sources */ = {isa = PBXBuildFile; fileRef = E124061F1D249B2500383635 /* MixpanelBaseTests.swift */; };
		E12BD0371D89FE6A008989C9 /* MixpanelCodelessTests.swift in Sources */ = {isa = PBXBuildFile; fileRef = E12BD0361D89FE6A008989C9 /* MixpanelCodelessTests.swift */; };
		E12BD03D1D8A14F3008989C9 /* Assets.xcassets in Resources */ = {isa = PBXBuildFile; fileRef = E12BD03C1D8A14F3008989C9 /* Assets.xcassets */; };
		E131C43C1DB56B1000FAEE37 /* MixpanelABTestingTests.swift in Sources */ = {isa = PBXBuildFile; fileRef = E131C43B1DB56B1000FAEE37 /* MixpanelABTestingTests.swift */; };
		E131C4401DB5A2FE00FAEE37 /* test_decide_response_2.json in Resources */ = {isa = PBXBuildFile; fileRef = E131C43E1DB5A2FE00FAEE37 /* test_decide_response_2.json */; };
		E131C4411DB5A2FE00FAEE37 /* test_decide_response.json in Resources */ = {isa = PBXBuildFile; fileRef = E131C43F1DB5A2FE00FAEE37 /* test_decide_response.json */; };
		E131C4431DB5A30B00FAEE37 /* test_variant.json in Resources */ = {isa = PBXBuildFile; fileRef = E131C4421DB5A30B00FAEE37 /* test_variant.json */; };
		E131C4451DB5AE8200FAEE37 /* checkerboard.jpg in Resources */ = {isa = PBXBuildFile; fileRef = E131C4441DB5AE8200FAEE37 /* checkerboard.jpg */; };
		E146F1941D398D0A00D75B49 /* TrackingViewController.swift in Sources */ = {isa = PBXBuildFile; fileRef = E146F1931D398D0A00D75B49 /* TrackingViewController.swift */; };
		E146F1961D398D1600D75B49 /* PeopleViewController.swift in Sources */ = {isa = PBXBuildFile; fileRef = E146F1951D398D1600D75B49 /* PeopleViewController.swift */; };
		E146F19A1D399AF300D75B49 /* UtilityViewController.swift in Sources */ = {isa = PBXBuildFile; fileRef = E146F1991D399AF300D75B49 /* UtilityViewController.swift */; };
		E15FF7D71D0461130076CDE3 /* AppDelegate.swift in Sources */ = {isa = PBXBuildFile; fileRef = E15FF7D61D0461130076CDE3 /* AppDelegate.swift */; };
		E15FF7DC1D0461130076CDE3 /* Main.storyboard in Resources */ = {isa = PBXBuildFile; fileRef = E15FF7DA1D0461130076CDE3 /* Main.storyboard */; };
		E15FF7DE1D0461130076CDE3 /* Assets.xcassets in Resources */ = {isa = PBXBuildFile; fileRef = E15FF7DD1D0461130076CDE3 /* Assets.xcassets */; };
		E15FF7E11D0461130076CDE3 /* LaunchScreen.storyboard in Resources */ = {isa = PBXBuildFile; fileRef = E15FF7DF1D0461130076CDE3 /* LaunchScreen.storyboard */; };
		E15FF7EC1D0461130076CDE3 /* MixpanelDemoTests.swift in Sources */ = {isa = PBXBuildFile; fileRef = E15FF7EB1D0461130076CDE3 /* MixpanelDemoTests.swift */; };
		E15FF7FC1D0461D70076CDE3 /* Mixpanel.framework in Frameworks */ = {isa = PBXBuildFile; fileRef = E15FF7FB1D0461BC0076CDE3 /* Mixpanel.framework */; };
		E15FF7FD1D0461D70076CDE3 /* Mixpanel.framework in Embed Frameworks */ = {isa = PBXBuildFile; fileRef = E15FF7FB1D0461BC0076CDE3 /* Mixpanel.framework */; settings = {ATTRIBUTES = (CodeSignOnCopy, RemoveHeadersOnCopy, ); }; };
		E16C35E11D872044003500AC /* CodelessPlaygroundViewController.swift in Sources */ = {isa = PBXBuildFile; fileRef = E16C35E01D872044003500AC /* CodelessPlaygroundViewController.swift */; };
		E17AA05E1EC6234E0066EFE8 /* MixpanelAutomaticEventsTests.swift in Sources */ = {isa = PBXBuildFile; fileRef = E17AA05D1EC6234E0066EFE8 /* MixpanelAutomaticEventsTests.swift */; };
		E1C61EBA1D22F6470056C56C /* MixpanelPeopleTests.swift in Sources */ = {isa = PBXBuildFile; fileRef = E1C61EB91D22F6470056C56C /* MixpanelPeopleTests.swift */; };
		E1C61EBE1D22F9F60056C56C /* TestConstants.swift in Sources */ = {isa = PBXBuildFile; fileRef = E1C61EBD1D22F9F60056C56C /* TestConstants.swift */; };
		E1C8F50C1EC244E90089C537 /* StoreKit.framework in Frameworks */ = {isa = PBXBuildFile; fileRef = E1C8F50B1EC244E90089C537 /* StoreKit.framework */; };
		E1E8F8B01D626BE80081295D /* MixpanelNotificationTests.swift in Sources */ = {isa = PBXBuildFile; fileRef = E1E8F8AF1D626BE80081295D /* MixpanelNotificationTests.swift */; };
/* End PBXBuildFile section */

/* Begin PBXContainerItemProxy section */
		E12CE4151E9E1C370023AA2D /* PBXContainerItemProxy */ = {
			isa = PBXContainerItemProxy;
			containerPortal = E15FF7F61D0461BC0076CDE3 /* Mixpanel.xcodeproj */;
			proxyType = 2;
			remoteGlobalIDString = E1F15FC91E64A10700391AE3;
			remoteInfo = Mixpanel_macOS;
		};
		E15FF7E81D0461130076CDE3 /* PBXContainerItemProxy */ = {
			isa = PBXContainerItemProxy;
			containerPortal = E15FF7CB1D0461130076CDE3 /* Project object */;
			proxyType = 1;
			remoteGlobalIDString = E15FF7D21D0461130076CDE3;
			remoteInfo = MixpanelDemo;
		};
		E15FF7FA1D0461BC0076CDE3 /* PBXContainerItemProxy */ = {
			isa = PBXContainerItemProxy;
			containerPortal = E15FF7F61D0461BC0076CDE3 /* Mixpanel.xcodeproj */;
			proxyType = 2;
			remoteGlobalIDString = E115947D1CFF1491007F8B4F;
			remoteInfo = Mixpanel;
		};
		E15FF7FE1D0461D70076CDE3 /* PBXContainerItemProxy */ = {
			isa = PBXContainerItemProxy;
			containerPortal = E15FF7F61D0461BC0076CDE3 /* Mixpanel.xcodeproj */;
			proxyType = 1;
			remoteGlobalIDString = E115947C1CFF1491007F8B4F;
			remoteInfo = Mixpanel;
		};
		E16C35E31D872045003500AC /* PBXContainerItemProxy */ = {
			isa = PBXContainerItemProxy;
			containerPortal = E15FF7F61D0461BC0076CDE3 /* Mixpanel.xcodeproj */;
			proxyType = 2;
			remoteGlobalIDString = E12782B31D4AB4B30025FB05;
			remoteInfo = Mixpanel_tvOS;
		};
/* End PBXContainerItemProxy section */

/* Begin PBXCopyFilesBuildPhase section */
		E15FF8001D0461D70076CDE3 /* Embed Frameworks */ = {
			isa = PBXCopyFilesBuildPhase;
			buildActionMask = 2147483647;
			dstPath = "";
			dstSubfolderSpec = 10;
			files = (
				E15FF7FD1D0461D70076CDE3 /* Mixpanel.framework in Embed Frameworks */,
			);
			name = "Embed Frameworks";
			runOnlyForDeploymentPostprocessing = 0;
		};
/* End PBXCopyFilesBuildPhase section */

/* Begin PBXFileReference section */
		37433CF0620BC6A0A5EFC541 /* Pods_MixpanelDemoTests.framework */ = {isa = PBXFileReference; explicitFileType = wrapper.framework; includeInIndex = 0; path = Pods_MixpanelDemoTests.framework; sourceTree = BUILT_PRODUCTS_DIR; };
		51DD56891D3077390045D3DB /* LoggerTests.swift */ = {isa = PBXFileReference; fileEncoding = 4; lastKnownFileType = sourcecode.swift; path = LoggerTests.swift; sourceTree = "<group>"; };
		5609994314AFCE2B8FF1705B /* Pods-MixpanelDemoTests.release.xcconfig */ = {isa = PBXFileReference; includeInIndex = 1; lastKnownFileType = text.xcconfig; name = "Pods-MixpanelDemoTests.release.xcconfig"; path = "Pods/Target Support Files/Pods-MixpanelDemoTests/Pods-MixpanelDemoTests.release.xcconfig"; sourceTree = "<group>"; };
		9233A000BB35A654EEC9A9D6 /* Pods-MixpanelDemoTests.debug.xcconfig */ = {isa = PBXFileReference; includeInIndex = 1; lastKnownFileType = text.xcconfig; name = "Pods-MixpanelDemoTests.debug.xcconfig"; path = "Pods/Target Support Files/Pods-MixpanelDemoTests/Pods-MixpanelDemoTests.debug.xcconfig"; sourceTree = "<group>"; };
		E1016E351D3D46DF00075BB7 /* ActionCompleteViewController.swift */ = {isa = PBXFileReference; fileEncoding = 4; lastKnownFileType = sourcecode.swift; path = ActionCompleteViewController.swift; sourceTree = "<group>"; };
		E124061F1D249B2500383635 /* MixpanelBaseTests.swift */ = {isa = PBXFileReference; fileEncoding = 4; lastKnownFileType = sourcecode.swift; path = MixpanelBaseTests.swift; sourceTree = "<group>"; };
		E12BD0361D89FE6A008989C9 /* MixpanelCodelessTests.swift */ = {isa = PBXFileReference; fileEncoding = 4; lastKnownFileType = sourcecode.swift; path = MixpanelCodelessTests.swift; sourceTree = "<group>"; };
		E12BD03C1D8A14F3008989C9 /* Assets.xcassets */ = {isa = PBXFileReference; lastKnownFileType = folder.assetcatalog; path = Assets.xcassets; sourceTree = "<group>"; };
		E131C43B1DB56B1000FAEE37 /* MixpanelABTestingTests.swift */ = {isa = PBXFileReference; fileEncoding = 4; lastKnownFileType = sourcecode.swift; path = MixpanelABTestingTests.swift; sourceTree = "<group>"; };
		E131C43E1DB5A2FE00FAEE37 /* test_decide_response_2.json */ = {isa = PBXFileReference; fileEncoding = 4; lastKnownFileType = text.json; path = test_decide_response_2.json; sourceTree = "<group>"; };
		E131C43F1DB5A2FE00FAEE37 /* test_decide_response.json */ = {isa = PBXFileReference; fileEncoding = 4; lastKnownFileType = text.json; path = test_decide_response.json; sourceTree = "<group>"; };
		E131C4421DB5A30B00FAEE37 /* test_variant.json */ = {isa = PBXFileReference; fileEncoding = 4; lastKnownFileType = text.json; path = test_variant.json; sourceTree = "<group>"; };
		E131C4441DB5AE8200FAEE37 /* checkerboard.jpg */ = {isa = PBXFileReference; lastKnownFileType = image.jpeg; path = checkerboard.jpg; sourceTree = "<group>"; };
		E146F1931D398D0A00D75B49 /* TrackingViewController.swift */ = {isa = PBXFileReference; fileEncoding = 4; lastKnownFileType = sourcecode.swift; path = TrackingViewController.swift; sourceTree = "<group>"; };
		E146F1951D398D1600D75B49 /* PeopleViewController.swift */ = {isa = PBXFileReference; fileEncoding = 4; lastKnownFileType = sourcecode.swift; path = PeopleViewController.swift; sourceTree = "<group>"; };
		E146F1991D399AF300D75B49 /* UtilityViewController.swift */ = {isa = PBXFileReference; fileEncoding = 4; lastKnownFileType = sourcecode.swift; path = UtilityViewController.swift; sourceTree = "<group>"; };
		E15FF7D31D0461130076CDE3 /* MixpanelDemo.app */ = {isa = PBXFileReference; explicitFileType = wrapper.application; includeInIndex = 0; path = MixpanelDemo.app; sourceTree = BUILT_PRODUCTS_DIR; };
		E15FF7D61D0461130076CDE3 /* AppDelegate.swift */ = {isa = PBXFileReference; lastKnownFileType = sourcecode.swift; path = AppDelegate.swift; sourceTree = "<group>"; };
		E15FF7DB1D0461130076CDE3 /* Base */ = {isa = PBXFileReference; lastKnownFileType = file.storyboard; name = Base; path = Base.lproj/Main.storyboard; sourceTree = "<group>"; };
		E15FF7DD1D0461130076CDE3 /* Assets.xcassets */ = {isa = PBXFileReference; lastKnownFileType = folder.assetcatalog; path = Assets.xcassets; sourceTree = "<group>"; };
		E15FF7E01D0461130076CDE3 /* Base */ = {isa = PBXFileReference; lastKnownFileType = file.storyboard; name = Base; path = Base.lproj/LaunchScreen.storyboard; sourceTree = "<group>"; };
		E15FF7E21D0461130076CDE3 /* Info.plist */ = {isa = PBXFileReference; lastKnownFileType = text.plist.xml; path = Info.plist; sourceTree = "<group>"; };
		E15FF7E71D0461130076CDE3 /* MixpanelDemoTests.xctest */ = {isa = PBXFileReference; explicitFileType = wrapper.cfbundle; includeInIndex = 0; path = MixpanelDemoTests.xctest; sourceTree = BUILT_PRODUCTS_DIR; };
		E15FF7EB1D0461130076CDE3 /* MixpanelDemoTests.swift */ = {isa = PBXFileReference; lastKnownFileType = sourcecode.swift; path = MixpanelDemoTests.swift; sourceTree = "<group>"; };
		E15FF7ED1D0461130076CDE3 /* Info.plist */ = {isa = PBXFileReference; lastKnownFileType = text.plist.xml; path = Info.plist; sourceTree = "<group>"; };
		E15FF7F61D0461BC0076CDE3 /* Mixpanel.xcodeproj */ = {isa = PBXFileReference; lastKnownFileType = "wrapper.pb-project"; name = Mixpanel.xcodeproj; path = ../Mixpanel.xcodeproj; sourceTree = "<group>"; };
		E16BAEB41D3DB4FC00C442CE /* MixpanelDemo.entitlements */ = {isa = PBXFileReference; lastKnownFileType = text.xml; path = MixpanelDemo.entitlements; sourceTree = "<group>"; };
		E16C35E01D872044003500AC /* CodelessPlaygroundViewController.swift */ = {isa = PBXFileReference; fileEncoding = 4; lastKnownFileType = sourcecode.swift; path = CodelessPlaygroundViewController.swift; sourceTree = "<group>"; };
		E17AA05D1EC6234E0066EFE8 /* MixpanelAutomaticEventsTests.swift */ = {isa = PBXFileReference; fileEncoding = 4; lastKnownFileType = sourcecode.swift; path = MixpanelAutomaticEventsTests.swift; sourceTree = "<group>"; };
		E1C61EB91D22F6470056C56C /* MixpanelPeopleTests.swift */ = {isa = PBXFileReference; fileEncoding = 4; lastKnownFileType = sourcecode.swift; path = MixpanelPeopleTests.swift; sourceTree = "<group>"; };
		E1C61EBD1D22F9F60056C56C /* TestConstants.swift */ = {isa = PBXFileReference; fileEncoding = 4; lastKnownFileType = sourcecode.swift; path = TestConstants.swift; sourceTree = "<group>"; };
		E1C8F50B1EC244E90089C537 /* StoreKit.framework */ = {isa = PBXFileReference; lastKnownFileType = wrapper.framework; name = StoreKit.framework; path = System/Library/Frameworks/StoreKit.framework; sourceTree = SDKROOT; };
		E1E8F8AF1D626BE80081295D /* MixpanelNotificationTests.swift */ = {isa = PBXFileReference; fileEncoding = 4; lastKnownFileType = sourcecode.swift; path = MixpanelNotificationTests.swift; sourceTree = "<group>"; };
/* End PBXFileReference section */

/* Begin PBXFrameworksBuildPhase section */
		E15FF7D01D0461130076CDE3 /* Frameworks */ = {
			isa = PBXFrameworksBuildPhase;
			buildActionMask = 2147483647;
			files = (
				E15FF7FC1D0461D70076CDE3 /* Mixpanel.framework in Frameworks */,
				E1C8F50C1EC244E90089C537 /* StoreKit.framework in Frameworks */,
			);
			runOnlyForDeploymentPostprocessing = 0;
		};
		E15FF7E41D0461130076CDE3 /* Frameworks */ = {
			isa = PBXFrameworksBuildPhase;
			buildActionMask = 2147483647;
			files = (
				021F142821B8EA1313088AB6 /* Pods_MixpanelDemoTests.framework in Frameworks */,
			);
			runOnlyForDeploymentPostprocessing = 0;
		};
/* End PBXFrameworksBuildPhase section */

/* Begin PBXGroup section */
		28127E0746D6CC818BA7B834 /* Pods */ = {
			isa = PBXGroup;
			children = (
				9233A000BB35A654EEC9A9D6 /* Pods-MixpanelDemoTests.debug.xcconfig */,
				5609994314AFCE2B8FF1705B /* Pods-MixpanelDemoTests.release.xcconfig */,
			);
			name = Pods;
			sourceTree = "<group>";
		};
		773080F90ECB3A0D67A6E636 /* Frameworks */ = {
			isa = PBXGroup;
			children = (
				E1C8F50B1EC244E90089C537 /* StoreKit.framework */,
				37433CF0620BC6A0A5EFC541 /* Pods_MixpanelDemoTests.framework */,
			);
			name = Frameworks;
			sourceTree = "<group>";
		};
		E12BD03A1D8A14D6008989C9 /* Supporting Files */ = {
			isa = PBXGroup;
			children = (
				E131C4441DB5AE8200FAEE37 /* checkerboard.jpg */,
				E131C4421DB5A30B00FAEE37 /* test_variant.json */,
				E131C43E1DB5A2FE00FAEE37 /* test_decide_response_2.json */,
				E131C43F1DB5A2FE00FAEE37 /* test_decide_response.json */,
				E12BD03C1D8A14F3008989C9 /* Assets.xcassets */,
				E15FF7ED1D0461130076CDE3 /* Info.plist */,
			);
			name = "Supporting Files";
			sourceTree = "<group>";
		};
		E146F1971D398D2D00D75B49 /* Supporting Files */ = {
			isa = PBXGroup;
			children = (
				E15FF7DD1D0461130076CDE3 /* Assets.xcassets */,
				E15FF7DF1D0461130076CDE3 /* LaunchScreen.storyboard */,
				E15FF7E21D0461130076CDE3 /* Info.plist */,
			);
			name = "Supporting Files";
			sourceTree = "<group>";
		};
		E15FF7CA1D0461130076CDE3 = {
			isa = PBXGroup;
			children = (
				E15FF7F61D0461BC0076CDE3 /* Mixpanel.xcodeproj */,
				E15FF7D51D0461130076CDE3 /* MixpanelDemo */,
				E15FF7EA1D0461130076CDE3 /* MixpanelDemoTests */,
				E15FF7D41D0461130076CDE3 /* Products */,
				28127E0746D6CC818BA7B834 /* Pods */,
				773080F90ECB3A0D67A6E636 /* Frameworks */,
			);
			sourceTree = "<group>";
		};
		E15FF7D41D0461130076CDE3 /* Products */ = {
			isa = PBXGroup;
			children = (
				E15FF7D31D0461130076CDE3 /* MixpanelDemo.app */,
				E15FF7E71D0461130076CDE3 /* MixpanelDemoTests.xctest */,
			);
			name = Products;
			sourceTree = "<group>";
		};
		E15FF7D51D0461130076CDE3 /* MixpanelDemo */ = {
			isa = PBXGroup;
			children = (
				E16BAEB41D3DB4FC00C442CE /* MixpanelDemo.entitlements */,
				E15FF7DA1D0461130076CDE3 /* Main.storyboard */,
				E15FF7D61D0461130076CDE3 /* AppDelegate.swift */,
				E146F1931D398D0A00D75B49 /* TrackingViewController.swift */,
				E146F1951D398D1600D75B49 /* PeopleViewController.swift */,
				E146F1991D399AF300D75B49 /* UtilityViewController.swift */,
				E1016E351D3D46DF00075BB7 /* ActionCompleteViewController.swift */,
				E16C35E01D872044003500AC /* CodelessPlaygroundViewController.swift */,
				E146F1971D398D2D00D75B49 /* Supporting Files */,
			);
			path = MixpanelDemo;
			sourceTree = "<group>";
		};
		E15FF7EA1D0461130076CDE3 /* MixpanelDemoTests */ = {
			isa = PBXGroup;
			children = (
				E124061F1D249B2500383635 /* MixpanelBaseTests.swift */,
				E15FF7EB1D0461130076CDE3 /* MixpanelDemoTests.swift */,
				E1C61EB91D22F6470056C56C /* MixpanelPeopleTests.swift */,
				E1E8F8AF1D626BE80081295D /* MixpanelNotificationTests.swift */,
				E12BD0361D89FE6A008989C9 /* MixpanelCodelessTests.swift */,
				E131C43B1DB56B1000FAEE37 /* MixpanelABTestingTests.swift */,
				E17AA05D1EC6234E0066EFE8 /* MixpanelAutomaticEventsTests.swift */,
				E1C61EBD1D22F9F60056C56C /* TestConstants.swift */,
				51DD56891D3077390045D3DB /* LoggerTests.swift */,
				E12BD03A1D8A14D6008989C9 /* Supporting Files */,
			);
			path = MixpanelDemoTests;
			sourceTree = "<group>";
		};
		E15FF7F71D0461BC0076CDE3 /* Products */ = {
			isa = PBXGroup;
			children = (
				E15FF7FB1D0461BC0076CDE3 /* Mixpanel.framework */,
				E16C35E41D872045003500AC /* Mixpanel.framework */,
				E12CE4161E9E1C370023AA2D /* Mixpanel.framework */,
			);
			name = Products;
			sourceTree = "<group>";
		};
/* End PBXGroup section */

/* Begin PBXNativeTarget section */
		E15FF7D21D0461130076CDE3 /* MixpanelDemo */ = {
			isa = PBXNativeTarget;
			buildConfigurationList = E15FF7F01D0461130076CDE3 /* Build configuration list for PBXNativeTarget "MixpanelDemo" */;
			buildPhases = (
				E15FF7CF1D0461130076CDE3 /* Sources */,
				E15FF7D01D0461130076CDE3 /* Frameworks */,
				E15FF7D11D0461130076CDE3 /* Resources */,
				E15FF8001D0461D70076CDE3 /* Embed Frameworks */,
			);
			buildRules = (
			);
			dependencies = (
				E15FF7FF1D0461D70076CDE3 /* PBXTargetDependency */,
			);
			name = MixpanelDemo;
			productName = MixpanelDemo;
			productReference = E15FF7D31D0461130076CDE3 /* MixpanelDemo.app */;
			productType = "com.apple.product-type.application";
		};
		E15FF7E61D0461130076CDE3 /* MixpanelDemoTests */ = {
			isa = PBXNativeTarget;
			buildConfigurationList = E15FF7F31D0461130076CDE3 /* Build configuration list for PBXNativeTarget "MixpanelDemoTests" */;
			buildPhases = (
				122455B428AF758CAE10EE5F /* [CP] Check Pods Manifest.lock */,
				E15FF7E31D0461130076CDE3 /* Sources */,
				E15FF7E41D0461130076CDE3 /* Frameworks */,
				E15FF7E51D0461130076CDE3 /* Resources */,
				23A073632FB9DC26C9B98ABF /* [CP] Embed Pods Frameworks */,
				14A6BFB53FD8FB99E2B3D2F6 /* [CP] Copy Pods Resources */,
			);
			buildRules = (
			);
			dependencies = (
				E15FF7E91D0461130076CDE3 /* PBXTargetDependency */,
			);
			name = MixpanelDemoTests;
			productName = MixpanelDemoTests;
			productReference = E15FF7E71D0461130076CDE3 /* MixpanelDemoTests.xctest */;
			productType = "com.apple.product-type.bundle.unit-test";
		};
/* End PBXNativeTarget section */

/* Begin PBXProject section */
		E15FF7CB1D0461130076CDE3 /* Project object */ = {
			isa = PBXProject;
			attributes = {
				LastSwiftUpdateCheck = 0730;
				LastUpgradeCheck = 0900;
				ORGANIZATIONNAME = Mixpanel;
				TargetAttributes = {
					E15FF7D21D0461130076CDE3 = {
						CreatedOnToolsVersion = 7.3.1;
						DevelopmentTeam = E8FVX7QLET;
						DevelopmentTeamName = "Mixpanel, Inc.";
						LastSwiftMigration = 0800;
						ProvisioningStyle = Manual;
						SystemCapabilities = {
							com.apple.ApplePay = {
								enabled = 0;
							};
							com.apple.InAppPurchase = {
								enabled = 1;
							};
							com.apple.Push = {
								enabled = 1;
							};
						};
					};
					E15FF7E61D0461130076CDE3 = {
						CreatedOnToolsVersion = 7.3.1;
						LastSwiftMigration = 0800;
						TestTargetID = E15FF7D21D0461130076CDE3;
					};
				};
			};
			buildConfigurationList = E15FF7CE1D0461130076CDE3 /* Build configuration list for PBXProject "MixpanelDemo" */;
			compatibilityVersion = "Xcode 3.2";
			developmentRegion = English;
			hasScannedForEncodings = 0;
			knownRegions = (
				en,
				Base,
			);
			mainGroup = E15FF7CA1D0461130076CDE3;
			productRefGroup = E15FF7D41D0461130076CDE3 /* Products */;
			projectDirPath = "";
			projectReferences = (
				{
					ProductGroup = E15FF7F71D0461BC0076CDE3 /* Products */;
					ProjectRef = E15FF7F61D0461BC0076CDE3 /* Mixpanel.xcodeproj */;
				},
			);
			projectRoot = "";
			targets = (
				E15FF7D21D0461130076CDE3 /* MixpanelDemo */,
				E15FF7E61D0461130076CDE3 /* MixpanelDemoTests */,
			);
		};
/* End PBXProject section */

/* Begin PBXReferenceProxy section */
		E12CE4161E9E1C370023AA2D /* Mixpanel.framework */ = {
			isa = PBXReferenceProxy;
			fileType = wrapper.framework;
			path = Mixpanel.framework;
			remoteRef = E12CE4151E9E1C370023AA2D /* PBXContainerItemProxy */;
			sourceTree = BUILT_PRODUCTS_DIR;
		};
		E15FF7FB1D0461BC0076CDE3 /* Mixpanel.framework */ = {
			isa = PBXReferenceProxy;
			fileType = wrapper.framework;
			path = Mixpanel.framework;
			remoteRef = E15FF7FA1D0461BC0076CDE3 /* PBXContainerItemProxy */;
			sourceTree = BUILT_PRODUCTS_DIR;
		};
		E16C35E41D872045003500AC /* Mixpanel.framework */ = {
			isa = PBXReferenceProxy;
			fileType = wrapper.framework;
			path = Mixpanel.framework;
			remoteRef = E16C35E31D872045003500AC /* PBXContainerItemProxy */;
			sourceTree = BUILT_PRODUCTS_DIR;
		};
/* End PBXReferenceProxy section */

/* Begin PBXResourcesBuildPhase section */
		E15FF7D11D0461130076CDE3 /* Resources */ = {
			isa = PBXResourcesBuildPhase;
			buildActionMask = 2147483647;
			files = (
				E15FF7E11D0461130076CDE3 /* LaunchScreen.storyboard in Resources */,
				E15FF7DE1D0461130076CDE3 /* Assets.xcassets in Resources */,
				E15FF7DC1D0461130076CDE3 /* Main.storyboard in Resources */,
			);
			runOnlyForDeploymentPostprocessing = 0;
		};
		E15FF7E51D0461130076CDE3 /* Resources */ = {
			isa = PBXResourcesBuildPhase;
			buildActionMask = 2147483647;
			files = (
				E12BD03D1D8A14F3008989C9 /* Assets.xcassets in Resources */,
				E131C4431DB5A30B00FAEE37 /* test_variant.json in Resources */,
				E131C4401DB5A2FE00FAEE37 /* test_decide_response_2.json in Resources */,
				E131C4451DB5AE8200FAEE37 /* checkerboard.jpg in Resources */,
				E131C4411DB5A2FE00FAEE37 /* test_decide_response.json in Resources */,
			);
			runOnlyForDeploymentPostprocessing = 0;
		};
/* End PBXResourcesBuildPhase section */

/* Begin PBXShellScriptBuildPhase section */
		122455B428AF758CAE10EE5F /* [CP] Check Pods Manifest.lock */ = {
			isa = PBXShellScriptBuildPhase;
			buildActionMask = 2147483647;
			files = (
			);
			inputPaths = (
			);
			name = "[CP] Check Pods Manifest.lock";
			outputPaths = (
			);
			runOnlyForDeploymentPostprocessing = 0;
			shellPath = /bin/sh;
			shellScript = "diff \"${PODS_ROOT}/../Podfile.lock\" \"${PODS_ROOT}/Manifest.lock\" > /dev/null\nif [ $? != 0 ] ; then\n    # print error to STDERR\n    echo \"error: The sandbox is not in sync with the Podfile.lock. Run 'pod install' or update your CocoaPods installation.\" >&2\n    exit 1\nfi\n";
			showEnvVarsInLog = 0;
		};
		14A6BFB53FD8FB99E2B3D2F6 /* [CP] Copy Pods Resources */ = {
			isa = PBXShellScriptBuildPhase;
			buildActionMask = 2147483647;
			files = (
			);
			inputPaths = (
			);
			name = "[CP] Copy Pods Resources";
			outputPaths = (
			);
			runOnlyForDeploymentPostprocessing = 0;
			shellPath = /bin/sh;
			shellScript = "\"${SRCROOT}/Pods/Target Support Files/Pods-MixpanelDemoTests/Pods-MixpanelDemoTests-resources.sh\"\n";
			showEnvVarsInLog = 0;
		};
		23A073632FB9DC26C9B98ABF /* [CP] Embed Pods Frameworks */ = {
			isa = PBXShellScriptBuildPhase;
			buildActionMask = 2147483647;
			files = (
			);
			inputPaths = (
			);
			name = "[CP] Embed Pods Frameworks";
			outputPaths = (
			);
			runOnlyForDeploymentPostprocessing = 0;
			shellPath = /bin/sh;
			shellScript = "\"${SRCROOT}/Pods/Target Support Files/Pods-MixpanelDemoTests/Pods-MixpanelDemoTests-frameworks.sh\"\n";
			showEnvVarsInLog = 0;
		};
/* End PBXShellScriptBuildPhase section */

/* Begin PBXSourcesBuildPhase section */
		E15FF7CF1D0461130076CDE3 /* Sources */ = {
			isa = PBXSourcesBuildPhase;
			buildActionMask = 2147483647;
			files = (
				E146F1941D398D0A00D75B49 /* TrackingViewController.swift in Sources */,
				E146F1961D398D1600D75B49 /* PeopleViewController.swift in Sources */,
				E146F19A1D399AF300D75B49 /* UtilityViewController.swift in Sources */,
				E15FF7D71D0461130076CDE3 /* AppDelegate.swift in Sources */,
				E1016E361D3D46DF00075BB7 /* ActionCompleteViewController.swift in Sources */,
				E16C35E11D872044003500AC /* CodelessPlaygroundViewController.swift in Sources */,
			);
			runOnlyForDeploymentPostprocessing = 0;
		};
		E15FF7E31D0461130076CDE3 /* Sources */ = {
			isa = PBXSourcesBuildPhase;
			buildActionMask = 2147483647;
			files = (
				E12BD0371D89FE6A008989C9 /* MixpanelCodelessTests.swift in Sources */,
				E131C43C1DB56B1000FAEE37 /* MixpanelABTestingTests.swift in Sources */,
				E1E8F8B01D626BE80081295D /* MixpanelNotificationTests.swift in Sources */,
				51DD568A1D3077390045D3DB /* LoggerTests.swift in Sources */,
				E1C61EBA1D22F6470056C56C /* MixpanelPeopleTests.swift in Sources */,
				E1C61EBE1D22F9F60056C56C /* TestConstants.swift in Sources */,
				E12406201D249B2500383635 /* MixpanelBaseTests.swift in Sources */,
				E17AA05E1EC6234E0066EFE8 /* MixpanelAutomaticEventsTests.swift in Sources */,
				E15FF7EC1D0461130076CDE3 /* MixpanelDemoTests.swift in Sources */,
			);
			runOnlyForDeploymentPostprocessing = 0;
		};
/* End PBXSourcesBuildPhase section */

/* Begin PBXTargetDependency section */
		E15FF7E91D0461130076CDE3 /* PBXTargetDependency */ = {
			isa = PBXTargetDependency;
			target = E15FF7D21D0461130076CDE3 /* MixpanelDemo */;
			targetProxy = E15FF7E81D0461130076CDE3 /* PBXContainerItemProxy */;
		};
		E15FF7FF1D0461D70076CDE3 /* PBXTargetDependency */ = {
			isa = PBXTargetDependency;
			name = Mixpanel;
			targetProxy = E15FF7FE1D0461D70076CDE3 /* PBXContainerItemProxy */;
		};
/* End PBXTargetDependency section */

/* Begin PBXVariantGroup section */
		E15FF7DA1D0461130076CDE3 /* Main.storyboard */ = {
			isa = PBXVariantGroup;
			children = (
				E15FF7DB1D0461130076CDE3 /* Base */,
			);
			name = Main.storyboard;
			sourceTree = "<group>";
		};
		E15FF7DF1D0461130076CDE3 /* LaunchScreen.storyboard */ = {
			isa = PBXVariantGroup;
			children = (
				E15FF7E01D0461130076CDE3 /* Base */,
			);
			name = LaunchScreen.storyboard;
			sourceTree = "<group>";
		};
/* End PBXVariantGroup section */

/* Begin XCBuildConfiguration section */
		E15FF7EE1D0461130076CDE3 /* Debug */ = {
			isa = XCBuildConfiguration;
			buildSettings = {
				ALWAYS_SEARCH_USER_PATHS = NO;
				CLANG_ANALYZER_NONNULL = YES;
				CLANG_CXX_LANGUAGE_STANDARD = "gnu++0x";
				CLANG_CXX_LIBRARY = "libc++";
				CLANG_ENABLE_MODULES = YES;
				CLANG_ENABLE_OBJC_ARC = YES;
				CLANG_WARN_BLOCK_CAPTURE_AUTORELEASING = YES;
				CLANG_WARN_BOOL_CONVERSION = YES;
				CLANG_WARN_COMMA = YES;
				CLANG_WARN_CONSTANT_CONVERSION = YES;
				CLANG_WARN_DIRECT_OBJC_ISA_USAGE = YES_ERROR;
				CLANG_WARN_EMPTY_BODY = YES;
				CLANG_WARN_ENUM_CONVERSION = YES;
				CLANG_WARN_INFINITE_RECURSION = YES;
				CLANG_WARN_INT_CONVERSION = YES;
				CLANG_WARN_NON_LITERAL_NULL_CONVERSION = YES;
				CLANG_WARN_OBJC_LITERAL_CONVERSION = YES;
				CLANG_WARN_OBJC_ROOT_CLASS = YES_ERROR;
				CLANG_WARN_RANGE_LOOP_ANALYSIS = YES;
				CLANG_WARN_STRICT_PROTOTYPES = YES;
				CLANG_WARN_SUSPICIOUS_MOVE = YES;
				CLANG_WARN_UNREACHABLE_CODE = YES;
				CLANG_WARN__DUPLICATE_METHOD_MATCH = YES;
				"CODE_SIGN_IDENTITY[sdk=iphoneos*]" = "iPhone Developer";
				COPY_PHASE_STRIP = NO;
				DEBUG_INFORMATION_FORMAT = dwarf;
				DEFINES_MODULE = YES;
				ENABLE_STRICT_OBJC_MSGSEND = YES;
				ENABLE_TESTABILITY = YES;
				GCC_C_LANGUAGE_STANDARD = gnu99;
				GCC_DYNAMIC_NO_PIC = NO;
				GCC_NO_COMMON_BLOCKS = YES;
				GCC_OPTIMIZATION_LEVEL = 0;
				GCC_PREPROCESSOR_DEFINITIONS = (
					"DEBUG=1",
					"$(inherited)",
				);
				GCC_WARN_64_TO_32_BIT_CONVERSION = YES;
				GCC_WARN_ABOUT_RETURN_TYPE = YES_ERROR;
				GCC_WARN_UNDECLARED_SELECTOR = YES;
				GCC_WARN_UNINITIALIZED_AUTOS = YES_AGGRESSIVE;
				GCC_WARN_UNUSED_FUNCTION = YES;
				GCC_WARN_UNUSED_VARIABLE = YES;
				IPHONEOS_DEPLOYMENT_TARGET = 9.3;
				MTL_ENABLE_DEBUG_INFO = YES;
				ONLY_ACTIVE_ARCH = YES;
				SDKROOT = iphoneos;
				SWIFT_OPTIMIZATION_LEVEL = "-Onone";
				SWIFT_VERSION = 3.0;
				TARGETED_DEVICE_FAMILY = "1,2";
			};
			name = Debug;
		};
		E15FF7EF1D0461130076CDE3 /* Release */ = {
			isa = XCBuildConfiguration;
			buildSettings = {
				ALWAYS_SEARCH_USER_PATHS = NO;
				CLANG_ANALYZER_NONNULL = YES;
				CLANG_CXX_LANGUAGE_STANDARD = "gnu++0x";
				CLANG_CXX_LIBRARY = "libc++";
				CLANG_ENABLE_MODULES = YES;
				CLANG_ENABLE_OBJC_ARC = YES;
				CLANG_WARN_BLOCK_CAPTURE_AUTORELEASING = YES;
				CLANG_WARN_BOOL_CONVERSION = YES;
				CLANG_WARN_COMMA = YES;
				CLANG_WARN_CONSTANT_CONVERSION = YES;
				CLANG_WARN_DIRECT_OBJC_ISA_USAGE = YES_ERROR;
				CLANG_WARN_EMPTY_BODY = YES;
				CLANG_WARN_ENUM_CONVERSION = YES;
				CLANG_WARN_INFINITE_RECURSION = YES;
				CLANG_WARN_INT_CONVERSION = YES;
				CLANG_WARN_NON_LITERAL_NULL_CONVERSION = YES;
				CLANG_WARN_OBJC_LITERAL_CONVERSION = YES;
				CLANG_WARN_OBJC_ROOT_CLASS = YES_ERROR;
				CLANG_WARN_RANGE_LOOP_ANALYSIS = YES;
				CLANG_WARN_STRICT_PROTOTYPES = YES;
				CLANG_WARN_SUSPICIOUS_MOVE = YES;
				CLANG_WARN_UNREACHABLE_CODE = YES;
				CLANG_WARN__DUPLICATE_METHOD_MATCH = YES;
				"CODE_SIGN_IDENTITY[sdk=iphoneos*]" = "iPhone Developer";
				COPY_PHASE_STRIP = NO;
				DEBUG_INFORMATION_FORMAT = "dwarf-with-dsym";
				DEFINES_MODULE = YES;
				ENABLE_NS_ASSERTIONS = NO;
				ENABLE_STRICT_OBJC_MSGSEND = YES;
				GCC_C_LANGUAGE_STANDARD = gnu99;
				GCC_NO_COMMON_BLOCKS = YES;
				GCC_WARN_64_TO_32_BIT_CONVERSION = YES;
				GCC_WARN_ABOUT_RETURN_TYPE = YES_ERROR;
				GCC_WARN_UNDECLARED_SELECTOR = YES;
				GCC_WARN_UNINITIALIZED_AUTOS = YES_AGGRESSIVE;
				GCC_WARN_UNUSED_FUNCTION = YES;
				GCC_WARN_UNUSED_VARIABLE = YES;
				IPHONEOS_DEPLOYMENT_TARGET = 9.3;
				MTL_ENABLE_DEBUG_INFO = NO;
				SDKROOT = iphoneos;
				SWIFT_VERSION = 3.0;
				TARGETED_DEVICE_FAMILY = "1,2";
				VALIDATE_PRODUCT = YES;
			};
			name = Release;
		};
		E15FF7F11D0461130076CDE3 /* Debug */ = {
			isa = XCBuildConfiguration;
			buildSettings = {
				ALWAYS_EMBED_SWIFT_STANDARD_LIBRARIES = YES;
				ASSETCATALOG_COMPILER_APPICON_NAME = AppIcon;
				CLANG_ALLOW_NON_MODULAR_INCLUDES_IN_FRAMEWORK_MODULES = NO;
				CODE_SIGN_ENTITLEMENTS = MixpanelDemo/MixpanelDemo.entitlements;
				"CODE_SIGN_IDENTITY[sdk=iphoneos*]" = "iPhone Developer";
				DEFINES_MODULE = YES;
				DEVELOPMENT_TEAM = E8FVX7QLET;
				INFOPLIST_FILE = MixpanelDemo/Info.plist;
				IPHONEOS_DEPLOYMENT_TARGET = 8.0;
				LD_RUNPATH_SEARCH_PATHS = "$(inherited) @executable_path/Frameworks";
				LIBRARY_SEARCH_PATHS = "$(SRCROOT)/../Mixpanel";
				PRODUCT_BUNDLE_IDENTIFIER = com.mixpanel.swiftsdkdemo;
				PRODUCT_NAME = "$(TARGET_NAME)";
				PROVISIONING_PROFILE = "360196ea-537a-422b-bbdc-8491973cc49b";
				PROVISIONING_PROFILE_SPECIFIER = "Swift SDK Demo Dev";
				SWIFT_VERSION = 3.0;
				TARGETED_DEVICE_FAMILY = 1;
			};
			name = Debug;
		};
		E15FF7F21D0461130076CDE3 /* Release */ = {
			isa = XCBuildConfiguration;
			buildSettings = {
				ALWAYS_EMBED_SWIFT_STANDARD_LIBRARIES = YES;
				ASSETCATALOG_COMPILER_APPICON_NAME = AppIcon;
				CLANG_ALLOW_NON_MODULAR_INCLUDES_IN_FRAMEWORK_MODULES = NO;
				CODE_SIGN_ENTITLEMENTS = MixpanelDemo/MixpanelDemo.entitlements;
				"CODE_SIGN_IDENTITY[sdk=iphoneos*]" = "iPhone Distribution";
				DEFINES_MODULE = YES;
				DEVELOPMENT_TEAM = E8FVX7QLET;
				INFOPLIST_FILE = MixpanelDemo/Info.plist;
				IPHONEOS_DEPLOYMENT_TARGET = 8.0;
				LD_RUNPATH_SEARCH_PATHS = "$(inherited) @executable_path/Frameworks";
				LIBRARY_SEARCH_PATHS = "$(SRCROOT)/../Mixpanel";
				PRODUCT_BUNDLE_IDENTIFIER = com.mixpanel.swiftsdkdemo;
				PRODUCT_NAME = "$(TARGET_NAME)";
				PROVISIONING_PROFILE = "8dbb1e46-8e7c-46d1-ab89-5eaf0d900313";
				PROVISIONING_PROFILE_SPECIFIER = "Swift SDK Demo Dist";
				SWIFT_OPTIMIZATION_LEVEL = "-Owholemodule";
				SWIFT_VERSION = 3.0;
				TARGETED_DEVICE_FAMILY = 1;
			};
			name = Release;
		};
		E15FF7F41D0461130076CDE3 /* Debug */ = {
			isa = XCBuildConfiguration;
			baseConfigurationReference = 9233A000BB35A654EEC9A9D6 /* Pods-MixpanelDemoTests.debug.xcconfig */;
			buildSettings = {
				ALWAYS_EMBED_SWIFT_STANDARD_LIBRARIES = YES;
				BUNDLE_LOADER = "$(TEST_HOST)";
				CLANG_ENABLE_MODULES = YES;
				GCC_PREPROCESSOR_DEFINITIONS = (
					"$(inherited)",
					"COCOAPODS=1",
				);
				INFOPLIST_FILE = MixpanelDemoTests/Info.plist;
				LD_RUNPATH_SEARCH_PATHS = "$(inherited) @executable_path/Frameworks @loader_path/Frameworks";
				LIBRARY_SEARCH_PATHS = "$(SRCROOT)/../Mixpanel";
				PRODUCT_BUNDLE_IDENTIFIER = com.mixpanel.MixpanelDemoTests;
				PRODUCT_NAME = "$(TARGET_NAME)";
				SWIFT_OBJC_BRIDGING_HEADER = "";
				SWIFT_OPTIMIZATION_LEVEL = "-Onone";
				SWIFT_VERSION = 3.0;
				TEST_HOST = "$(BUILT_PRODUCTS_DIR)/MixpanelDemo.app/MixpanelDemo";
			};
			name = Debug;
		};
		E15FF7F51D0461130076CDE3 /* Release */ = {
			isa = XCBuildConfiguration;
			baseConfigurationReference = 5609994314AFCE2B8FF1705B /* Pods-MixpanelDemoTests.release.xcconfig */;
			buildSettings = {
				ALWAYS_EMBED_SWIFT_STANDARD_LIBRARIES = YES;
				BUNDLE_LOADER = "$(TEST_HOST)";
				CLANG_ENABLE_MODULES = YES;
				INFOPLIST_FILE = MixpanelDemoTests/Info.plist;
				LD_RUNPATH_SEARCH_PATHS = "$(inherited) @executable_path/Frameworks @loader_path/Frameworks";
				LIBRARY_SEARCH_PATHS = "$(SRCROOT)/../Mixpanel";
				PRODUCT_BUNDLE_IDENTIFIER = com.mixpanel.MixpanelDemoTests;
				PRODUCT_NAME = "$(TARGET_NAME)";
				SWIFT_OBJC_BRIDGING_HEADER = "";
				SWIFT_OPTIMIZATION_LEVEL = "-Owholemodule";
				SWIFT_VERSION = 3.0;
				TEST_HOST = "$(BUILT_PRODUCTS_DIR)/MixpanelDemo.app/MixpanelDemo";
			};
			name = Release;
		};
/* End XCBuildConfiguration section */

/* Begin XCConfigurationList section */
		E15FF7CE1D0461130076CDE3 /* Build configuration list for PBXProject "MixpanelDemo" */ = {
			isa = XCConfigurationList;
			buildConfigurations = (
				E15FF7EE1D0461130076CDE3 /* Debug */,
				E15FF7EF1D0461130076CDE3 /* Release */,
			);
			defaultConfigurationIsVisible = 0;
			defaultConfigurationName = Release;
		};
		E15FF7F01D0461130076CDE3 /* Build configuration list for PBXNativeTarget "MixpanelDemo" */ = {
			isa = XCConfigurationList;
			buildConfigurations = (
				E15FF7F11D0461130076CDE3 /* Debug */,
				E15FF7F21D0461130076CDE3 /* Release */,
			);
			defaultConfigurationIsVisible = 0;
			defaultConfigurationName = Release;
		};
		E15FF7F31D0461130076CDE3 /* Build configuration list for PBXNativeTarget "MixpanelDemoTests" */ = {
			isa = XCConfigurationList;
			buildConfigurations = (
				E15FF7F41D0461130076CDE3 /* Debug */,
				E15FF7F51D0461130076CDE3 /* Release */,
			);
			defaultConfigurationIsVisible = 0;
			defaultConfigurationName = Release;
		};
/* End XCConfigurationList section */
	};
	rootObject = E15FF7CB1D0461130076CDE3 /* Project object */;
}
