// !$*UTF8*$!
{
	archiveVersion = 1;
	classes = {
	};
	objectVersion = 52;
	objects = {

/* Begin PBXBuildFile section */
		021F142821B8EA1313088AB6 /* Pods_MixpanelDemoTests.framework in Frameworks */ = {isa = PBXBuildFile; fileRef = 37433CF0620BC6A0A5EFC541 /* Pods_MixpanelDemoTests.framework */; };
		05D4C3E2222E1C6800D30FC2 /* SelectorEvaluaterTests.swift in Sources */ = {isa = PBXBuildFile; fileRef = 05D4C3E1222E1C6800D30FC2 /* SelectorEvaluaterTests.swift */; };
		05D4C3E82230A8AD00D30FC2 /* InAppNotificationTest.swift in Sources */ = {isa = PBXBuildFile; fileRef = 05D4C3E72230A8AD00D30FC2 /* InAppNotificationTest.swift */; };
		51DD568A1D3077390045D3DB /* LoggerTests.swift in Sources */ = {isa = PBXBuildFile; fileRef = 51DD56891D3077390045D3DB /* LoggerTests.swift */; };
		60AF351F23D7CC4400F00724 /* Mixpanel.framework in Frameworks */ = {isa = PBXBuildFile; fileRef = E15FF7FB1D0461BC0076CDE3 /* Mixpanel.framework */; };
		60CB587123D77F9200F1632B /* LoginViewController.swift in Sources */ = {isa = PBXBuildFile; fileRef = 60CB587023D77F9200F1632B /* LoginViewController.swift */; };
		60DDD14A23D39621004F7CBB /* NotificationService.swift in Sources */ = {isa = PBXBuildFile; fileRef = 60DDD14923D39620004F7CBB /* NotificationService.swift */; };
		60DDD14E23D39621004F7CBB /* NotificationServiceExtension.appex in Embed App Extensions */ = {isa = PBXBuildFile; fileRef = 60DDD14723D39620004F7CBB /* NotificationServiceExtension.appex */; settings = {ATTRIBUTES = (RemoveHeadersOnCopy, ); }; };
		671EECAF21432E5F006DD9FA /* GroupsViewController.swift in Sources */ = {isa = PBXBuildFile; fileRef = 671EECAE21432E5F006DD9FA /* GroupsViewController.swift */; };
		673ABE4321405A0500B1784B /* MixpanelGroupTests.swift in Sources */ = {isa = PBXBuildFile; fileRef = 673ABE4221405A0500B1784B /* MixpanelGroupTests.swift */; };
		860BE3132072B85D00C12F18 /* CoreTelephony.framework in Frameworks */ = {isa = PBXBuildFile; fileRef = 860BE30F2072B83E00C12F18 /* CoreTelephony.framework */; };
		860BE3712076FBCC00C12F18 /* GDPRViewController.swift in Sources */ = {isa = PBXBuildFile; fileRef = 860BE3702076FBCC00C12F18 /* GDPRViewController.swift */; };
		862773E3206B3B1D00CBE79E /* MixpanelOptOutTests.swift in Sources */ = {isa = PBXBuildFile; fileRef = 862773E2206B3B1D00CBE79E /* MixpanelOptOutTests.swift */; };
		86F86E8F22440C5D00B69832 /* Interface.storyboard in Resources */ = {isa = PBXBuildFile; fileRef = 86F86E8D22440C5C00B69832 /* Interface.storyboard */; };
		86F86E9122440C5F00B69832 /* Assets.xcassets in Resources */ = {isa = PBXBuildFile; fileRef = 86F86E9022440C5F00B69832 /* Assets.xcassets */; };
		86F86E9822440C5F00B69832 /* MixpanelDemoWatch Extension.appex in Embed App Extensions */ = {isa = PBXBuildFile; fileRef = 86F86E9722440C5F00B69832 /* MixpanelDemoWatch Extension.appex */; settings = {ATTRIBUTES = (RemoveHeadersOnCopy, ); }; };
		86F86E9D22440C5F00B69832 /* InterfaceController.swift in Sources */ = {isa = PBXBuildFile; fileRef = 86F86E9C22440C5F00B69832 /* InterfaceController.swift */; };
		86F86E9F22440C5F00B69832 /* ExtensionDelegate.swift in Sources */ = {isa = PBXBuildFile; fileRef = 86F86E9E22440C5F00B69832 /* ExtensionDelegate.swift */; };
		86F86EA122440C5F00B69832 /* NotificationController.swift in Sources */ = {isa = PBXBuildFile; fileRef = 86F86EA022440C5F00B69832 /* NotificationController.swift */; };
		86F86EA322440C6000B69832 /* Assets.xcassets in Resources */ = {isa = PBXBuildFile; fileRef = 86F86EA222440C6000B69832 /* Assets.xcassets */; };
		86F86EA822440C6000B69832 /* MixpanelDemoWatch.app in Embed Watch Content */ = {isa = PBXBuildFile; fileRef = 86F86E8B22440C5C00B69832 /* MixpanelDemoWatch.app */; platformFilter = ios; };
		86F86ECC22443D8B00B69832 /* Mixpanel.framework in Frameworks */ = {isa = PBXBuildFile; fileRef = 86F86EB122440C6000B69832 /* Mixpanel.framework */; };
		86F86ECD22443D8B00B69832 /* Mixpanel.framework in Embed Frameworks */ = {isa = PBXBuildFile; fileRef = 86F86EB122440C6000B69832 /* Mixpanel.framework */; settings = {ATTRIBUTES = (CodeSignOnCopy, RemoveHeadersOnCopy, ); }; };
		86F86F0422460B3000B69832 /* AppDelegate.swift in Sources */ = {isa = PBXBuildFile; fileRef = 86F86F0322460B3000B69832 /* AppDelegate.swift */; };
		86F86F0622460B3000B69832 /* ViewController.swift in Sources */ = {isa = PBXBuildFile; fileRef = 86F86F0522460B3000B69832 /* ViewController.swift */; };
		86F86F0922460B3000B69832 /* Main.storyboard in Resources */ = {isa = PBXBuildFile; fileRef = 86F86F0722460B3000B69832 /* Main.storyboard */; };
		86F86F0B22460B3200B69832 /* Assets.xcassets in Resources */ = {isa = PBXBuildFile; fileRef = 86F86F0A22460B3200B69832 /* Assets.xcassets */; };
		86F86F1622460B3200B69832 /* MixpanelDemoTVTests.swift in Sources */ = {isa = PBXBuildFile; fileRef = 86F86F1522460B3200B69832 /* MixpanelDemoTVTests.swift */; };
		86F86F2122460B3300B69832 /* MixpanelDemoTVUITests.swift in Sources */ = {isa = PBXBuildFile; fileRef = 86F86F2022460B3300B69832 /* MixpanelDemoTVUITests.swift */; };
		86F86F2E22460B4F00B69832 /* Mixpanel.framework in Frameworks */ = {isa = PBXBuildFile; fileRef = E16C35E41D872045003500AC /* Mixpanel.framework */; };
		86F86F2F22460B4F00B69832 /* Mixpanel.framework in Embed Frameworks */ = {isa = PBXBuildFile; fileRef = E16C35E41D872045003500AC /* Mixpanel.framework */; settings = {ATTRIBUTES = (CodeSignOnCopy, RemoveHeadersOnCopy, ); }; };
		E1016E361D3D46DF00075BB7 /* ActionCompleteViewController.swift in Sources */ = {isa = PBXBuildFile; fileRef = E1016E351D3D46DF00075BB7 /* ActionCompleteViewController.swift */; };
		E12406201D249B2500383635 /* MixpanelBaseTests.swift in Sources */ = {isa = PBXBuildFile; fileRef = E124061F1D249B2500383635 /* MixpanelBaseTests.swift */; };
		E12BD0371D89FE6A008989C9 /* MixpanelCodelessTests.swift in Sources */ = {isa = PBXBuildFile; fileRef = E12BD0361D89FE6A008989C9 /* MixpanelCodelessTests.swift */; };
		E12BD03D1D8A14F3008989C9 /* Assets.xcassets in Resources */ = {isa = PBXBuildFile; fileRef = E12BD03C1D8A14F3008989C9 /* Assets.xcassets */; };
		E131C43C1DB56B1000FAEE37 /* MixpanelABTestingTests.swift in Sources */ = {isa = PBXBuildFile; fileRef = E131C43B1DB56B1000FAEE37 /* MixpanelABTestingTests.swift */; };
		E131C4401DB5A2FE00FAEE37 /* test_decide_response_2.json in Resources */ = {isa = PBXBuildFile; fileRef = E131C43E1DB5A2FE00FAEE37 /* test_decide_response_2.json */; };
		E131C4411DB5A2FE00FAEE37 /* test_decide_response.json in Resources */ = {isa = PBXBuildFile; fileRef = E131C43F1DB5A2FE00FAEE37 /* test_decide_response.json */; };
		E131C4431DB5A30B00FAEE37 /* test_variant.json in Resources */ = {isa = PBXBuildFile; fileRef = E131C4421DB5A30B00FAEE37 /* test_variant.json */; };
		E131C4451DB5AE8200FAEE37 /* checkerboard.jpg in Resources */ = {isa = PBXBuildFile; fileRef = E131C4441DB5AE8200FAEE37 /* checkerboard.jpg */; };
		E146F1941D398D0A00D75B49 /* TrackingViewController.swift in Sources */ = {isa = PBXBuildFile; fileRef = E146F1931D398D0A00D75B49 /* TrackingViewController.swift */; };
		E146F1961D398D1600D75B49 /* PeopleViewController.swift in Sources */ = {isa = PBXBuildFile; fileRef = E146F1951D398D1600D75B49 /* PeopleViewController.swift */; };
		E146F19A1D399AF300D75B49 /* UtilityViewController.swift in Sources */ = {isa = PBXBuildFile; fileRef = E146F1991D399AF300D75B49 /* UtilityViewController.swift */; };
		E15FF7D71D0461130076CDE3 /* AppDelegate.swift in Sources */ = {isa = PBXBuildFile; fileRef = E15FF7D61D0461130076CDE3 /* AppDelegate.swift */; };
		E15FF7DC1D0461130076CDE3 /* Main.storyboard in Resources */ = {isa = PBXBuildFile; fileRef = E15FF7DA1D0461130076CDE3 /* Main.storyboard */; };
		E15FF7DE1D0461130076CDE3 /* Assets.xcassets in Resources */ = {isa = PBXBuildFile; fileRef = E15FF7DD1D0461130076CDE3 /* Assets.xcassets */; };
		E15FF7E11D0461130076CDE3 /* LaunchScreen.storyboard in Resources */ = {isa = PBXBuildFile; fileRef = E15FF7DF1D0461130076CDE3 /* LaunchScreen.storyboard */; };
		E15FF7EC1D0461130076CDE3 /* MixpanelDemoTests.swift in Sources */ = {isa = PBXBuildFile; fileRef = E15FF7EB1D0461130076CDE3 /* MixpanelDemoTests.swift */; };
		E15FF7FC1D0461D70076CDE3 /* Mixpanel.framework in Frameworks */ = {isa = PBXBuildFile; fileRef = E15FF7FB1D0461BC0076CDE3 /* Mixpanel.framework */; };
		E15FF7FD1D0461D70076CDE3 /* Mixpanel.framework in Embed Frameworks */ = {isa = PBXBuildFile; fileRef = E15FF7FB1D0461BC0076CDE3 /* Mixpanel.framework */; settings = {ATTRIBUTES = (CodeSignOnCopy, RemoveHeadersOnCopy, ); }; };
		E16C35E11D872044003500AC /* CodelessPlaygroundViewController.swift in Sources */ = {isa = PBXBuildFile; fileRef = E16C35E01D872044003500AC /* CodelessPlaygroundViewController.swift */; };
		E17AA05E1EC6234E0066EFE8 /* MixpanelAutomaticEventsTests.swift in Sources */ = {isa = PBXBuildFile; fileRef = E17AA05D1EC6234E0066EFE8 /* MixpanelAutomaticEventsTests.swift */; };
		E1C61EBA1D22F6470056C56C /* MixpanelPeopleTests.swift in Sources */ = {isa = PBXBuildFile; fileRef = E1C61EB91D22F6470056C56C /* MixpanelPeopleTests.swift */; };
		E1C61EBE1D22F9F60056C56C /* TestConstants.swift in Sources */ = {isa = PBXBuildFile; fileRef = E1C61EBD1D22F9F60056C56C /* TestConstants.swift */; };
		E1C8F50C1EC244E90089C537 /* StoreKit.framework in Frameworks */ = {isa = PBXBuildFile; fileRef = E1C8F50B1EC244E90089C537 /* StoreKit.framework */; };
		E1E8F8B01D626BE80081295D /* MixpanelNotificationTests.swift in Sources */ = {isa = PBXBuildFile; fileRef = E1E8F8AF1D626BE80081295D /* MixpanelNotificationTests.swift */; };
/* End PBXBuildFile section */

/* Begin PBXContainerItemProxy section */
		60DDD14C23D39621004F7CBB /* PBXContainerItemProxy */ = {
			isa = PBXContainerItemProxy;
			containerPortal = E15FF7CB1D0461130076CDE3 /* Project object */;
			proxyType = 1;
			remoteGlobalIDString = 60DDD14623D39620004F7CBB;
			remoteInfo = NotificationServiceExtension;
		};
		86F86E9922440C5F00B69832 /* PBXContainerItemProxy */ = {
			isa = PBXContainerItemProxy;
			containerPortal = E15FF7CB1D0461130076CDE3 /* Project object */;
			proxyType = 1;
			remoteGlobalIDString = 86F86E9622440C5F00B69832;
			remoteInfo = "MixpanelDemoWatch Extension";
		};
		86F86EA622440C6000B69832 /* PBXContainerItemProxy */ = {
			isa = PBXContainerItemProxy;
			containerPortal = E15FF7CB1D0461130076CDE3 /* Project object */;
			proxyType = 1;
			remoteGlobalIDString = 86F86E8A22440C5C00B69832;
			remoteInfo = MixpanelDemoWatch;
		};
		86F86EB022440C6000B69832 /* PBXContainerItemProxy */ = {
			isa = PBXContainerItemProxy;
			containerPortal = E15FF7F61D0461BC0076CDE3 /* Mixpanel.xcodeproj */;
			proxyType = 2;
			remoteGlobalIDString = 86F86E81224404BD00B69832;
			remoteInfo = Mixpanel_watchOS;
		};
		86F86ECE22443D8B00B69832 /* PBXContainerItemProxy */ = {
			isa = PBXContainerItemProxy;
			containerPortal = E15FF7F61D0461BC0076CDE3 /* Mixpanel.xcodeproj */;
			proxyType = 1;
			remoteGlobalIDString = 86F86E80224404BD00B69832;
			remoteInfo = Mixpanel_watchOS;
		};
		86F86F1222460B3200B69832 /* PBXContainerItemProxy */ = {
			isa = PBXContainerItemProxy;
			containerPortal = E15FF7CB1D0461130076CDE3 /* Project object */;
			proxyType = 1;
			remoteGlobalIDString = 86F86F0022460B3000B69832;
			remoteInfo = MixpanelDemoTV;
		};
		86F86F1D22460B3200B69832 /* PBXContainerItemProxy */ = {
			isa = PBXContainerItemProxy;
			containerPortal = E15FF7CB1D0461130076CDE3 /* Project object */;
			proxyType = 1;
			remoteGlobalIDString = 86F86F0022460B3000B69832;
			remoteInfo = MixpanelDemoTV;
		};
		86F86F3022460B4F00B69832 /* PBXContainerItemProxy */ = {
			isa = PBXContainerItemProxy;
			containerPortal = E15FF7F61D0461BC0076CDE3 /* Mixpanel.xcodeproj */;
			proxyType = 1;
			remoteGlobalIDString = E12782B21D4AB4B30025FB05;
			remoteInfo = Mixpanel_tvOS;
		};
		E12CE4151E9E1C370023AA2D /* PBXContainerItemProxy */ = {
			isa = PBXContainerItemProxy;
			containerPortal = E15FF7F61D0461BC0076CDE3 /* Mixpanel.xcodeproj */;
			proxyType = 2;
			remoteGlobalIDString = E1F15FC91E64A10700391AE3;
			remoteInfo = Mixpanel_macOS;
		};
		E15FF7E81D0461130076CDE3 /* PBXContainerItemProxy */ = {
			isa = PBXContainerItemProxy;
			containerPortal = E15FF7CB1D0461130076CDE3 /* Project object */;
			proxyType = 1;
			remoteGlobalIDString = E15FF7D21D0461130076CDE3;
			remoteInfo = MixpanelDemo;
		};
		E15FF7FA1D0461BC0076CDE3 /* PBXContainerItemProxy */ = {
			isa = PBXContainerItemProxy;
			containerPortal = E15FF7F61D0461BC0076CDE3 /* Mixpanel.xcodeproj */;
			proxyType = 2;
			remoteGlobalIDString = E115947D1CFF1491007F8B4F;
			remoteInfo = Mixpanel;
		};
		E15FF7FE1D0461D70076CDE3 /* PBXContainerItemProxy */ = {
			isa = PBXContainerItemProxy;
			containerPortal = E15FF7F61D0461BC0076CDE3 /* Mixpanel.xcodeproj */;
			proxyType = 1;
			remoteGlobalIDString = E115947C1CFF1491007F8B4F;
			remoteInfo = Mixpanel;
		};
		E16C35E31D872045003500AC /* PBXContainerItemProxy */ = {
			isa = PBXContainerItemProxy;
			containerPortal = E15FF7F61D0461BC0076CDE3 /* Mixpanel.xcodeproj */;
			proxyType = 2;
			remoteGlobalIDString = E12782B31D4AB4B30025FB05;
			remoteInfo = Mixpanel_tvOS;
		};
/* End PBXContainerItemProxy section */

/* Begin PBXCopyFilesBuildPhase section */
		60DDD15223D39621004F7CBB /* Embed App Extensions */ = {
			isa = PBXCopyFilesBuildPhase;
			buildActionMask = 2147483647;
			dstPath = "";
			dstSubfolderSpec = 13;
			files = (
				60DDD14E23D39621004F7CBB /* NotificationServiceExtension.appex in Embed App Extensions */,
			);
			name = "Embed App Extensions";
			runOnlyForDeploymentPostprocessing = 0;
		};
		86F86EB322440C6000B69832 /* Embed App Extensions */ = {
			isa = PBXCopyFilesBuildPhase;
			buildActionMask = 2147483647;
			dstPath = "";
			dstSubfolderSpec = 13;
			files = (
				86F86E9822440C5F00B69832 /* MixpanelDemoWatch Extension.appex in Embed App Extensions */,
			);
			name = "Embed App Extensions";
			runOnlyForDeploymentPostprocessing = 0;
		};
		86F86EB522440C6000B69832 /* Embed Watch Content */ = {
			isa = PBXCopyFilesBuildPhase;
			buildActionMask = 2147483647;
			dstPath = "$(CONTENTS_FOLDER_PATH)/Watch";
			dstSubfolderSpec = 16;
			files = (
				86F86EA822440C6000B69832 /* MixpanelDemoWatch.app in Embed Watch Content */,
			);
			name = "Embed Watch Content";
			runOnlyForDeploymentPostprocessing = 0;
		};
		86F86ED022443D8B00B69832 /* Embed Frameworks */ = {
			isa = PBXCopyFilesBuildPhase;
			buildActionMask = 2147483647;
			dstPath = "";
			dstSubfolderSpec = 10;
			files = (
				86F86ECD22443D8B00B69832 /* Mixpanel.framework in Embed Frameworks */,
			);
			name = "Embed Frameworks";
			runOnlyForDeploymentPostprocessing = 0;
		};
		86F86F3222460B4F00B69832 /* Embed Frameworks */ = {
			isa = PBXCopyFilesBuildPhase;
			buildActionMask = 2147483647;
			dstPath = "";
			dstSubfolderSpec = 10;
			files = (
				86F86F2F22460B4F00B69832 /* Mixpanel.framework in Embed Frameworks */,
			);
			name = "Embed Frameworks";
			runOnlyForDeploymentPostprocessing = 0;
		};
		E15FF8001D0461D70076CDE3 /* Embed Frameworks */ = {
			isa = PBXCopyFilesBuildPhase;
			buildActionMask = 2147483647;
			dstPath = "";
			dstSubfolderSpec = 10;
			files = (
				E15FF7FD1D0461D70076CDE3 /* Mixpanel.framework in Embed Frameworks */,
			);
			name = "Embed Frameworks";
			runOnlyForDeploymentPostprocessing = 0;
		};
/* End PBXCopyFilesBuildPhase section */

/* Begin PBXFileReference section */
		05D4C3E1222E1C6800D30FC2 /* SelectorEvaluaterTests.swift */ = {isa = PBXFileReference; lastKnownFileType = sourcecode.swift; path = SelectorEvaluaterTests.swift; sourceTree = "<group>"; };
		05D4C3E72230A8AD00D30FC2 /* InAppNotificationTest.swift */ = {isa = PBXFileReference; lastKnownFileType = sourcecode.swift; path = InAppNotificationTest.swift; sourceTree = "<group>"; };
		37433CF0620BC6A0A5EFC541 /* Pods_MixpanelDemoTests.framework */ = {isa = PBXFileReference; explicitFileType = wrapper.framework; includeInIndex = 0; path = Pods_MixpanelDemoTests.framework; sourceTree = BUILT_PRODUCTS_DIR; };
		51DD56891D3077390045D3DB /* LoggerTests.swift */ = {isa = PBXFileReference; fileEncoding = 4; lastKnownFileType = sourcecode.swift; path = LoggerTests.swift; sourceTree = "<group>"; };
		5609994314AFCE2B8FF1705B /* Pods-MixpanelDemoTests.release.xcconfig */ = {isa = PBXFileReference; includeInIndex = 1; lastKnownFileType = text.xcconfig; name = "Pods-MixpanelDemoTests.release.xcconfig"; path = "Pods/Target Support Files/Pods-MixpanelDemoTests/Pods-MixpanelDemoTests.release.xcconfig"; sourceTree = "<group>"; };
		60CB587023D77F9200F1632B /* LoginViewController.swift */ = {isa = PBXFileReference; lastKnownFileType = sourcecode.swift; path = LoginViewController.swift; sourceTree = "<group>"; };
		60DDD14723D39620004F7CBB /* NotificationServiceExtension.appex */ = {isa = PBXFileReference; explicitFileType = "wrapper.app-extension"; includeInIndex = 0; path = NotificationServiceExtension.appex; sourceTree = BUILT_PRODUCTS_DIR; };
		60DDD14923D39620004F7CBB /* NotificationService.swift */ = {isa = PBXFileReference; lastKnownFileType = sourcecode.swift; path = NotificationService.swift; sourceTree = "<group>"; };
		60DDD14B23D39621004F7CBB /* Info.plist */ = {isa = PBXFileReference; lastKnownFileType = text.plist.xml; path = Info.plist; sourceTree = "<group>"; };
		671EECAE21432E5F006DD9FA /* GroupsViewController.swift */ = {isa = PBXFileReference; fileEncoding = 4; lastKnownFileType = sourcecode.swift; path = GroupsViewController.swift; sourceTree = "<group>"; };
		673ABE4221405A0500B1784B /* MixpanelGroupTests.swift */ = {isa = PBXFileReference; fileEncoding = 4; lastKnownFileType = sourcecode.swift; path = MixpanelGroupTests.swift; sourceTree = "<group>"; };
		860BE30F2072B83E00C12F18 /* CoreTelephony.framework */ = {isa = PBXFileReference; lastKnownFileType = wrapper.framework; name = CoreTelephony.framework; path = System/Library/Frameworks/CoreTelephony.framework; sourceTree = SDKROOT; };
		860BE3702076FBCC00C12F18 /* GDPRViewController.swift */ = {isa = PBXFileReference; lastKnownFileType = sourcecode.swift; path = GDPRViewController.swift; sourceTree = "<group>"; };
		862773E2206B3B1D00CBE79E /* MixpanelOptOutTests.swift */ = {isa = PBXFileReference; lastKnownFileType = sourcecode.swift; path = MixpanelOptOutTests.swift; sourceTree = "<group>"; };
		8684BBDF244E643100A4FD98 /* NotificationServiceExtension.entitlements */ = {isa = PBXFileReference; lastKnownFileType = text.plist.entitlements; path = NotificationServiceExtension.entitlements; sourceTree = "<group>"; };
		86F86E8B22440C5C00B69832 /* MixpanelDemoWatch.app */ = {isa = PBXFileReference; explicitFileType = wrapper.application; includeInIndex = 0; path = MixpanelDemoWatch.app; sourceTree = BUILT_PRODUCTS_DIR; };
		86F86E8E22440C5C00B69832 /* Base */ = {isa = PBXFileReference; lastKnownFileType = file.storyboard; name = Base; path = Base.lproj/Interface.storyboard; sourceTree = "<group>"; };
		86F86E9022440C5F00B69832 /* Assets.xcassets */ = {isa = PBXFileReference; lastKnownFileType = folder.assetcatalog; path = Assets.xcassets; sourceTree = "<group>"; };
		86F86E9222440C5F00B69832 /* Info.plist */ = {isa = PBXFileReference; lastKnownFileType = text.plist.xml; path = Info.plist; sourceTree = "<group>"; };
		86F86E9722440C5F00B69832 /* MixpanelDemoWatch Extension.appex */ = {isa = PBXFileReference; explicitFileType = "wrapper.app-extension"; includeInIndex = 0; path = "MixpanelDemoWatch Extension.appex"; sourceTree = BUILT_PRODUCTS_DIR; };
		86F86E9C22440C5F00B69832 /* InterfaceController.swift */ = {isa = PBXFileReference; lastKnownFileType = sourcecode.swift; path = InterfaceController.swift; sourceTree = "<group>"; };
		86F86E9E22440C5F00B69832 /* ExtensionDelegate.swift */ = {isa = PBXFileReference; lastKnownFileType = sourcecode.swift; path = ExtensionDelegate.swift; sourceTree = "<group>"; };
		86F86EA022440C5F00B69832 /* NotificationController.swift */ = {isa = PBXFileReference; lastKnownFileType = sourcecode.swift; path = NotificationController.swift; sourceTree = "<group>"; };
		86F86EA222440C6000B69832 /* Assets.xcassets */ = {isa = PBXFileReference; lastKnownFileType = folder.assetcatalog; path = Assets.xcassets; sourceTree = "<group>"; };
		86F86EA422440C6000B69832 /* Info.plist */ = {isa = PBXFileReference; lastKnownFileType = text.plist.xml; path = Info.plist; sourceTree = "<group>"; };
		86F86EA522440C6000B69832 /* PushNotificationPayload.apns */ = {isa = PBXFileReference; lastKnownFileType = text; path = PushNotificationPayload.apns; sourceTree = "<group>"; };
		86F86F0122460B3000B69832 /* MixpanelDemoTV.app */ = {isa = PBXFileReference; explicitFileType = wrapper.application; includeInIndex = 0; path = MixpanelDemoTV.app; sourceTree = BUILT_PRODUCTS_DIR; };
		86F86F0322460B3000B69832 /* AppDelegate.swift */ = {isa = PBXFileReference; lastKnownFileType = sourcecode.swift; path = AppDelegate.swift; sourceTree = "<group>"; };
		86F86F0522460B3000B69832 /* ViewController.swift */ = {isa = PBXFileReference; lastKnownFileType = sourcecode.swift; path = ViewController.swift; sourceTree = "<group>"; };
		86F86F0822460B3000B69832 /* Base */ = {isa = PBXFileReference; lastKnownFileType = file.storyboard; name = Base; path = Base.lproj/Main.storyboard; sourceTree = "<group>"; };
		86F86F0A22460B3200B69832 /* Assets.xcassets */ = {isa = PBXFileReference; lastKnownFileType = folder.assetcatalog; path = Assets.xcassets; sourceTree = "<group>"; };
		86F86F0C22460B3200B69832 /* Info.plist */ = {isa = PBXFileReference; lastKnownFileType = text.plist.xml; path = Info.plist; sourceTree = "<group>"; };
		86F86F1122460B3200B69832 /* MixpanelDemoTVTests.xctest */ = {isa = PBXFileReference; explicitFileType = wrapper.cfbundle; includeInIndex = 0; path = MixpanelDemoTVTests.xctest; sourceTree = BUILT_PRODUCTS_DIR; };
		86F86F1522460B3200B69832 /* MixpanelDemoTVTests.swift */ = {isa = PBXFileReference; lastKnownFileType = sourcecode.swift; path = MixpanelDemoTVTests.swift; sourceTree = "<group>"; };
		86F86F1722460B3200B69832 /* Info.plist */ = {isa = PBXFileReference; lastKnownFileType = text.plist.xml; path = Info.plist; sourceTree = "<group>"; };
		86F86F1C22460B3200B69832 /* MixpanelDemoTVUITests.xctest */ = {isa = PBXFileReference; explicitFileType = wrapper.cfbundle; includeInIndex = 0; path = MixpanelDemoTVUITests.xctest; sourceTree = BUILT_PRODUCTS_DIR; };
		86F86F2022460B3300B69832 /* MixpanelDemoTVUITests.swift */ = {isa = PBXFileReference; lastKnownFileType = sourcecode.swift; path = MixpanelDemoTVUITests.swift; sourceTree = "<group>"; };
		86F86F2222460B3300B69832 /* Info.plist */ = {isa = PBXFileReference; lastKnownFileType = text.plist.xml; path = Info.plist; sourceTree = "<group>"; };
		9233A000BB35A654EEC9A9D6 /* Pods-MixpanelDemoTests.debug.xcconfig */ = {isa = PBXFileReference; includeInIndex = 1; lastKnownFileType = text.xcconfig; name = "Pods-MixpanelDemoTests.debug.xcconfig"; path = "Pods/Target Support Files/Pods-MixpanelDemoTests/Pods-MixpanelDemoTests.debug.xcconfig"; sourceTree = "<group>"; };
		E1016E351D3D46DF00075BB7 /* ActionCompleteViewController.swift */ = {isa = PBXFileReference; fileEncoding = 4; lastKnownFileType = sourcecode.swift; path = ActionCompleteViewController.swift; sourceTree = "<group>"; };
		E124061F1D249B2500383635 /* MixpanelBaseTests.swift */ = {isa = PBXFileReference; fileEncoding = 4; lastKnownFileType = sourcecode.swift; path = MixpanelBaseTests.swift; sourceTree = "<group>"; };
		E12BD0361D89FE6A008989C9 /* MixpanelCodelessTests.swift */ = {isa = PBXFileReference; fileEncoding = 4; lastKnownFileType = sourcecode.swift; path = MixpanelCodelessTests.swift; sourceTree = "<group>"; };
		E12BD03C1D8A14F3008989C9 /* Assets.xcassets */ = {isa = PBXFileReference; lastKnownFileType = folder.assetcatalog; path = Assets.xcassets; sourceTree = "<group>"; };
		E131C43B1DB56B1000FAEE37 /* MixpanelABTestingTests.swift */ = {isa = PBXFileReference; fileEncoding = 4; lastKnownFileType = sourcecode.swift; path = MixpanelABTestingTests.swift; sourceTree = "<group>"; };
		E131C43E1DB5A2FE00FAEE37 /* test_decide_response_2.json */ = {isa = PBXFileReference; fileEncoding = 4; lastKnownFileType = text.json; path = test_decide_response_2.json; sourceTree = "<group>"; };
		E131C43F1DB5A2FE00FAEE37 /* test_decide_response.json */ = {isa = PBXFileReference; fileEncoding = 4; lastKnownFileType = text.json; path = test_decide_response.json; sourceTree = "<group>"; };
		E131C4421DB5A30B00FAEE37 /* test_variant.json */ = {isa = PBXFileReference; fileEncoding = 4; lastKnownFileType = text.json; path = test_variant.json; sourceTree = "<group>"; };
		E131C4441DB5AE8200FAEE37 /* checkerboard.jpg */ = {isa = PBXFileReference; lastKnownFileType = image.jpeg; path = checkerboard.jpg; sourceTree = "<group>"; };
		E146F1931D398D0A00D75B49 /* TrackingViewController.swift */ = {isa = PBXFileReference; fileEncoding = 4; lastKnownFileType = sourcecode.swift; path = TrackingViewController.swift; sourceTree = "<group>"; };
		E146F1951D398D1600D75B49 /* PeopleViewController.swift */ = {isa = PBXFileReference; fileEncoding = 4; lastKnownFileType = sourcecode.swift; path = PeopleViewController.swift; sourceTree = "<group>"; };
		E146F1991D399AF300D75B49 /* UtilityViewController.swift */ = {isa = PBXFileReference; fileEncoding = 4; lastKnownFileType = sourcecode.swift; path = UtilityViewController.swift; sourceTree = "<group>"; };
		E15FF7D31D0461130076CDE3 /* MixpanelDemo.app */ = {isa = PBXFileReference; explicitFileType = wrapper.application; includeInIndex = 0; path = MixpanelDemo.app; sourceTree = BUILT_PRODUCTS_DIR; };
		E15FF7D61D0461130076CDE3 /* AppDelegate.swift */ = {isa = PBXFileReference; lastKnownFileType = sourcecode.swift; path = AppDelegate.swift; sourceTree = "<group>"; };
		E15FF7DB1D0461130076CDE3 /* Base */ = {isa = PBXFileReference; lastKnownFileType = file.storyboard; name = Base; path = Base.lproj/Main.storyboard; sourceTree = "<group>"; };
		E15FF7DD1D0461130076CDE3 /* Assets.xcassets */ = {isa = PBXFileReference; lastKnownFileType = folder.assetcatalog; path = Assets.xcassets; sourceTree = "<group>"; };
		E15FF7E01D0461130076CDE3 /* Base */ = {isa = PBXFileReference; lastKnownFileType = file.storyboard; name = Base; path = Base.lproj/LaunchScreen.storyboard; sourceTree = "<group>"; };
		E15FF7E21D0461130076CDE3 /* Info.plist */ = {isa = PBXFileReference; lastKnownFileType = text.plist.xml; path = Info.plist; sourceTree = "<group>"; };
		E15FF7E71D0461130076CDE3 /* MixpanelDemoTests.xctest */ = {isa = PBXFileReference; explicitFileType = wrapper.cfbundle; includeInIndex = 0; path = MixpanelDemoTests.xctest; sourceTree = BUILT_PRODUCTS_DIR; };
		E15FF7EB1D0461130076CDE3 /* MixpanelDemoTests.swift */ = {isa = PBXFileReference; lastKnownFileType = sourcecode.swift; path = MixpanelDemoTests.swift; sourceTree = "<group>"; };
		E15FF7ED1D0461130076CDE3 /* Info.plist */ = {isa = PBXFileReference; lastKnownFileType = text.plist.xml; path = Info.plist; sourceTree = "<group>"; };
		E15FF7F61D0461BC0076CDE3 /* Mixpanel.xcodeproj */ = {isa = PBXFileReference; lastKnownFileType = "wrapper.pb-project"; name = Mixpanel.xcodeproj; path = ../Mixpanel.xcodeproj; sourceTree = "<group>"; };
		E16BAEB41D3DB4FC00C442CE /* MixpanelDemo.entitlements */ = {isa = PBXFileReference; lastKnownFileType = text.xml; path = MixpanelDemo.entitlements; sourceTree = "<group>"; };
		E16C35E01D872044003500AC /* CodelessPlaygroundViewController.swift */ = {isa = PBXFileReference; fileEncoding = 4; lastKnownFileType = sourcecode.swift; path = CodelessPlaygroundViewController.swift; sourceTree = "<group>"; };
		E17AA05D1EC6234E0066EFE8 /* MixpanelAutomaticEventsTests.swift */ = {isa = PBXFileReference; fileEncoding = 4; lastKnownFileType = sourcecode.swift; path = MixpanelAutomaticEventsTests.swift; sourceTree = "<group>"; };
		E1C61EB91D22F6470056C56C /* MixpanelPeopleTests.swift */ = {isa = PBXFileReference; fileEncoding = 4; lastKnownFileType = sourcecode.swift; path = MixpanelPeopleTests.swift; sourceTree = "<group>"; };
		E1C61EBD1D22F9F60056C56C /* TestConstants.swift */ = {isa = PBXFileReference; fileEncoding = 4; lastKnownFileType = sourcecode.swift; path = TestConstants.swift; sourceTree = "<group>"; };
		E1C8F50B1EC244E90089C537 /* StoreKit.framework */ = {isa = PBXFileReference; lastKnownFileType = wrapper.framework; name = StoreKit.framework; path = System/Library/Frameworks/StoreKit.framework; sourceTree = SDKROOT; };
		E1E8F8AF1D626BE80081295D /* MixpanelNotificationTests.swift */ = {isa = PBXFileReference; fileEncoding = 4; lastKnownFileType = sourcecode.swift; path = MixpanelNotificationTests.swift; sourceTree = "<group>"; };
/* End PBXFileReference section */

/* Begin PBXFrameworksBuildPhase section */
		60DDD14423D39620004F7CBB /* Frameworks */ = {
			isa = PBXFrameworksBuildPhase;
			buildActionMask = 2147483647;
			files = (
				60AF351F23D7CC4400F00724 /* Mixpanel.framework in Frameworks */,
			);
			runOnlyForDeploymentPostprocessing = 0;
		};
		86F86E9422440C5F00B69832 /* Frameworks */ = {
			isa = PBXFrameworksBuildPhase;
			buildActionMask = 2147483647;
			files = (
				86F86ECC22443D8B00B69832 /* Mixpanel.framework in Frameworks */,
			);
			runOnlyForDeploymentPostprocessing = 0;
		};
		86F86EFE22460B3000B69832 /* Frameworks */ = {
			isa = PBXFrameworksBuildPhase;
			buildActionMask = 2147483647;
			files = (
				86F86F2E22460B4F00B69832 /* Mixpanel.framework in Frameworks */,
			);
			runOnlyForDeploymentPostprocessing = 0;
		};
		86F86F0E22460B3200B69832 /* Frameworks */ = {
			isa = PBXFrameworksBuildPhase;
			buildActionMask = 2147483647;
			files = (
			);
			runOnlyForDeploymentPostprocessing = 0;
		};
		86F86F1922460B3200B69832 /* Frameworks */ = {
			isa = PBXFrameworksBuildPhase;
			buildActionMask = 2147483647;
			files = (
			);
			runOnlyForDeploymentPostprocessing = 0;
		};
		E15FF7D01D0461130076CDE3 /* Frameworks */ = {
			isa = PBXFrameworksBuildPhase;
			buildActionMask = 2147483647;
			files = (
				E15FF7FC1D0461D70076CDE3 /* Mixpanel.framework in Frameworks */,
				E1C8F50C1EC244E90089C537 /* StoreKit.framework in Frameworks */,
			);
			runOnlyForDeploymentPostprocessing = 0;
		};
		E15FF7E41D0461130076CDE3 /* Frameworks */ = {
			isa = PBXFrameworksBuildPhase;
			buildActionMask = 2147483647;
			files = (
				860BE3132072B85D00C12F18 /* CoreTelephony.framework in Frameworks */,
				021F142821B8EA1313088AB6 /* Pods_MixpanelDemoTests.framework in Frameworks */,
			);
			runOnlyForDeploymentPostprocessing = 0;
		};
/* End PBXFrameworksBuildPhase section */

/* Begin PBXGroup section */
		28127E0746D6CC818BA7B834 /* Pods */ = {
			isa = PBXGroup;
			children = (
				9233A000BB35A654EEC9A9D6 /* Pods-MixpanelDemoTests.debug.xcconfig */,
				5609994314AFCE2B8FF1705B /* Pods-MixpanelDemoTests.release.xcconfig */,
			);
			name = Pods;
			sourceTree = "<group>";
		};
		60DDD14823D39620004F7CBB /* NotificationServiceExtension */ = {
			isa = PBXGroup;
			children = (
				8684BBDF244E643100A4FD98 /* NotificationServiceExtension.entitlements */,
				60DDD14923D39620004F7CBB /* NotificationService.swift */,
				60DDD14B23D39621004F7CBB /* Info.plist */,
			);
			path = NotificationServiceExtension;
			sourceTree = "<group>";
		};
		773080F90ECB3A0D67A6E636 /* Frameworks */ = {
			isa = PBXGroup;
			children = (
				860BE30F2072B83E00C12F18 /* CoreTelephony.framework */,
				E1C8F50B1EC244E90089C537 /* StoreKit.framework */,
				37433CF0620BC6A0A5EFC541 /* Pods_MixpanelDemoTests.framework */,
			);
			name = Frameworks;
			sourceTree = "<group>";
		};
		86F86E8C22440C5C00B69832 /* MixpanelDemoWatch */ = {
			isa = PBXGroup;
			children = (
				86F86E8D22440C5C00B69832 /* Interface.storyboard */,
				86F86E9022440C5F00B69832 /* Assets.xcassets */,
				86F86E9222440C5F00B69832 /* Info.plist */,
			);
			path = MixpanelDemoWatch;
			sourceTree = "<group>";
		};
		86F86E9B22440C5F00B69832 /* MixpanelDemoWatch Extension */ = {
			isa = PBXGroup;
			children = (
				86F86E9C22440C5F00B69832 /* InterfaceController.swift */,
				86F86E9E22440C5F00B69832 /* ExtensionDelegate.swift */,
				86F86EA022440C5F00B69832 /* NotificationController.swift */,
				86F86EA222440C6000B69832 /* Assets.xcassets */,
				86F86EA422440C6000B69832 /* Info.plist */,
				86F86EA522440C6000B69832 /* PushNotificationPayload.apns */,
			);
			path = "MixpanelDemoWatch Extension";
			sourceTree = "<group>";
		};
		86F86F0222460B3000B69832 /* MixpanelDemoTV */ = {
			isa = PBXGroup;
			children = (
				86F86F0322460B3000B69832 /* AppDelegate.swift */,
				86F86F0522460B3000B69832 /* ViewController.swift */,
				86F86F0722460B3000B69832 /* Main.storyboard */,
				86F86F0A22460B3200B69832 /* Assets.xcassets */,
				86F86F0C22460B3200B69832 /* Info.plist */,
			);
			path = MixpanelDemoTV;
			sourceTree = "<group>";
		};
		86F86F1422460B3200B69832 /* MixpanelDemoTVTests */ = {
			isa = PBXGroup;
			children = (
				86F86F1522460B3200B69832 /* MixpanelDemoTVTests.swift */,
				86F86F1722460B3200B69832 /* Info.plist */,
			);
			path = MixpanelDemoTVTests;
			sourceTree = "<group>";
		};
		86F86F1F22460B3200B69832 /* MixpanelDemoTVUITests */ = {
			isa = PBXGroup;
			children = (
				86F86F2022460B3300B69832 /* MixpanelDemoTVUITests.swift */,
				86F86F2222460B3300B69832 /* Info.plist */,
			);
			path = MixpanelDemoTVUITests;
			sourceTree = "<group>";
		};
		E12BD03A1D8A14D6008989C9 /* Supporting Files */ = {
			isa = PBXGroup;
			children = (
				E131C4441DB5AE8200FAEE37 /* checkerboard.jpg */,
				E131C4421DB5A30B00FAEE37 /* test_variant.json */,
				E131C43E1DB5A2FE00FAEE37 /* test_decide_response_2.json */,
				E131C43F1DB5A2FE00FAEE37 /* test_decide_response.json */,
				E12BD03C1D8A14F3008989C9 /* Assets.xcassets */,
				E15FF7ED1D0461130076CDE3 /* Info.plist */,
			);
			name = "Supporting Files";
			sourceTree = "<group>";
		};
		E146F1971D398D2D00D75B49 /* Supporting Files */ = {
			isa = PBXGroup;
			children = (
				E15FF7DD1D0461130076CDE3 /* Assets.xcassets */,
				E15FF7DF1D0461130076CDE3 /* LaunchScreen.storyboard */,
				E15FF7E21D0461130076CDE3 /* Info.plist */,
			);
			name = "Supporting Files";
			sourceTree = "<group>";
		};
		E15FF7CA1D0461130076CDE3 = {
			isa = PBXGroup;
			children = (
				E15FF7F61D0461BC0076CDE3 /* Mixpanel.xcodeproj */,
				E15FF7D51D0461130076CDE3 /* MixpanelDemo */,
				E15FF7EA1D0461130076CDE3 /* MixpanelDemoTests */,
				86F86E8C22440C5C00B69832 /* MixpanelDemoWatch */,
				86F86E9B22440C5F00B69832 /* MixpanelDemoWatch Extension */,
				86F86F0222460B3000B69832 /* MixpanelDemoTV */,
				86F86F1422460B3200B69832 /* MixpanelDemoTVTests */,
				86F86F1F22460B3200B69832 /* MixpanelDemoTVUITests */,
				60DDD14823D39620004F7CBB /* NotificationServiceExtension */,
				E15FF7D41D0461130076CDE3 /* Products */,
				28127E0746D6CC818BA7B834 /* Pods */,
				773080F90ECB3A0D67A6E636 /* Frameworks */,
			);
			sourceTree = "<group>";
		};
		E15FF7D41D0461130076CDE3 /* Products */ = {
			isa = PBXGroup;
			children = (
				E15FF7D31D0461130076CDE3 /* MixpanelDemo.app */,
				E15FF7E71D0461130076CDE3 /* MixpanelDemoTests.xctest */,
				86F86E8B22440C5C00B69832 /* MixpanelDemoWatch.app */,
				86F86E9722440C5F00B69832 /* MixpanelDemoWatch Extension.appex */,
				86F86F0122460B3000B69832 /* MixpanelDemoTV.app */,
				86F86F1122460B3200B69832 /* MixpanelDemoTVTests.xctest */,
				86F86F1C22460B3200B69832 /* MixpanelDemoTVUITests.xctest */,
				60DDD14723D39620004F7CBB /* NotificationServiceExtension.appex */,
			);
			name = Products;
			sourceTree = "<group>";
		};
		E15FF7D51D0461130076CDE3 /* MixpanelDemo */ = {
			isa = PBXGroup;
			children = (
				E16BAEB41D3DB4FC00C442CE /* MixpanelDemo.entitlements */,
				E15FF7DA1D0461130076CDE3 /* Main.storyboard */,
				E15FF7D61D0461130076CDE3 /* AppDelegate.swift */,
				E146F1931D398D0A00D75B49 /* TrackingViewController.swift */,
				E146F1951D398D1600D75B49 /* PeopleViewController.swift */,
				671EECAE21432E5F006DD9FA /* GroupsViewController.swift */,
				60CB587023D77F9200F1632B /* LoginViewController.swift */,
				E146F1991D399AF300D75B49 /* UtilityViewController.swift */,
				E1016E351D3D46DF00075BB7 /* ActionCompleteViewController.swift */,
				E16C35E01D872044003500AC /* CodelessPlaygroundViewController.swift */,
				860BE3702076FBCC00C12F18 /* GDPRViewController.swift */,
				E146F1971D398D2D00D75B49 /* Supporting Files */,
			);
			path = MixpanelDemo;
			sourceTree = "<group>";
		};
		E15FF7EA1D0461130076CDE3 /* MixpanelDemoTests */ = {
			isa = PBXGroup;
			children = (
				E124061F1D249B2500383635 /* MixpanelBaseTests.swift */,
				E15FF7EB1D0461130076CDE3 /* MixpanelDemoTests.swift */,
				E1C61EB91D22F6470056C56C /* MixpanelPeopleTests.swift */,
				673ABE4221405A0500B1784B /* MixpanelGroupTests.swift */,
				862773E2206B3B1D00CBE79E /* MixpanelOptOutTests.swift */,
				E1E8F8AF1D626BE80081295D /* MixpanelNotificationTests.swift */,
				E12BD0361D89FE6A008989C9 /* MixpanelCodelessTests.swift */,
				E131C43B1DB56B1000FAEE37 /* MixpanelABTestingTests.swift */,
				E17AA05D1EC6234E0066EFE8 /* MixpanelAutomaticEventsTests.swift */,
				E1C61EBD1D22F9F60056C56C /* TestConstants.swift */,
				51DD56891D3077390045D3DB /* LoggerTests.swift */,
				E12BD03A1D8A14D6008989C9 /* Supporting Files */,
				05D4C3E1222E1C6800D30FC2 /* SelectorEvaluaterTests.swift */,
				05D4C3E72230A8AD00D30FC2 /* InAppNotificationTest.swift */,
			);
			path = MixpanelDemoTests;
			sourceTree = "<group>";
		};
		E15FF7F71D0461BC0076CDE3 /* Products */ = {
			isa = PBXGroup;
			children = (
				E15FF7FB1D0461BC0076CDE3 /* Mixpanel.framework */,
				E16C35E41D872045003500AC /* Mixpanel.framework */,
				E12CE4161E9E1C370023AA2D /* Mixpanel.framework */,
				86F86EB122440C6000B69832 /* Mixpanel.framework */,
			);
			name = Products;
			sourceTree = "<group>";
		};
/* End PBXGroup section */

/* Begin PBXNativeTarget section */
		60DDD14623D39620004F7CBB /* NotificationServiceExtension */ = {
			isa = PBXNativeTarget;
			buildConfigurationList = 60DDD14F23D39621004F7CBB /* Build configuration list for PBXNativeTarget "NotificationServiceExtension" */;
			buildPhases = (
				60DDD14323D39620004F7CBB /* Sources */,
				60DDD14423D39620004F7CBB /* Frameworks */,
				60DDD14523D39620004F7CBB /* Resources */,
			);
			buildRules = (
			);
			dependencies = (
			);
			name = NotificationServiceExtension;
			productName = NotificationServiceExtension;
			productReference = 60DDD14723D39620004F7CBB /* NotificationServiceExtension.appex */;
			productType = "com.apple.product-type.app-extension";
		};
		86F86E8A22440C5C00B69832 /* MixpanelDemoWatch */ = {
			isa = PBXNativeTarget;
			buildConfigurationList = 86F86EB422440C6000B69832 /* Build configuration list for PBXNativeTarget "MixpanelDemoWatch" */;
			buildPhases = (
				86F86E8922440C5C00B69832 /* Resources */,
				86F86EB322440C6000B69832 /* Embed App Extensions */,
			);
			buildRules = (
			);
			dependencies = (
				86F86E9A22440C5F00B69832 /* PBXTargetDependency */,
			);
			name = MixpanelDemoWatch;
			productName = MixpanelDemoWatch;
			productReference = 86F86E8B22440C5C00B69832 /* MixpanelDemoWatch.app */;
			productType = "com.apple.product-type.application.watchapp2";
		};
		86F86E9622440C5F00B69832 /* MixpanelDemoWatch Extension */ = {
			isa = PBXNativeTarget;
			buildConfigurationList = 86F86EB222440C6000B69832 /* Build configuration list for PBXNativeTarget "MixpanelDemoWatch Extension" */;
			buildPhases = (
				86F86E9322440C5F00B69832 /* Sources */,
				86F86E9422440C5F00B69832 /* Frameworks */,
				86F86E9522440C5F00B69832 /* Resources */,
				86F86ED022443D8B00B69832 /* Embed Frameworks */,
			);
			buildRules = (
			);
			dependencies = (
				86F86ECF22443D8B00B69832 /* PBXTargetDependency */,
			);
			name = "MixpanelDemoWatch Extension";
			productName = "MixpanelDemoWatch Extension";
			productReference = 86F86E9722440C5F00B69832 /* MixpanelDemoWatch Extension.appex */;
			productType = "com.apple.product-type.watchkit2-extension";
		};
		86F86F0022460B3000B69832 /* MixpanelDemoTV */ = {
			isa = PBXNativeTarget;
			buildConfigurationList = 86F86F2B22460B3300B69832 /* Build configuration list for PBXNativeTarget "MixpanelDemoTV" */;
			buildPhases = (
				86F86EFD22460B3000B69832 /* Sources */,
				86F86EFE22460B3000B69832 /* Frameworks */,
				86F86EFF22460B3000B69832 /* Resources */,
				86F86F3222460B4F00B69832 /* Embed Frameworks */,
			);
			buildRules = (
			);
			dependencies = (
				86F86F3122460B4F00B69832 /* PBXTargetDependency */,
			);
			name = MixpanelDemoTV;
			productName = MixpanelDemoTV;
			productReference = 86F86F0122460B3000B69832 /* MixpanelDemoTV.app */;
			productType = "com.apple.product-type.application";
		};
		86F86F1022460B3200B69832 /* MixpanelDemoTVTests */ = {
			isa = PBXNativeTarget;
			buildConfigurationList = 86F86F2C22460B3300B69832 /* Build configuration list for PBXNativeTarget "MixpanelDemoTVTests" */;
			buildPhases = (
				86F86F0D22460B3200B69832 /* Sources */,
				86F86F0E22460B3200B69832 /* Frameworks */,
				86F86F0F22460B3200B69832 /* Resources */,
			);
			buildRules = (
			);
			dependencies = (
				86F86F1322460B3200B69832 /* PBXTargetDependency */,
			);
			name = MixpanelDemoTVTests;
			productName = MixpanelDemoTVTests;
			productReference = 86F86F1122460B3200B69832 /* MixpanelDemoTVTests.xctest */;
			productType = "com.apple.product-type.bundle.unit-test";
		};
		86F86F1B22460B3200B69832 /* MixpanelDemoTVUITests */ = {
			isa = PBXNativeTarget;
			buildConfigurationList = 86F86F2D22460B3300B69832 /* Build configuration list for PBXNativeTarget "MixpanelDemoTVUITests" */;
			buildPhases = (
				86F86F1822460B3200B69832 /* Sources */,
				86F86F1922460B3200B69832 /* Frameworks */,
				86F86F1A22460B3200B69832 /* Resources */,
			);
			buildRules = (
			);
			dependencies = (
				86F86F1E22460B3200B69832 /* PBXTargetDependency */,
			);
			name = MixpanelDemoTVUITests;
			productName = MixpanelDemoTVUITests;
			productReference = 86F86F1C22460B3200B69832 /* MixpanelDemoTVUITests.xctest */;
			productType = "com.apple.product-type.bundle.ui-testing";
		};
		E15FF7D21D0461130076CDE3 /* MixpanelDemo */ = {
			isa = PBXNativeTarget;
			buildConfigurationList = E15FF7F01D0461130076CDE3 /* Build configuration list for PBXNativeTarget "MixpanelDemo" */;
			buildPhases = (
				E15FF7CF1D0461130076CDE3 /* Sources */,
				E15FF7D01D0461130076CDE3 /* Frameworks */,
				E15FF7D11D0461130076CDE3 /* Resources */,
				E15FF8001D0461D70076CDE3 /* Embed Frameworks */,
				86F86EB522440C6000B69832 /* Embed Watch Content */,
				60DDD15223D39621004F7CBB /* Embed App Extensions */,
			);
			buildRules = (
			);
			dependencies = (
				E15FF7FF1D0461D70076CDE3 /* PBXTargetDependency */,
				86F86EA722440C6000B69832 /* PBXTargetDependency */,
				60DDD14D23D39621004F7CBB /* PBXTargetDependency */,
			);
			name = MixpanelDemo;
			productName = MixpanelDemo;
			productReference = E15FF7D31D0461130076CDE3 /* MixpanelDemo.app */;
			productType = "com.apple.product-type.application";
		};
		E15FF7E61D0461130076CDE3 /* MixpanelDemoTests */ = {
			isa = PBXNativeTarget;
			buildConfigurationList = E15FF7F31D0461130076CDE3 /* Build configuration list for PBXNativeTarget "MixpanelDemoTests" */;
			buildPhases = (
				122455B428AF758CAE10EE5F /* [CP] Check Pods Manifest.lock */,
				E15FF7E31D0461130076CDE3 /* Sources */,
				E15FF7E41D0461130076CDE3 /* Frameworks */,
				E15FF7E51D0461130076CDE3 /* Resources */,
				23A073632FB9DC26C9B98ABF /* [CP] Embed Pods Frameworks */,
			);
			buildRules = (
			);
			dependencies = (
				E15FF7E91D0461130076CDE3 /* PBXTargetDependency */,
			);
			name = MixpanelDemoTests;
			productName = MixpanelDemoTests;
			productReference = E15FF7E71D0461130076CDE3 /* MixpanelDemoTests.xctest */;
			productType = "com.apple.product-type.bundle.unit-test";
		};
/* End PBXNativeTarget section */

/* Begin PBXProject section */
		E15FF7CB1D0461130076CDE3 /* Project object */ = {
			isa = PBXProject;
			attributes = {
				LastSwiftUpdateCheck = 1120;
				LastUpgradeCheck = 1200;
				ORGANIZATIONNAME = Mixpanel;
				TargetAttributes = {
					60DDD14623D39620004F7CBB = {
						CreatedOnToolsVersion = 11.2;
						DevelopmentTeam = E8FVX7QLET;
						ProvisioningStyle = Automatic;
					};
					86F86E8A22440C5C00B69832 = {
						CreatedOnToolsVersion = 10.1;
						DevelopmentTeam = E8FVX7QLET;
						ProvisioningStyle = Automatic;
					};
					86F86E9622440C5F00B69832 = {
						CreatedOnToolsVersion = 10.1;
						DevelopmentTeam = E8FVX7QLET;
						LastSwiftMigration = 1020;
						ProvisioningStyle = Automatic;
					};
					86F86F0022460B3000B69832 = {
						CreatedOnToolsVersion = 10.1;
						DevelopmentTeam = E8FVX7QLET;
						ProvisioningStyle = Automatic;
					};
					86F86F1022460B3200B69832 = {
						CreatedOnToolsVersion = 10.1;
						DevelopmentTeam = E8FVX7QLET;
						ProvisioningStyle = Automatic;
						TestTargetID = 86F86F0022460B3000B69832;
					};
					86F86F1B22460B3200B69832 = {
						CreatedOnToolsVersion = 10.1;
						DevelopmentTeam = E8FVX7QLET;
						ProvisioningStyle = Automatic;
						TestTargetID = 86F86F0022460B3000B69832;
					};
					E15FF7D21D0461130076CDE3 = {
						CreatedOnToolsVersion = 7.3.1;
						DevelopmentTeam = E8FVX7QLET;
						DevelopmentTeamName = "Mixpanel, Inc.";
						LastSwiftMigration = 1020;
						ProvisioningStyle = Automatic;
						SystemCapabilities = {
							com.apple.ApplePay = {
								enabled = 0;
							};
							com.apple.InAppPurchase = {
								enabled = 1;
							};
							com.apple.Push = {
								enabled = 1;
							};
						};
					};
					E15FF7E61D0461130076CDE3 = {
						CreatedOnToolsVersion = 7.3.1;
						LastSwiftMigration = 1020;
						TestTargetID = E15FF7D21D0461130076CDE3;
					};
				};
			};
			buildConfigurationList = E15FF7CE1D0461130076CDE3 /* Build configuration list for PBXProject "MixpanelDemo" */;
			compatibilityVersion = "Xcode 3.2";
			developmentRegion = en;
			hasScannedForEncodings = 0;
			knownRegions = (
				en,
				Base,
			);
			mainGroup = E15FF7CA1D0461130076CDE3;
			productRefGroup = E15FF7D41D0461130076CDE3 /* Products */;
			projectDirPath = "";
			projectReferences = (
				{
					ProductGroup = E15FF7F71D0461BC0076CDE3 /* Products */;
					ProjectRef = E15FF7F61D0461BC0076CDE3 /* Mixpanel.xcodeproj */;
				},
			);
			projectRoot = "";
			targets = (
				E15FF7D21D0461130076CDE3 /* MixpanelDemo */,
				E15FF7E61D0461130076CDE3 /* MixpanelDemoTests */,
				86F86E8A22440C5C00B69832 /* MixpanelDemoWatch */,
				86F86E9622440C5F00B69832 /* MixpanelDemoWatch Extension */,
				86F86F0022460B3000B69832 /* MixpanelDemoTV */,
				86F86F1022460B3200B69832 /* MixpanelDemoTVTests */,
				86F86F1B22460B3200B69832 /* MixpanelDemoTVUITests */,
				60DDD14623D39620004F7CBB /* NotificationServiceExtension */,
			);
		};
/* End PBXProject section */

/* Begin PBXReferenceProxy section */
		86F86EB122440C6000B69832 /* Mixpanel.framework */ = {
			isa = PBXReferenceProxy;
			fileType = wrapper.framework;
			path = Mixpanel.framework;
			remoteRef = 86F86EB022440C6000B69832 /* PBXContainerItemProxy */;
			sourceTree = BUILT_PRODUCTS_DIR;
		};
		E12CE4161E9E1C370023AA2D /* Mixpanel.framework */ = {
			isa = PBXReferenceProxy;
			fileType = wrapper.framework;
			path = Mixpanel.framework;
			remoteRef = E12CE4151E9E1C370023AA2D /* PBXContainerItemProxy */;
			sourceTree = BUILT_PRODUCTS_DIR;
		};
		E15FF7FB1D0461BC0076CDE3 /* Mixpanel.framework */ = {
			isa = PBXReferenceProxy;
			fileType = wrapper.framework;
			path = Mixpanel.framework;
			remoteRef = E15FF7FA1D0461BC0076CDE3 /* PBXContainerItemProxy */;
			sourceTree = BUILT_PRODUCTS_DIR;
		};
		E16C35E41D872045003500AC /* Mixpanel.framework */ = {
			isa = PBXReferenceProxy;
			fileType = wrapper.framework;
			path = Mixpanel.framework;
			remoteRef = E16C35E31D872045003500AC /* PBXContainerItemProxy */;
			sourceTree = BUILT_PRODUCTS_DIR;
		};
/* End PBXReferenceProxy section */

/* Begin PBXResourcesBuildPhase section */
		60DDD14523D39620004F7CBB /* Resources */ = {
			isa = PBXResourcesBuildPhase;
			buildActionMask = 2147483647;
			files = (
			);
			runOnlyForDeploymentPostprocessing = 0;
		};
		86F86E8922440C5C00B69832 /* Resources */ = {
			isa = PBXResourcesBuildPhase;
			buildActionMask = 2147483647;
			files = (
				86F86E9122440C5F00B69832 /* Assets.xcassets in Resources */,
				86F86E8F22440C5D00B69832 /* Interface.storyboard in Resources */,
			);
			runOnlyForDeploymentPostprocessing = 0;
		};
		86F86E9522440C5F00B69832 /* Resources */ = {
			isa = PBXResourcesBuildPhase;
			buildActionMask = 2147483647;
			files = (
				86F86EA322440C6000B69832 /* Assets.xcassets in Resources */,
			);
			runOnlyForDeploymentPostprocessing = 0;
		};
		86F86EFF22460B3000B69832 /* Resources */ = {
			isa = PBXResourcesBuildPhase;
			buildActionMask = 2147483647;
			files = (
				86F86F0B22460B3200B69832 /* Assets.xcassets in Resources */,
				86F86F0922460B3000B69832 /* Main.storyboard in Resources */,
			);
			runOnlyForDeploymentPostprocessing = 0;
		};
		86F86F0F22460B3200B69832 /* Resources */ = {
			isa = PBXResourcesBuildPhase;
			buildActionMask = 2147483647;
			files = (
			);
			runOnlyForDeploymentPostprocessing = 0;
		};
		86F86F1A22460B3200B69832 /* Resources */ = {
			isa = PBXResourcesBuildPhase;
			buildActionMask = 2147483647;
			files = (
			);
			runOnlyForDeploymentPostprocessing = 0;
		};
		E15FF7D11D0461130076CDE3 /* Resources */ = {
			isa = PBXResourcesBuildPhase;
			buildActionMask = 2147483647;
			files = (
				E15FF7E11D0461130076CDE3 /* LaunchScreen.storyboard in Resources */,
				E15FF7DE1D0461130076CDE3 /* Assets.xcassets in Resources */,
				E15FF7DC1D0461130076CDE3 /* Main.storyboard in Resources */,
			);
			runOnlyForDeploymentPostprocessing = 0;
		};
		E15FF7E51D0461130076CDE3 /* Resources */ = {
			isa = PBXResourcesBuildPhase;
			buildActionMask = 2147483647;
			files = (
				E12BD03D1D8A14F3008989C9 /* Assets.xcassets in Resources */,
				E131C4431DB5A30B00FAEE37 /* test_variant.json in Resources */,
				E131C4401DB5A2FE00FAEE37 /* test_decide_response_2.json in Resources */,
				E131C4451DB5AE8200FAEE37 /* checkerboard.jpg in Resources */,
				E131C4411DB5A2FE00FAEE37 /* test_decide_response.json in Resources */,
			);
			runOnlyForDeploymentPostprocessing = 0;
		};
/* End PBXResourcesBuildPhase section */

/* Begin PBXShellScriptBuildPhase section */
		122455B428AF758CAE10EE5F /* [CP] Check Pods Manifest.lock */ = {
			isa = PBXShellScriptBuildPhase;
			buildActionMask = 2147483647;
			files = (
			);
			inputPaths = (
				"${PODS_PODFILE_DIR_PATH}/Podfile.lock",
				"${PODS_ROOT}/Manifest.lock",
			);
			name = "[CP] Check Pods Manifest.lock";
			outputPaths = (
				"$(DERIVED_FILE_DIR)/Pods-MixpanelDemoTests-checkManifestLockResult.txt",
			);
			runOnlyForDeploymentPostprocessing = 0;
			shellPath = /bin/sh;
			shellScript = "diff \"${PODS_PODFILE_DIR_PATH}/Podfile.lock\" \"${PODS_ROOT}/Manifest.lock\" > /dev/null\nif [ $? != 0 ] ; then\n    # print error to STDERR\n    echo \"error: The sandbox is not in sync with the Podfile.lock. Run 'pod install' or update your CocoaPods installation.\" >&2\n    exit 1\nfi\n# This output is used by Xcode 'outputs' to avoid re-running this script phase.\necho \"SUCCESS\" > \"${SCRIPT_OUTPUT_FILE_0}\"\n";
			showEnvVarsInLog = 0;
		};
		23A073632FB9DC26C9B98ABF /* [CP] Embed Pods Frameworks */ = {
			isa = PBXShellScriptBuildPhase;
			buildActionMask = 2147483647;
			files = (
			);
			inputPaths = (
				"${SRCROOT}/Pods/Target Support Files/Pods-MixpanelDemoTests/Pods-MixpanelDemoTests-frameworks.sh",
				"${BUILT_PRODUCTS_DIR}/Nocilla/Nocilla.framework",
			);
			name = "[CP] Embed Pods Frameworks";
			outputPaths = (
				"${TARGET_BUILD_DIR}/${FRAMEWORKS_FOLDER_PATH}/Nocilla.framework",
			);
			runOnlyForDeploymentPostprocessing = 0;
			shellPath = /bin/sh;
			shellScript = "\"${SRCROOT}/Pods/Target Support Files/Pods-MixpanelDemoTests/Pods-MixpanelDemoTests-frameworks.sh\"\n";
			showEnvVarsInLog = 0;
		};
/* End PBXShellScriptBuildPhase section */

/* Begin PBXSourcesBuildPhase section */
		60DDD14323D39620004F7CBB /* Sources */ = {
			isa = PBXSourcesBuildPhase;
			buildActionMask = 2147483647;
			files = (
				60DDD14A23D39621004F7CBB /* NotificationService.swift in Sources */,
			);
			runOnlyForDeploymentPostprocessing = 0;
		};
		86F86E9322440C5F00B69832 /* Sources */ = {
			isa = PBXSourcesBuildPhase;
			buildActionMask = 2147483647;
			files = (
				86F86EA122440C5F00B69832 /* NotificationController.swift in Sources */,
				86F86E9F22440C5F00B69832 /* ExtensionDelegate.swift in Sources */,
				86F86E9D22440C5F00B69832 /* InterfaceController.swift in Sources */,
			);
			runOnlyForDeploymentPostprocessing = 0;
		};
		86F86EFD22460B3000B69832 /* Sources */ = {
			isa = PBXSourcesBuildPhase;
			buildActionMask = 2147483647;
			files = (
				86F86F0622460B3000B69832 /* ViewController.swift in Sources */,
				86F86F0422460B3000B69832 /* AppDelegate.swift in Sources */,
			);
			runOnlyForDeploymentPostprocessing = 0;
		};
		86F86F0D22460B3200B69832 /* Sources */ = {
			isa = PBXSourcesBuildPhase;
			buildActionMask = 2147483647;
			files = (
				86F86F1622460B3200B69832 /* MixpanelDemoTVTests.swift in Sources */,
			);
			runOnlyForDeploymentPostprocessing = 0;
		};
		86F86F1822460B3200B69832 /* Sources */ = {
			isa = PBXSourcesBuildPhase;
			buildActionMask = 2147483647;
			files = (
				86F86F2122460B3300B69832 /* MixpanelDemoTVUITests.swift in Sources */,
			);
			runOnlyForDeploymentPostprocessing = 0;
		};
		E15FF7CF1D0461130076CDE3 /* Sources */ = {
			isa = PBXSourcesBuildPhase;
			buildActionMask = 2147483647;
			files = (
				60CB587123D77F9200F1632B /* LoginViewController.swift in Sources */,
				E146F1941D398D0A00D75B49 /* TrackingViewController.swift in Sources */,
				E146F1961D398D1600D75B49 /* PeopleViewController.swift in Sources */,
				E146F19A1D399AF300D75B49 /* UtilityViewController.swift in Sources */,
				E15FF7D71D0461130076CDE3 /* AppDelegate.swift in Sources */,
				671EECAF21432E5F006DD9FA /* GroupsViewController.swift in Sources */,
				860BE3712076FBCC00C12F18 /* GDPRViewController.swift in Sources */,
				E1016E361D3D46DF00075BB7 /* ActionCompleteViewController.swift in Sources */,
				E16C35E11D872044003500AC /* CodelessPlaygroundViewController.swift in Sources */,
			);
			runOnlyForDeploymentPostprocessing = 0;
		};
		E15FF7E31D0461130076CDE3 /* Sources */ = {
			isa = PBXSourcesBuildPhase;
			buildActionMask = 2147483647;
			files = (
				E12BD0371D89FE6A008989C9 /* MixpanelCodelessTests.swift in Sources */,
				673ABE4321405A0500B1784B /* MixpanelGroupTests.swift in Sources */,
				05D4C3E2222E1C6800D30FC2 /* SelectorEvaluaterTests.swift in Sources */,
				E131C43C1DB56B1000FAEE37 /* MixpanelABTestingTests.swift in Sources */,
				E1E8F8B01D626BE80081295D /* MixpanelNotificationTests.swift in Sources */,
				51DD568A1D3077390045D3DB /* LoggerTests.swift in Sources */,
				862773E3206B3B1D00CBE79E /* MixpanelOptOutTests.swift in Sources */,
				E1C61EBA1D22F6470056C56C /* MixpanelPeopleTests.swift in Sources */,
				E1C61EBE1D22F9F60056C56C /* TestConstants.swift in Sources */,
				E12406201D249B2500383635 /* MixpanelBaseTests.swift in Sources */,
				05D4C3E82230A8AD00D30FC2 /* InAppNotificationTest.swift in Sources */,
				E17AA05E1EC6234E0066EFE8 /* MixpanelAutomaticEventsTests.swift in Sources */,
				E15FF7EC1D0461130076CDE3 /* MixpanelDemoTests.swift in Sources */,
			);
			runOnlyForDeploymentPostprocessing = 0;
		};
/* End PBXSourcesBuildPhase section */

/* Begin PBXTargetDependency section */
		60DDD14D23D39621004F7CBB /* PBXTargetDependency */ = {
			isa = PBXTargetDependency;
			target = 60DDD14623D39620004F7CBB /* NotificationServiceExtension */;
			targetProxy = 60DDD14C23D39621004F7CBB /* PBXContainerItemProxy */;
		};
		86F86E9A22440C5F00B69832 /* PBXTargetDependency */ = {
			isa = PBXTargetDependency;
			target = 86F86E9622440C5F00B69832 /* MixpanelDemoWatch Extension */;
			targetProxy = 86F86E9922440C5F00B69832 /* PBXContainerItemProxy */;
		};
		86F86EA722440C6000B69832 /* PBXTargetDependency */ = {
			isa = PBXTargetDependency;
			platformFilter = ios;
			target = 86F86E8A22440C5C00B69832 /* MixpanelDemoWatch */;
			targetProxy = 86F86EA622440C6000B69832 /* PBXContainerItemProxy */;
		};
		86F86ECF22443D8B00B69832 /* PBXTargetDependency */ = {
			isa = PBXTargetDependency;
			name = Mixpanel_watchOS;
			targetProxy = 86F86ECE22443D8B00B69832 /* PBXContainerItemProxy */;
		};
		86F86F1322460B3200B69832 /* PBXTargetDependency */ = {
			isa = PBXTargetDependency;
			target = 86F86F0022460B3000B69832 /* MixpanelDemoTV */;
			targetProxy = 86F86F1222460B3200B69832 /* PBXContainerItemProxy */;
		};
		86F86F1E22460B3200B69832 /* PBXTargetDependency */ = {
			isa = PBXTargetDependency;
			target = 86F86F0022460B3000B69832 /* MixpanelDemoTV */;
			targetProxy = 86F86F1D22460B3200B69832 /* PBXContainerItemProxy */;
		};
		86F86F3122460B4F00B69832 /* PBXTargetDependency */ = {
			isa = PBXTargetDependency;
			name = Mixpanel_tvOS;
			targetProxy = 86F86F3022460B4F00B69832 /* PBXContainerItemProxy */;
		};
		E15FF7E91D0461130076CDE3 /* PBXTargetDependency */ = {
			isa = PBXTargetDependency;
			target = E15FF7D21D0461130076CDE3 /* MixpanelDemo */;
			targetProxy = E15FF7E81D0461130076CDE3 /* PBXContainerItemProxy */;
		};
		E15FF7FF1D0461D70076CDE3 /* PBXTargetDependency */ = {
			isa = PBXTargetDependency;
			name = Mixpanel;
			targetProxy = E15FF7FE1D0461D70076CDE3 /* PBXContainerItemProxy */;
		};
/* End PBXTargetDependency section */

/* Begin PBXVariantGroup section */
		86F86E8D22440C5C00B69832 /* Interface.storyboard */ = {
			isa = PBXVariantGroup;
			children = (
				86F86E8E22440C5C00B69832 /* Base */,
			);
			name = Interface.storyboard;
			sourceTree = "<group>";
		};
		86F86F0722460B3000B69832 /* Main.storyboard */ = {
			isa = PBXVariantGroup;
			children = (
				86F86F0822460B3000B69832 /* Base */,
			);
			name = Main.storyboard;
			sourceTree = "<group>";
		};
		E15FF7DA1D0461130076CDE3 /* Main.storyboard */ = {
			isa = PBXVariantGroup;
			children = (
				E15FF7DB1D0461130076CDE3 /* Base */,
			);
			name = Main.storyboard;
			sourceTree = "<group>";
		};
		E15FF7DF1D0461130076CDE3 /* LaunchScreen.storyboard */ = {
			isa = PBXVariantGroup;
			children = (
				E15FF7E01D0461130076CDE3 /* Base */,
			);
			name = LaunchScreen.storyboard;
			sourceTree = "<group>";
		};
/* End PBXVariantGroup section */

/* Begin XCBuildConfiguration section */
		60DDD15023D39621004F7CBB /* Debug */ = {
			isa = XCBuildConfiguration;
			buildSettings = {
				CLANG_ANALYZER_NUMBER_OBJECT_CONVERSION = YES_AGGRESSIVE;
				CLANG_CXX_LANGUAGE_STANDARD = "gnu++14";
				CLANG_ENABLE_OBJC_WEAK = YES;
				CLANG_WARN_DOCUMENTATION_COMMENTS = YES;
				CLANG_WARN_UNGUARDED_AVAILABILITY = YES_AGGRESSIVE;
				CODE_SIGN_ENTITLEMENTS = NotificationServiceExtension/NotificationServiceExtension.entitlements;
				CODE_SIGN_IDENTITY = "iPhone Developer";
				CODE_SIGN_STYLE = Automatic;
				CURRENT_PROJECT_VERSION = 6;
				DEVELOPMENT_TEAM = E8FVX7QLET;
				GCC_C_LANGUAGE_STANDARD = gnu11;
				INFOPLIST_FILE = NotificationServiceExtension/Info.plist;
				IPHONEOS_DEPLOYMENT_TARGET = 12.0;
				LD_RUNPATH_SEARCH_PATHS = (
					"$(inherited)",
					"@executable_path/Frameworks",
					"@executable_path/../../Frameworks",
				);
				MARKETING_VERSION = 1.3;
				MTL_ENABLE_DEBUG_INFO = INCLUDE_SOURCE;
				MTL_FAST_MATH = YES;
				PRODUCT_BUNDLE_IDENTIFIER = com.mixpanel.swiftsdkdemo.NotificationServiceExtension;
				PRODUCT_NAME = "$(TARGET_NAME)";
				SKIP_INSTALL = YES;
				SUPPORTS_MACCATALYST = YES;
				SWIFT_ACTIVE_COMPILATION_CONDITIONS = DEBUG;
				SWIFT_VERSION = 5.0;
				TARGETED_DEVICE_FAMILY = "1,2";
			};
			name = Debug;
		};
		60DDD15123D39621004F7CBB /* Release */ = {
			isa = XCBuildConfiguration;
			buildSettings = {
				CLANG_ANALYZER_NUMBER_OBJECT_CONVERSION = YES_AGGRESSIVE;
				CLANG_CXX_LANGUAGE_STANDARD = "gnu++14";
				CLANG_ENABLE_OBJC_WEAK = YES;
				CLANG_WARN_DOCUMENTATION_COMMENTS = YES;
				CLANG_WARN_UNGUARDED_AVAILABILITY = YES_AGGRESSIVE;
				CODE_SIGN_ENTITLEMENTS = NotificationServiceExtension/NotificationServiceExtension.entitlements;
				CODE_SIGN_IDENTITY = "iPhone Developer";
				"CODE_SIGN_IDENTITY[sdk=iphoneos*]" = "iPhone Developer";
				CODE_SIGN_STYLE = Automatic;
				CURRENT_PROJECT_VERSION = 6;
				DEVELOPMENT_TEAM = E8FVX7QLET;
				GCC_C_LANGUAGE_STANDARD = gnu11;
				INFOPLIST_FILE = NotificationServiceExtension/Info.plist;
				IPHONEOS_DEPLOYMENT_TARGET = 12.0;
				LD_RUNPATH_SEARCH_PATHS = (
					"$(inherited)",
					"@executable_path/Frameworks",
					"@executable_path/../../Frameworks",
				);
				MARKETING_VERSION = 1.3;
				MTL_FAST_MATH = YES;
				PRODUCT_BUNDLE_IDENTIFIER = com.mixpanel.swiftsdkdemo.NotificationServiceExtension;
				PRODUCT_NAME = "$(TARGET_NAME)";
				PROVISIONING_PROFILE_SPECIFIER = "";
				SKIP_INSTALL = YES;
				SUPPORTS_MACCATALYST = YES;
				SWIFT_COMPILATION_MODE = wholemodule;
				SWIFT_OPTIMIZATION_LEVEL = "-O";
				SWIFT_VERSION = 5.0;
				TARGETED_DEVICE_FAMILY = "1,2";
			};
			name = Release;
		};
		86F86EA922440C6000B69832 /* Debug */ = {
			isa = XCBuildConfiguration;
			buildSettings = {
				ALWAYS_EMBED_SWIFT_STANDARD_LIBRARIES = YES;
				ASSETCATALOG_COMPILER_APPICON_NAME = AppIcon;
				CLANG_ANALYZER_NUMBER_OBJECT_CONVERSION = YES_AGGRESSIVE;
				CLANG_CXX_LANGUAGE_STANDARD = "gnu++14";
				CLANG_ENABLE_OBJC_WEAK = YES;
				CLANG_WARN_DOCUMENTATION_COMMENTS = YES;
				CLANG_WARN_UNGUARDED_AVAILABILITY = YES_AGGRESSIVE;
				CODE_SIGN_STYLE = Automatic;
				CURRENT_PROJECT_VERSION = 6;
				DEVELOPMENT_TEAM = E8FVX7QLET;
				GCC_C_LANGUAGE_STANDARD = gnu11;
				IBSC_MODULE = MixpanelDemoWatch_Extension;
				INFOPLIST_FILE = MixpanelDemoWatch/Info.plist;
				MARKETING_VERSION = 1.3;
				MTL_ENABLE_DEBUG_INFO = INCLUDE_SOURCE;
				MTL_FAST_MATH = YES;
				PRODUCT_BUNDLE_IDENTIFIER = com.mixpanel.swiftsdkdemo.watchkitapp;
				PRODUCT_NAME = "$(TARGET_NAME)";
				SDKROOT = watchos;
				SKIP_INSTALL = YES;
				SWIFT_ACTIVE_COMPILATION_CONDITIONS = DEBUG;
				SWIFT_VERSION = 4.2;
				TARGETED_DEVICE_FAMILY = 4;
				WATCHOS_DEPLOYMENT_TARGET = 5.1;
			};
			name = Debug;
		};
		86F86EAA22440C6000B69832 /* Release */ = {
			isa = XCBuildConfiguration;
			buildSettings = {
				ALWAYS_EMBED_SWIFT_STANDARD_LIBRARIES = YES;
				ASSETCATALOG_COMPILER_APPICON_NAME = AppIcon;
				CLANG_ANALYZER_NUMBER_OBJECT_CONVERSION = YES_AGGRESSIVE;
				CLANG_CXX_LANGUAGE_STANDARD = "gnu++14";
				CLANG_ENABLE_OBJC_WEAK = YES;
				CLANG_WARN_DOCUMENTATION_COMMENTS = YES;
				CLANG_WARN_UNGUARDED_AVAILABILITY = YES_AGGRESSIVE;
				CODE_SIGN_STYLE = Automatic;
				CURRENT_PROJECT_VERSION = 6;
				DEVELOPMENT_TEAM = E8FVX7QLET;
				GCC_C_LANGUAGE_STANDARD = gnu11;
				IBSC_MODULE = MixpanelDemoWatch_Extension;
				INFOPLIST_FILE = MixpanelDemoWatch/Info.plist;
				MARKETING_VERSION = 1.3;
				MTL_FAST_MATH = YES;
				PRODUCT_BUNDLE_IDENTIFIER = com.mixpanel.swiftsdkdemo.watchkitapp;
				PRODUCT_NAME = "$(TARGET_NAME)";
				SDKROOT = watchos;
				SKIP_INSTALL = YES;
				SWIFT_COMPILATION_MODE = wholemodule;
				SWIFT_OPTIMIZATION_LEVEL = "-O";
				SWIFT_VERSION = 4.2;
				TARGETED_DEVICE_FAMILY = 4;
				WATCHOS_DEPLOYMENT_TARGET = 5.1;
			};
			name = Release;
		};
		86F86EAB22440C6000B69832 /* Debug */ = {
			isa = XCBuildConfiguration;
			buildSettings = {
				ASSETCATALOG_COMPILER_COMPLICATION_NAME = Complication;
				CLANG_ANALYZER_NUMBER_OBJECT_CONVERSION = YES_AGGRESSIVE;
				CLANG_CXX_LANGUAGE_STANDARD = "gnu++14";
				CLANG_ENABLE_OBJC_WEAK = YES;
				CLANG_WARN_DOCUMENTATION_COMMENTS = YES;
				CLANG_WARN_UNGUARDED_AVAILABILITY = YES_AGGRESSIVE;
				CODE_SIGN_STYLE = Automatic;
				CURRENT_PROJECT_VERSION = 6;
				DEVELOPMENT_TEAM = E8FVX7QLET;
				GCC_C_LANGUAGE_STANDARD = gnu11;
				INFOPLIST_FILE = "MixpanelDemoWatch Extension/Info.plist";
				LD_RUNPATH_SEARCH_PATHS = (
					"$(inherited)",
					"@executable_path/Frameworks",
					"@executable_path/../../Frameworks",
				);
				MARKETING_VERSION = 1.3;
				MTL_ENABLE_DEBUG_INFO = INCLUDE_SOURCE;
				MTL_FAST_MATH = YES;
				PRODUCT_BUNDLE_IDENTIFIER = com.mixpanel.swiftsdkdemo.watchkitapp.watchkitextension;
				PRODUCT_NAME = "${TARGET_NAME}";
				SDKROOT = watchos;
				SKIP_INSTALL = YES;
				SWIFT_ACTIVE_COMPILATION_CONDITIONS = DEBUG;
				SWIFT_VERSION = 5.0;
				TARGETED_DEVICE_FAMILY = 4;
				WATCHOS_DEPLOYMENT_TARGET = 5.1;
			};
			name = Debug;
		};
		86F86EAC22440C6000B69832 /* Release */ = {
			isa = XCBuildConfiguration;
			buildSettings = {
				ASSETCATALOG_COMPILER_COMPLICATION_NAME = Complication;
				CLANG_ANALYZER_NUMBER_OBJECT_CONVERSION = YES_AGGRESSIVE;
				CLANG_CXX_LANGUAGE_STANDARD = "gnu++14";
				CLANG_ENABLE_OBJC_WEAK = YES;
				CLANG_WARN_DOCUMENTATION_COMMENTS = YES;
				CLANG_WARN_UNGUARDED_AVAILABILITY = YES_AGGRESSIVE;
				CODE_SIGN_STYLE = Automatic;
				CURRENT_PROJECT_VERSION = 6;
				DEVELOPMENT_TEAM = E8FVX7QLET;
				GCC_C_LANGUAGE_STANDARD = gnu11;
				INFOPLIST_FILE = "MixpanelDemoWatch Extension/Info.plist";
				LD_RUNPATH_SEARCH_PATHS = (
					"$(inherited)",
					"@executable_path/Frameworks",
					"@executable_path/../../Frameworks",
				);
				MARKETING_VERSION = 1.3;
				MTL_FAST_MATH = YES;
				PRODUCT_BUNDLE_IDENTIFIER = com.mixpanel.swiftsdkdemo.watchkitapp.watchkitextension;
				PRODUCT_NAME = "${TARGET_NAME}";
				SDKROOT = watchos;
				SKIP_INSTALL = YES;
				SWIFT_COMPILATION_MODE = wholemodule;
				SWIFT_OPTIMIZATION_LEVEL = "-O";
				SWIFT_VERSION = 5.0;
				TARGETED_DEVICE_FAMILY = 4;
				WATCHOS_DEPLOYMENT_TARGET = 5.1;
			};
			name = Release;
		};
		86F86F2322460B3300B69832 /* Debug */ = {
			isa = XCBuildConfiguration;
			buildSettings = {
				ALWAYS_EMBED_SWIFT_STANDARD_LIBRARIES = YES;
				ASSETCATALOG_COMPILER_APPICON_NAME = "App Icon & Top Shelf Image";
				CLANG_ANALYZER_NUMBER_OBJECT_CONVERSION = YES_AGGRESSIVE;
				CLANG_CXX_LANGUAGE_STANDARD = "gnu++14";
				CLANG_ENABLE_OBJC_WEAK = YES;
				CLANG_WARN_DOCUMENTATION_COMMENTS = YES;
				CLANG_WARN_UNGUARDED_AVAILABILITY = YES_AGGRESSIVE;
				CODE_SIGN_STYLE = Automatic;
				CURRENT_PROJECT_VERSION = 6;
				DEVELOPMENT_TEAM = E8FVX7QLET;
				GCC_C_LANGUAGE_STANDARD = gnu11;
				INFOPLIST_FILE = MixpanelDemoTV/Info.plist;
				LD_RUNPATH_SEARCH_PATHS = (
					"$(inherited)",
					"@executable_path/Frameworks",
				);
				MARKETING_VERSION = 1.3;
				MTL_ENABLE_DEBUG_INFO = INCLUDE_SOURCE;
				MTL_FAST_MATH = YES;
				PRODUCT_BUNDLE_IDENTIFIER = com.mixpanel.MixpanelDemoTV;
				PRODUCT_NAME = "$(TARGET_NAME)";
				SDKROOT = appletvos;
				SWIFT_ACTIVE_COMPILATION_CONDITIONS = DEBUG;
				SWIFT_VERSION = 4.2;
				TARGETED_DEVICE_FAMILY = 3;
				TVOS_DEPLOYMENT_TARGET = 12.1;
			};
			name = Debug;
		};
		86F86F2422460B3300B69832 /* Release */ = {
			isa = XCBuildConfiguration;
			buildSettings = {
				ALWAYS_EMBED_SWIFT_STANDARD_LIBRARIES = YES;
				ASSETCATALOG_COMPILER_APPICON_NAME = "App Icon & Top Shelf Image";
				CLANG_ANALYZER_NUMBER_OBJECT_CONVERSION = YES_AGGRESSIVE;
				CLANG_CXX_LANGUAGE_STANDARD = "gnu++14";
				CLANG_ENABLE_OBJC_WEAK = YES;
				CLANG_WARN_DOCUMENTATION_COMMENTS = YES;
				CLANG_WARN_UNGUARDED_AVAILABILITY = YES_AGGRESSIVE;
				CODE_SIGN_STYLE = Automatic;
				CURRENT_PROJECT_VERSION = 6;
				DEVELOPMENT_TEAM = E8FVX7QLET;
				GCC_C_LANGUAGE_STANDARD = gnu11;
				INFOPLIST_FILE = MixpanelDemoTV/Info.plist;
				LD_RUNPATH_SEARCH_PATHS = (
					"$(inherited)",
					"@executable_path/Frameworks",
				);
				MARKETING_VERSION = 1.3;
				MTL_FAST_MATH = YES;
				PRODUCT_BUNDLE_IDENTIFIER = com.mixpanel.MixpanelDemoTV;
				PRODUCT_NAME = "$(TARGET_NAME)";
				SDKROOT = appletvos;
				SWIFT_COMPILATION_MODE = wholemodule;
				SWIFT_OPTIMIZATION_LEVEL = "-O";
				SWIFT_VERSION = 4.2;
				TARGETED_DEVICE_FAMILY = 3;
				TVOS_DEPLOYMENT_TARGET = 12.1;
			};
			name = Release;
		};
		86F86F2522460B3300B69832 /* Debug */ = {
			isa = XCBuildConfiguration;
			buildSettings = {
				ALWAYS_EMBED_SWIFT_STANDARD_LIBRARIES = YES;
				BUNDLE_LOADER = "$(TEST_HOST)";
				CLANG_ANALYZER_NUMBER_OBJECT_CONVERSION = YES_AGGRESSIVE;
				CLANG_CXX_LANGUAGE_STANDARD = "gnu++14";
				CLANG_ENABLE_OBJC_WEAK = YES;
				CLANG_WARN_DOCUMENTATION_COMMENTS = YES;
				CLANG_WARN_UNGUARDED_AVAILABILITY = YES_AGGRESSIVE;
				CODE_SIGN_STYLE = Automatic;
				DEVELOPMENT_TEAM = E8FVX7QLET;
				GCC_C_LANGUAGE_STANDARD = gnu11;
				INFOPLIST_FILE = MixpanelDemoTVTests/Info.plist;
				LD_RUNPATH_SEARCH_PATHS = (
					"$(inherited)",
					"@executable_path/Frameworks",
					"@loader_path/Frameworks",
				);
				MTL_ENABLE_DEBUG_INFO = INCLUDE_SOURCE;
				MTL_FAST_MATH = YES;
				PRODUCT_BUNDLE_IDENTIFIER = com.mixpanel.MixpanelDemoTVTests;
				PRODUCT_NAME = "$(TARGET_NAME)";
				SDKROOT = appletvos;
				SWIFT_ACTIVE_COMPILATION_CONDITIONS = DEBUG;
				SWIFT_VERSION = 4.2;
				TARGETED_DEVICE_FAMILY = 3;
				TEST_HOST = "$(BUILT_PRODUCTS_DIR)/MixpanelDemoTV.app/MixpanelDemoTV";
				TVOS_DEPLOYMENT_TARGET = 12.1;
			};
			name = Debug;
		};
		86F86F2622460B3300B69832 /* Release */ = {
			isa = XCBuildConfiguration;
			buildSettings = {
				ALWAYS_EMBED_SWIFT_STANDARD_LIBRARIES = YES;
				BUNDLE_LOADER = "$(TEST_HOST)";
				CLANG_ANALYZER_NUMBER_OBJECT_CONVERSION = YES_AGGRESSIVE;
				CLANG_CXX_LANGUAGE_STANDARD = "gnu++14";
				CLANG_ENABLE_OBJC_WEAK = YES;
				CLANG_WARN_DOCUMENTATION_COMMENTS = YES;
				CLANG_WARN_UNGUARDED_AVAILABILITY = YES_AGGRESSIVE;
				CODE_SIGN_STYLE = Automatic;
				DEVELOPMENT_TEAM = E8FVX7QLET;
				GCC_C_LANGUAGE_STANDARD = gnu11;
				INFOPLIST_FILE = MixpanelDemoTVTests/Info.plist;
				LD_RUNPATH_SEARCH_PATHS = (
					"$(inherited)",
					"@executable_path/Frameworks",
					"@loader_path/Frameworks",
				);
				MTL_FAST_MATH = YES;
				PRODUCT_BUNDLE_IDENTIFIER = com.mixpanel.MixpanelDemoTVTests;
				PRODUCT_NAME = "$(TARGET_NAME)";
				SDKROOT = appletvos;
				SWIFT_COMPILATION_MODE = wholemodule;
				SWIFT_OPTIMIZATION_LEVEL = "-O";
				SWIFT_VERSION = 4.2;
				TARGETED_DEVICE_FAMILY = 3;
				TEST_HOST = "$(BUILT_PRODUCTS_DIR)/MixpanelDemoTV.app/MixpanelDemoTV";
				TVOS_DEPLOYMENT_TARGET = 12.1;
			};
			name = Release;
		};
		86F86F2722460B3300B69832 /* Debug */ = {
			isa = XCBuildConfiguration;
			buildSettings = {
				ALWAYS_EMBED_SWIFT_STANDARD_LIBRARIES = YES;
				CLANG_ANALYZER_NUMBER_OBJECT_CONVERSION = YES_AGGRESSIVE;
				CLANG_CXX_LANGUAGE_STANDARD = "gnu++14";
				CLANG_ENABLE_OBJC_WEAK = YES;
				CLANG_WARN_DOCUMENTATION_COMMENTS = YES;
				CLANG_WARN_UNGUARDED_AVAILABILITY = YES_AGGRESSIVE;
				CODE_SIGN_STYLE = Automatic;
				DEVELOPMENT_TEAM = E8FVX7QLET;
				GCC_C_LANGUAGE_STANDARD = gnu11;
				INFOPLIST_FILE = MixpanelDemoTVUITests/Info.plist;
				LD_RUNPATH_SEARCH_PATHS = (
					"$(inherited)",
					"@executable_path/Frameworks",
					"@loader_path/Frameworks",
				);
				MTL_ENABLE_DEBUG_INFO = INCLUDE_SOURCE;
				MTL_FAST_MATH = YES;
				PRODUCT_BUNDLE_IDENTIFIER = com.mixpanel.MixpanelDemoTVUITests;
				PRODUCT_NAME = "$(TARGET_NAME)";
				SDKROOT = appletvos;
				SWIFT_ACTIVE_COMPILATION_CONDITIONS = DEBUG;
				SWIFT_VERSION = 4.2;
				TARGETED_DEVICE_FAMILY = 3;
				TEST_TARGET_NAME = MixpanelDemoTV;
				TVOS_DEPLOYMENT_TARGET = 12.1;
			};
			name = Debug;
		};
		86F86F2822460B3300B69832 /* Release */ = {
			isa = XCBuildConfiguration;
			buildSettings = {
				ALWAYS_EMBED_SWIFT_STANDARD_LIBRARIES = YES;
				CLANG_ANALYZER_NUMBER_OBJECT_CONVERSION = YES_AGGRESSIVE;
				CLANG_CXX_LANGUAGE_STANDARD = "gnu++14";
				CLANG_ENABLE_OBJC_WEAK = YES;
				CLANG_WARN_DOCUMENTATION_COMMENTS = YES;
				CLANG_WARN_UNGUARDED_AVAILABILITY = YES_AGGRESSIVE;
				CODE_SIGN_STYLE = Automatic;
				DEVELOPMENT_TEAM = E8FVX7QLET;
				GCC_C_LANGUAGE_STANDARD = gnu11;
				INFOPLIST_FILE = MixpanelDemoTVUITests/Info.plist;
				LD_RUNPATH_SEARCH_PATHS = (
					"$(inherited)",
					"@executable_path/Frameworks",
					"@loader_path/Frameworks",
				);
				MTL_FAST_MATH = YES;
				PRODUCT_BUNDLE_IDENTIFIER = com.mixpanel.MixpanelDemoTVUITests;
				PRODUCT_NAME = "$(TARGET_NAME)";
				SDKROOT = appletvos;
				SWIFT_COMPILATION_MODE = wholemodule;
				SWIFT_OPTIMIZATION_LEVEL = "-O";
				SWIFT_VERSION = 4.2;
				TARGETED_DEVICE_FAMILY = 3;
				TEST_TARGET_NAME = MixpanelDemoTV;
				TVOS_DEPLOYMENT_TARGET = 12.1;
			};
			name = Release;
		};
		E15FF7EE1D0461130076CDE3 /* Debug */ = {
			isa = XCBuildConfiguration;
			buildSettings = {
				ALWAYS_SEARCH_USER_PATHS = NO;
				CLANG_ANALYZER_LOCALIZABILITY_NONLOCALIZED = YES;
				CLANG_ANALYZER_NONNULL = YES;
				CLANG_CXX_LANGUAGE_STANDARD = "gnu++0x";
				CLANG_CXX_LIBRARY = "libc++";
				CLANG_ENABLE_MODULES = YES;
				CLANG_ENABLE_OBJC_ARC = YES;
				CLANG_WARN_BLOCK_CAPTURE_AUTORELEASING = YES;
				CLANG_WARN_BOOL_CONVERSION = YES;
				CLANG_WARN_COMMA = YES;
				CLANG_WARN_CONSTANT_CONVERSION = YES;
				CLANG_WARN_DEPRECATED_OBJC_IMPLEMENTATIONS = YES;
				CLANG_WARN_DIRECT_OBJC_ISA_USAGE = YES_ERROR;
				CLANG_WARN_EMPTY_BODY = YES;
				CLANG_WARN_ENUM_CONVERSION = YES;
				CLANG_WARN_INFINITE_RECURSION = YES;
				CLANG_WARN_INT_CONVERSION = YES;
				CLANG_WARN_NON_LITERAL_NULL_CONVERSION = YES;
				CLANG_WARN_OBJC_IMPLICIT_RETAIN_SELF = YES;
				CLANG_WARN_OBJC_LITERAL_CONVERSION = YES;
				CLANG_WARN_OBJC_ROOT_CLASS = YES_ERROR;
				CLANG_WARN_QUOTED_INCLUDE_IN_FRAMEWORK_HEADER = YES;
				CLANG_WARN_RANGE_LOOP_ANALYSIS = YES;
				CLANG_WARN_STRICT_PROTOTYPES = YES;
				CLANG_WARN_SUSPICIOUS_MOVE = YES;
				CLANG_WARN_UNREACHABLE_CODE = YES;
				CLANG_WARN__DUPLICATE_METHOD_MATCH = YES;
				"CODE_SIGN_IDENTITY[sdk=iphoneos*]" = "iPhone Developer";
				COPY_PHASE_STRIP = NO;
				DEBUG_INFORMATION_FORMAT = dwarf;
				DEFINES_MODULE = YES;
				ENABLE_STRICT_OBJC_MSGSEND = YES;
				ENABLE_TESTABILITY = YES;
				GCC_C_LANGUAGE_STANDARD = gnu99;
				GCC_DYNAMIC_NO_PIC = NO;
				GCC_NO_COMMON_BLOCKS = YES;
				GCC_OPTIMIZATION_LEVEL = 0;
				GCC_PREPROCESSOR_DEFINITIONS = (
					"DEBUG=1",
					"$(inherited)",
				);
				GCC_WARN_64_TO_32_BIT_CONVERSION = YES;
				GCC_WARN_ABOUT_RETURN_TYPE = YES_ERROR;
				GCC_WARN_UNDECLARED_SELECTOR = YES;
				GCC_WARN_UNINITIALIZED_AUTOS = YES_AGGRESSIVE;
				GCC_WARN_UNUSED_FUNCTION = YES;
				GCC_WARN_UNUSED_VARIABLE = YES;
				IPHONEOS_DEPLOYMENT_TARGET = 12.0;
				MTL_ENABLE_DEBUG_INFO = YES;
				ONLY_ACTIVE_ARCH = YES;
				SDKROOT = iphoneos;
				SWIFT_OPTIMIZATION_LEVEL = "-Onone";
				SWIFT_VERSION = 5.0;
				TARGETED_DEVICE_FAMILY = "1,2";
			};
			name = Debug;
		};
		E15FF7EF1D0461130076CDE3 /* Release */ = {
			isa = XCBuildConfiguration;
			buildSettings = {
				ALWAYS_SEARCH_USER_PATHS = NO;
				CLANG_ANALYZER_LOCALIZABILITY_NONLOCALIZED = YES;
				CLANG_ANALYZER_NONNULL = YES;
				CLANG_CXX_LANGUAGE_STANDARD = "gnu++0x";
				CLANG_CXX_LIBRARY = "libc++";
				CLANG_ENABLE_MODULES = YES;
				CLANG_ENABLE_OBJC_ARC = YES;
				CLANG_WARN_BLOCK_CAPTURE_AUTORELEASING = YES;
				CLANG_WARN_BOOL_CONVERSION = YES;
				CLANG_WARN_COMMA = YES;
				CLANG_WARN_CONSTANT_CONVERSION = YES;
				CLANG_WARN_DEPRECATED_OBJC_IMPLEMENTATIONS = YES;
				CLANG_WARN_DIRECT_OBJC_ISA_USAGE = YES_ERROR;
				CLANG_WARN_EMPTY_BODY = YES;
				CLANG_WARN_ENUM_CONVERSION = YES;
				CLANG_WARN_INFINITE_RECURSION = YES;
				CLANG_WARN_INT_CONVERSION = YES;
				CLANG_WARN_NON_LITERAL_NULL_CONVERSION = YES;
				CLANG_WARN_OBJC_IMPLICIT_RETAIN_SELF = YES;
				CLANG_WARN_OBJC_LITERAL_CONVERSION = YES;
				CLANG_WARN_OBJC_ROOT_CLASS = YES_ERROR;
				CLANG_WARN_QUOTED_INCLUDE_IN_FRAMEWORK_HEADER = YES;
				CLANG_WARN_RANGE_LOOP_ANALYSIS = YES;
				CLANG_WARN_STRICT_PROTOTYPES = YES;
				CLANG_WARN_SUSPICIOUS_MOVE = YES;
				CLANG_WARN_UNREACHABLE_CODE = YES;
				CLANG_WARN__DUPLICATE_METHOD_MATCH = YES;
				"CODE_SIGN_IDENTITY[sdk=iphoneos*]" = "iPhone Developer";
				COPY_PHASE_STRIP = NO;
				DEBUG_INFORMATION_FORMAT = "dwarf-with-dsym";
				DEFINES_MODULE = YES;
				ENABLE_NS_ASSERTIONS = NO;
				ENABLE_STRICT_OBJC_MSGSEND = YES;
				GCC_C_LANGUAGE_STANDARD = gnu99;
				GCC_NO_COMMON_BLOCKS = YES;
				GCC_WARN_64_TO_32_BIT_CONVERSION = YES;
				GCC_WARN_ABOUT_RETURN_TYPE = YES_ERROR;
				GCC_WARN_UNDECLARED_SELECTOR = YES;
				GCC_WARN_UNINITIALIZED_AUTOS = YES_AGGRESSIVE;
				GCC_WARN_UNUSED_FUNCTION = YES;
				GCC_WARN_UNUSED_VARIABLE = YES;
				IPHONEOS_DEPLOYMENT_TARGET = 12.0;
				MTL_ENABLE_DEBUG_INFO = NO;
				SDKROOT = iphoneos;
				SWIFT_VERSION = 5.0;
				TARGETED_DEVICE_FAMILY = "1,2";
				VALIDATE_PRODUCT = YES;
			};
			name = Release;
		};
		E15FF7F11D0461130076CDE3 /* Debug */ = {
			isa = XCBuildConfiguration;
			buildSettings = {
				ALWAYS_EMBED_SWIFT_STANDARD_LIBRARIES = YES;
				ASSETCATALOG_COMPILER_APPICON_NAME = AppIcon;
				CLANG_ALLOW_NON_MODULAR_INCLUDES_IN_FRAMEWORK_MODULES = NO;
				CODE_SIGN_ENTITLEMENTS = MixpanelDemo/MixpanelDemo.entitlements;
				CODE_SIGN_IDENTITY = "iPhone Developer";
				"CODE_SIGN_IDENTITY[sdk=iphoneos*]" = "iPhone Developer";
				CODE_SIGN_STYLE = Automatic;
				CURRENT_PROJECT_VERSION = 6;
				DEFINES_MODULE = YES;
				DEVELOPMENT_TEAM = E8FVX7QLET;
				INFOPLIST_FILE = MixpanelDemo/Info.plist;
				IPHONEOS_DEPLOYMENT_TARGET = 12.0;
				LD_RUNPATH_SEARCH_PATHS = (
					"$(inherited)",
					"@executable_path/Frameworks",
				);
				LIBRARY_SEARCH_PATHS = "$(SRCROOT)/../Mixpanel";
				MARKETING_VERSION = 1.3;
				PRODUCT_BUNDLE_IDENTIFIER = com.mixpanel.swiftsdkdemo;
				PRODUCT_NAME = "$(TARGET_NAME)";
				PROVISIONING_PROFILE_SPECIFIER = "";
				SUPPORTS_MACCATALYST = YES;
				SWIFT_ACTIVE_COMPILATION_CONDITIONS = DEBUG;
				SWIFT_VERSION = 5.0;
				TARGETED_DEVICE_FAMILY = "1,2";
			};
			name = Debug;
		};
		E15FF7F21D0461130076CDE3 /* Release */ = {
			isa = XCBuildConfiguration;
			buildSettings = {
				ALWAYS_EMBED_SWIFT_STANDARD_LIBRARIES = YES;
				ASSETCATALOG_COMPILER_APPICON_NAME = AppIcon;
				CLANG_ALLOW_NON_MODULAR_INCLUDES_IN_FRAMEWORK_MODULES = NO;
				CODE_SIGN_ENTITLEMENTS = MixpanelDemo/MixpanelDemo.entitlements;
				CODE_SIGN_IDENTITY = "iPhone Developer";
				"CODE_SIGN_IDENTITY[sdk=iphoneos*]" = "iPhone Developer";
				CODE_SIGN_STYLE = Automatic;
				CURRENT_PROJECT_VERSION = 6;
				DEFINES_MODULE = YES;
				DEVELOPMENT_TEAM = E8FVX7QLET;
				INFOPLIST_FILE = MixpanelDemo/Info.plist;
				IPHONEOS_DEPLOYMENT_TARGET = 12.0;
				LD_RUNPATH_SEARCH_PATHS = (
					"$(inherited)",
					"@executable_path/Frameworks",
				);
				LIBRARY_SEARCH_PATHS = "$(SRCROOT)/../Mixpanel";
				MARKETING_VERSION = 1.3;
				PRODUCT_BUNDLE_IDENTIFIER = com.mixpanel.swiftsdkdemo;
				PRODUCT_NAME = "$(TARGET_NAME)";
				PROVISIONING_PROFILE_SPECIFIER = "";
				SUPPORTS_MACCATALYST = YES;
				SWIFT_COMPILATION_MODE = wholemodule;
				SWIFT_OPTIMIZATION_LEVEL = "-O";
				SWIFT_VERSION = 5.0;
				TARGETED_DEVICE_FAMILY = "1,2";
			};
			name = Release;
		};
		E15FF7F41D0461130076CDE3 /* Debug */ = {
			isa = XCBuildConfiguration;
			baseConfigurationReference = 9233A000BB35A654EEC9A9D6 /* Pods-MixpanelDemoTests.debug.xcconfig */;
			buildSettings = {
				ALWAYS_EMBED_SWIFT_STANDARD_LIBRARIES = YES;
				BUNDLE_LOADER = "$(TEST_HOST)";
				CLANG_ENABLE_MODULES = YES;
				GCC_PREPROCESSOR_DEFINITIONS = (
					"$(inherited)",
					"COCOAPODS=1",
				);
				INFOPLIST_FILE = MixpanelDemoTests/Info.plist;
				LD_RUNPATH_SEARCH_PATHS = (
					"$(inherited)",
					"@executable_path/Frameworks",
					"@loader_path/Frameworks",
				);
				LIBRARY_SEARCH_PATHS = "$(SRCROOT)/../Mixpanel";
				PRODUCT_BUNDLE_IDENTIFIER = com.mixpanel.MixpanelDemoTests;
				PRODUCT_NAME = "$(TARGET_NAME)";
				SWIFT_ACTIVE_COMPILATION_CONDITIONS = DEBUG;
				SWIFT_OBJC_BRIDGING_HEADER = "";
				SWIFT_OPTIMIZATION_LEVEL = "-Onone";
				SWIFT_VERSION = 5.0;
				TEST_HOST = "$(BUILT_PRODUCTS_DIR)/MixpanelDemo.app/MixpanelDemo";
			};
			name = Debug;
		};
		E15FF7F51D0461130076CDE3 /* Release */ = {
			isa = XCBuildConfiguration;
			baseConfigurationReference = 5609994314AFCE2B8FF1705B /* Pods-MixpanelDemoTests.release.xcconfig */;
			buildSettings = {
				ALWAYS_EMBED_SWIFT_STANDARD_LIBRARIES = YES;
				BUNDLE_LOADER = "$(TEST_HOST)";
				CLANG_ENABLE_MODULES = YES;
				INFOPLIST_FILE = MixpanelDemoTests/Info.plist;
				LD_RUNPATH_SEARCH_PATHS = (
					"$(inherited)",
					"@executable_path/Frameworks",
					"@loader_path/Frameworks",
				);
				LIBRARY_SEARCH_PATHS = "$(SRCROOT)/../Mixpanel";
				PRODUCT_BUNDLE_IDENTIFIER = com.mixpanel.MixpanelDemoTests;
				PRODUCT_NAME = "$(TARGET_NAME)";
				SWIFT_COMPILATION_MODE = wholemodule;
				SWIFT_OBJC_BRIDGING_HEADER = "";
				SWIFT_OPTIMIZATION_LEVEL = "-O";
				SWIFT_VERSION = 5.0;
				TEST_HOST = "$(BUILT_PRODUCTS_DIR)/MixpanelDemo.app/MixpanelDemo";
			};
			name = Release;
		};
/* End XCBuildConfiguration section */

/* Begin XCConfigurationList section */
		60DDD14F23D39621004F7CBB /* Build configuration list for PBXNativeTarget "NotificationServiceExtension" */ = {
			isa = XCConfigurationList;
			buildConfigurations = (
				60DDD15023D39621004F7CBB /* Debug */,
				60DDD15123D39621004F7CBB /* Release */,
			);
			defaultConfigurationIsVisible = 0;
			defaultConfigurationName = Release;
		};
		86F86EB222440C6000B69832 /* Build configuration list for PBXNativeTarget "MixpanelDemoWatch Extension" */ = {
			isa = XCConfigurationList;
			buildConfigurations = (
				86F86EAB22440C6000B69832 /* Debug */,
				86F86EAC22440C6000B69832 /* Release */,
			);
			defaultConfigurationIsVisible = 0;
			defaultConfigurationName = Release;
		};
		86F86EB422440C6000B69832 /* Build configuration list for PBXNativeTarget "MixpanelDemoWatch" */ = {
			isa = XCConfigurationList;
			buildConfigurations = (
				86F86EA922440C6000B69832 /* Debug */,
				86F86EAA22440C6000B69832 /* Release */,
			);
			defaultConfigurationIsVisible = 0;
			defaultConfigurationName = Release;
		};
		86F86F2B22460B3300B69832 /* Build configuration list for PBXNativeTarget "MixpanelDemoTV" */ = {
			isa = XCConfigurationList;
			buildConfigurations = (
				86F86F2322460B3300B69832 /* Debug */,
				86F86F2422460B3300B69832 /* Release */,
			);
			defaultConfigurationIsVisible = 0;
			defaultConfigurationName = Release;
		};
		86F86F2C22460B3300B69832 /* Build configuration list for PBXNativeTarget "MixpanelDemoTVTests" */ = {
			isa = XCConfigurationList;
			buildConfigurations = (
				86F86F2522460B3300B69832 /* Debug */,
				86F86F2622460B3300B69832 /* Release */,
			);
			defaultConfigurationIsVisible = 0;
			defaultConfigurationName = Release;
		};
		86F86F2D22460B3300B69832 /* Build configuration list for PBXNativeTarget "MixpanelDemoTVUITests" */ = {
			isa = XCConfigurationList;
			buildConfigurations = (
				86F86F2722460B3300B69832 /* Debug */,
				86F86F2822460B3300B69832 /* Release */,
			);
			defaultConfigurationIsVisible = 0;
			defaultConfigurationName = Release;
		};
		E15FF7CE1D0461130076CDE3 /* Build configuration list for PBXProject "MixpanelDemo" */ = {
			isa = XCConfigurationList;
			buildConfigurations = (
				E15FF7EE1D0461130076CDE3 /* Debug */,
				E15FF7EF1D0461130076CDE3 /* Release */,
			);
			defaultConfigurationIsVisible = 0;
			defaultConfigurationName = Release;
		};
		E15FF7F01D0461130076CDE3 /* Build configuration list for PBXNativeTarget "MixpanelDemo" */ = {
			isa = XCConfigurationList;
			buildConfigurations = (
				E15FF7F11D0461130076CDE3 /* Debug */,
				E15FF7F21D0461130076CDE3 /* Release */,
			);
			defaultConfigurationIsVisible = 0;
			defaultConfigurationName = Release;
		};
		E15FF7F31D0461130076CDE3 /* Build configuration list for PBXNativeTarget "MixpanelDemoTests" */ = {
			isa = XCConfigurationList;
			buildConfigurations = (
				E15FF7F41D0461130076CDE3 /* Debug */,
				E15FF7F51D0461130076CDE3 /* Release */,
			);
			defaultConfigurationIsVisible = 0;
			defaultConfigurationName = Release;
		};
/* End XCConfigurationList section */
	};
	rootObject = E15FF7CB1D0461130076CDE3 /* Project object */;
}
