// !$*UTF8*$!
{
	archiveVersion = 1;
	classes = {
	};
	objectVersion = 46;
	objects = {

/* Begin PBXBuildFile section */
		51DD567C1D306B740045D3DB /* Logger.swift in Sources */ = {isa = PBXBuildFile; fileRef = 51DD56791D306B740045D3DB /* Logger.swift */; };
		51DD56831D306B7B0045D3DB /* PrintLogging.swift in Sources */ = {isa = PBXBuildFile; fileRef = 51DD56801D306B7B0045D3DB /* PrintLogging.swift */; };
		51DD56841D306B7B0045D3DB /* FileLogging.swift in Sources */ = {isa = PBXBuildFile; fileRef = 51DD56811D306B7B0045D3DB /* FileLogging.swift */; };
		86EE92C821370CA600D55487 /* ExceptionWrapper.h in Headers */ = {isa = PBXBuildFile; fileRef = 86EE92C621370CA600D55487 /* ExceptionWrapper.h */; settings = {ATTRIBUTES = (Public, ); }; };
		86EE92C921370CA600D55487 /* ExceptionWrapper.h in Headers */ = {isa = PBXBuildFile; fileRef = 86EE92C621370CA600D55487 /* ExceptionWrapper.h */; settings = {ATTRIBUTES = (Public, ); }; };
		86EE92CA21370CA600D55487 /* ExceptionWrapper.h in Headers */ = {isa = PBXBuildFile; fileRef = 86EE92C621370CA600D55487 /* ExceptionWrapper.h */; settings = {ATTRIBUTES = (Public, ); }; };
		86EE92CB21370CA600D55487 /* ExceptionWrapper.m in Sources */ = {isa = PBXBuildFile; fileRef = 86EE92C721370CA600D55487 /* ExceptionWrapper.m */; };
		86EE92CC21370CA600D55487 /* ExceptionWrapper.m in Sources */ = {isa = PBXBuildFile; fileRef = 86EE92C721370CA600D55487 /* ExceptionWrapper.m */; };
		86EE92CD21370CA600D55487 /* ExceptionWrapper.m in Sources */ = {isa = PBXBuildFile; fileRef = 86EE92C721370CA600D55487 /* ExceptionWrapper.m */; };
		BB9614171F3BB87700C3EF3E /* ReadWriteLock.swift in Sources */ = {isa = PBXBuildFile; fileRef = BB9614161F3BB87700C3EF3E /* ReadWriteLock.swift */; };
		E10D118D1EC0F30900195CCD /* AutomaticEvents.swift in Sources */ = {isa = PBXBuildFile; fileRef = E151FA371E70DFB5002EF53D /* AutomaticEvents.swift */; };
		E10D118F1EC0F30B00195CCD /* AutomaticEvents.swift in Sources */ = {isa = PBXBuildFile; fileRef = E151FA371E70DFB5002EF53D /* AutomaticEvents.swift */; };
		E115234D1D7A59AF00657E80 /* UIImageToNSDictionary.swift in Sources */ = {isa = PBXBuildFile; fileRef = E115234C1D7A59AF00657E80 /* UIImageToNSDictionary.swift */; };
		E115234F1D7F58B000657E80 /* CGSizeToNSDictionary.swift in Sources */ = {isa = PBXBuildFile; fileRef = E115234E1D7F58B000657E80 /* CGSizeToNSDictionary.swift */; };
		E11523511D7F5C7500657E80 /* UIEdgeInsetsToNSDictionary.swift in Sources */ = {isa = PBXBuildFile; fileRef = E11523501D7F5C7500657E80 /* UIEdgeInsetsToNSDictionary.swift */; };
		E11523531D7F63E400657E80 /* IdentityTransformer.swift in Sources */ = {isa = PBXBuildFile; fileRef = E11523521D7F63E400657E80 /* IdentityTransformer.swift */; };
		E11594811CFF1491007F8B4F /* Mixpanel.h in Headers */ = {isa = PBXBuildFile; fileRef = E11594801CFF1491007F8B4F /* Mixpanel.h */; settings = {ATTRIBUTES = (Public, ); }; };
		E115948B1CFF1538007F8B4F /* Mixpanel.swift in Sources */ = {isa = PBXBuildFile; fileRef = E115948A1CFF1538007F8B4F /* Mixpanel.swift */; };
		E115948E1D000709007F8B4F /* MixpanelInstance.swift in Sources */ = {isa = PBXBuildFile; fileRef = E115948D1D000709007F8B4F /* MixpanelInstance.swift */; };
		E11594931D0036E1007F8B4F /* Persistence.swift in Sources */ = {isa = PBXBuildFile; fileRef = E11594921D0036E1007F8B4F /* Persistence.swift */; };
		E11594971D006022007F8B4F /* Network.swift in Sources */ = {isa = PBXBuildFile; fileRef = E11594961D006022007F8B4F /* Network.swift */; };
		E11594991D01689F007F8B4F /* JSONHandler.swift in Sources */ = {isa = PBXBuildFile; fileRef = E11594981D01689F007F8B4F /* JSONHandler.swift */; };
		E115949F1D01BE14007F8B4F /* Flush.swift in Sources */ = {isa = PBXBuildFile; fileRef = E115949E1D01BE14007F8B4F /* Flush.swift */; };
		E11594A11D01C597007F8B4F /* Track.swift in Sources */ = {isa = PBXBuildFile; fileRef = E11594A01D01C597007F8B4F /* Track.swift */; };
		E11619DB1D5D52F900610404 /* BaseNotificationViewController.swift in Sources */ = {isa = PBXBuildFile; fileRef = E11619DA1D5D52F900610404 /* BaseNotificationViewController.swift */; };
		E11801AC1D7F7C970006DD2B /* UIColorToNSString.swift in Sources */ = {isa = PBXBuildFile; fileRef = E11801AB1D7F7C970006DD2B /* UIColorToNSString.swift */; };
		E11801AE1D7F86320006DD2B /* NSAttributedStringToNSDictionary.swift in Sources */ = {isa = PBXBuildFile; fileRef = E11801AD1D7F86320006DD2B /* NSAttributedStringToNSDictionary.swift */; };
		E11801B01D7F92F10006DD2B /* UIFontToNSDictionary.swift in Sources */ = {isa = PBXBuildFile; fileRef = E11801AF1D7F92F10006DD2B /* UIFontToNSDictionary.swift */; };
		E118E9FE1E37DE3B00223C47 /* TakeoverNotification.swift in Sources */ = {isa = PBXBuildFile; fileRef = E118E9FD1E37DE3B00223C47 /* TakeoverNotification.swift */; };
		E118EA001E37E28400223C47 /* InAppButton.swift in Sources */ = {isa = PBXBuildFile; fileRef = E118E9FF1E37E28400223C47 /* InAppButton.swift */; };
		E118EA021E37F3A700223C47 /* MiniNotification.swift in Sources */ = {isa = PBXBuildFile; fileRef = E118EA011E37F3A700223C47 /* MiniNotification.swift */; };
		E12782BB1D4AB5CB0025FB05 /* PrintLogging.swift in Sources */ = {isa = PBXBuildFile; fileRef = 51DD56801D306B7B0045D3DB /* PrintLogging.swift */; };
		E12782BC1D4AB5CB0025FB05 /* FileLogging.swift in Sources */ = {isa = PBXBuildFile; fileRef = 51DD56811D306B7B0045D3DB /* FileLogging.swift */; };
		E12782BD1D4AB5CB0025FB05 /* Logger.swift in Sources */ = {isa = PBXBuildFile; fileRef = 51DD56791D306B740045D3DB /* Logger.swift */; };
		E12782BE1D4AB5CB0025FB05 /* Mixpanel.swift in Sources */ = {isa = PBXBuildFile; fileRef = E115948A1CFF1538007F8B4F /* Mixpanel.swift */; };
		E12782BF1D4AB5CB0025FB05 /* MixpanelInstance.swift in Sources */ = {isa = PBXBuildFile; fileRef = E115948D1D000709007F8B4F /* MixpanelInstance.swift */; };
		E12782C01D4AB5CB0025FB05 /* Persistence.swift in Sources */ = {isa = PBXBuildFile; fileRef = E11594921D0036E1007F8B4F /* Persistence.swift */; };
		E12782C11D4AB5CB0025FB05 /* Network.swift in Sources */ = {isa = PBXBuildFile; fileRef = E11594961D006022007F8B4F /* Network.swift */; };
		E12782C21D4AB5CB0025FB05 /* JSONHandler.swift in Sources */ = {isa = PBXBuildFile; fileRef = E11594981D01689F007F8B4F /* JSONHandler.swift */; };
		E12782C31D4AB5CB0025FB05 /* Flush.swift in Sources */ = {isa = PBXBuildFile; fileRef = E115949E1D01BE14007F8B4F /* Flush.swift */; };
		E12782C41D4AB5CB0025FB05 /* FlushRequest.swift in Sources */ = {isa = PBXBuildFile; fileRef = E1D335CB1D303A0D00E68E12 /* FlushRequest.swift */; };
		E12782C51D4AB5CB0025FB05 /* Track.swift in Sources */ = {isa = PBXBuildFile; fileRef = E11594A01D01C597007F8B4F /* Track.swift */; };
		E12782C61D4AB5CB0025FB05 /* People.swift in Sources */ = {isa = PBXBuildFile; fileRef = E15FF7C71D0435670076CDE3 /* People.swift */; };
		E12782C71D4AB5CB0025FB05 /* Error.swift in Sources */ = {isa = PBXBuildFile; fileRef = E1982BFE1D0AC2E2006B7330 /* Error.swift */; };
		E12782C81D4AB5CB0025FB05 /* Constants.swift in Sources */ = {isa = PBXBuildFile; fileRef = E1D335CD1D30578E00E68E12 /* Constants.swift */; };
		E12782C91D4AB5CB0025FB05 /* AutomaticProperties.swift in Sources */ = {isa = PBXBuildFile; fileRef = E1D335CF1D3059A800E68E12 /* AutomaticProperties.swift */; };
		E12BD38D1D91EBE2008989C9 /* SHA256.swift in Sources */ = {isa = PBXBuildFile; fileRef = E12BD38C1D91EBE2008989C9 /* SHA256.swift */; };
		E142DBD11D75F86300F34C12 /* ObjectSerializer.swift in Sources */ = {isa = PBXBuildFile; fileRef = E142DBD01D75F86300F34C12 /* ObjectSerializer.swift */; };
		E142DBD31D76263600F34C12 /* ObjectSerializerContext.swift in Sources */ = {isa = PBXBuildFile; fileRef = E142DBD21D76263600F34C12 /* ObjectSerializerContext.swift */; };
		E1497EF21D6B8DC900B2B65C /* CodelessBinding.swift in Sources */ = {isa = PBXBuildFile; fileRef = E1497EF11D6B8DC900B2B65C /* CodelessBinding.swift */; };
		E14A42971D79FFDE0021D42D /* UIViewSelectors.swift in Sources */ = {isa = PBXBuildFile; fileRef = E14A42961D79FFDE0021D42D /* UIViewSelectors.swift */; };
		E151FA381E70DFB5002EF53D /* AutomaticEvents.swift in Sources */ = {isa = PBXBuildFile; fileRef = E151FA371E70DFB5002EF53D /* AutomaticEvents.swift */; };
		E154220C1D6E199B009421A0 /* UIControlBinding.swift in Sources */ = {isa = PBXBuildFile; fileRef = E154220B1D6E199B009421A0 /* UIControlBinding.swift */; };
		E154220E1D6E19A7009421A0 /* UITableViewBinding.swift in Sources */ = {isa = PBXBuildFile; fileRef = E154220D1D6E19A7009421A0 /* UITableViewBinding.swift */; };
		E15422111D6E5835009421A0 /* ObjectSelector.swift in Sources */ = {isa = PBXBuildFile; fileRef = E15422101D6E5835009421A0 /* ObjectSelector.swift */; };
		E15422131D6E5A9F009421A0 /* ObjectFilter.swift in Sources */ = {isa = PBXBuildFile; fileRef = E15422121D6E5A9F009421A0 /* ObjectFilter.swift */; };
		E15422151D6F9F44009421A0 /* Codeless.swift in Sources */ = {isa = PBXBuildFile; fileRef = E15422141D6F9F44009421A0 /* Codeless.swift */; };
		E15422171D6FBA97009421A0 /* Swizzle.swift in Sources */ = {isa = PBXBuildFile; fileRef = E15422161D6FBA97009421A0 /* Swizzle.swift */; };
		E15422191D6FBFA6009421A0 /* WebSocketWrapper.swift in Sources */ = {isa = PBXBuildFile; fileRef = E15422181D6FBFA6009421A0 /* WebSocketWrapper.swift */; };
		E154221D1D70BF33009421A0 /* BaseWebSocketMessage.swift in Sources */ = {isa = PBXBuildFile; fileRef = E154221C1D70BF33009421A0 /* BaseWebSocketMessage.swift */; };
		E154221F1D70DB09009421A0 /* WebSocket.swift in Sources */ = {isa = PBXBuildFile; fileRef = E154221E1D70DB09009421A0 /* WebSocket.swift */; };
		E15422211D70DBB3009421A0 /* SSLSecurity.swift in Sources */ = {isa = PBXBuildFile; fileRef = E15422201D70DBB3009421A0 /* SSLSecurity.swift */; };
		E15422251D71056C009421A0 /* DeviceInfoMessage.swift in Sources */ = {isa = PBXBuildFile; fileRef = E15422241D71056C009421A0 /* DeviceInfoMessage.swift */; };
		E15422291D710587009421A0 /* SnapshotMessage.swift in Sources */ = {isa = PBXBuildFile; fileRef = E15422281D710587009421A0 /* SnapshotMessage.swift */; };
		E154222D1D71059D009421A0 /* BindingMessage.swift in Sources */ = {isa = PBXBuildFile; fileRef = E154222C1D71059D009421A0 /* BindingMessage.swift */; };
		E15422311D7105D3009421A0 /* DisconnectMessage.swift in Sources */ = {isa = PBXBuildFile; fileRef = E15422301D7105D3009421A0 /* DisconnectMessage.swift */; };
		E15422331D74CB2B009421A0 /* ObjectSerializerConfig.swift in Sources */ = {isa = PBXBuildFile; fileRef = E15422321D74CB2B009421A0 /* ObjectSerializerConfig.swift */; };
		E15422351D751015009421A0 /* ObjectIdentityProvider.swift in Sources */ = {isa = PBXBuildFile; fileRef = E15422341D751015009421A0 /* ObjectIdentityProvider.swift */; };
		E15422371D751053009421A0 /* ApplicationStateSerializer.swift in Sources */ = {isa = PBXBuildFile; fileRef = E15422361D751053009421A0 /* ApplicationStateSerializer.swift */; };
		E158C6E71D5D32DD00651465 /* TakeoverNotificationViewController.swift in Sources */ = {isa = PBXBuildFile; fileRef = E158C6E51D5D32DD00651465 /* TakeoverNotificationViewController.swift */; };
		E158C6E81D5D32DD00651465 /* TakeoverNotificationViewController~ipad.xib in Resources */ = {isa = PBXBuildFile; fileRef = E158C6E61D5D32DD00651465 /* TakeoverNotificationViewController~ipad.xib */; };
		E158C6F11D5D39A100651465 /* TakeoverNotificationViewController~iphonelandscape.xib in Resources */ = {isa = PBXBuildFile; fileRef = E158C6EF1D5D39A100651465 /* TakeoverNotificationViewController~iphonelandscape.xib */; };
		E158C6F21D5D39A100651465 /* TakeoverNotificationViewController~iphoneportrait.xib in Resources */ = {isa = PBXBuildFile; fileRef = E158C6F01D5D39A100651465 /* TakeoverNotificationViewController~iphoneportrait.xib */; };
		E158C6F71D5D3AAE00651465 /* MPCloseButton.png in Resources */ = {isa = PBXBuildFile; fileRef = E158C6F41D5D3AAE00651465 /* MPCloseButton.png */; };
		E158C6F81D5D3AAE00651465 /* MPCloseButton@2x.png in Resources */ = {isa = PBXBuildFile; fileRef = E158C6F51D5D3AAE00651465 /* MPCloseButton@2x.png */; };
		E158C6F91D5D3AAE00651465 /* MPCloseButton@3x.png in Resources */ = {isa = PBXBuildFile; fileRef = E158C6F61D5D3AAE00651465 /* MPCloseButton@3x.png */; };
		E1592B9B1D7F6F38007BBACA /* CGRectToNSDictionary.swift in Sources */ = {isa = PBXBuildFile; fileRef = E1592B9A1D7F6F38007BBACA /* CGRectToNSDictionary.swift */; };
		E1592B9D1D7F6F4A007BBACA /* CGPointToNSDictionary.swift in Sources */ = {isa = PBXBuildFile; fileRef = E1592B9C1D7F6F4A007BBACA /* CGPointToNSDictionary.swift */; };
		E1592B9F1D7F79FD007BBACA /* CGAffineTransformToNSDictionary.swift in Sources */ = {isa = PBXBuildFile; fileRef = E1592B9E1D7F79FD007BBACA /* CGAffineTransformToNSDictionary.swift */; };
		E15FF7C61D02C9E10076CDE3 /* CoreTelephony.framework in Frameworks */ = {isa = PBXBuildFile; fileRef = E15FF7C51D02C9E10076CDE3 /* CoreTelephony.framework */; };
		E15FF7C81D0435670076CDE3 /* People.swift in Sources */ = {isa = PBXBuildFile; fileRef = E15FF7C71D0435670076CDE3 /* People.swift */; };
		E165228F1D6781DF000D5949 /* MixpanelType.swift in Sources */ = {isa = PBXBuildFile; fileRef = E165228E1D6781DF000D5949 /* MixpanelType.swift */; };
		E16522901D67D421000D5949 /* MixpanelType.swift in Sources */ = {isa = PBXBuildFile; fileRef = E165228E1D6781DF000D5949 /* MixpanelType.swift */; };
		E16C0EB31D80BF290051EF35 /* MD5.swift in Sources */ = {isa = PBXBuildFile; fileRef = E16C0EB21D80BF290051EF35 /* MD5.swift */; };
		E174DADD1DA336C000FED703 /* TweakLibrary.swift in Sources */ = {isa = PBXBuildFile; fileRef = E174DADC1DA336C000FED703 /* TweakLibrary.swift */; };
		E174DADF1DA336D300FED703 /* TweakStore.swift in Sources */ = {isa = PBXBuildFile; fileRef = E174DADE1DA336D300FED703 /* TweakStore.swift */; };
		E174DAE11DA336EC00FED703 /* Tweak.swift in Sources */ = {isa = PBXBuildFile; fileRef = E174DAE01DA336EC00FED703 /* Tweak.swift */; };
		E174DAE31DA3370300FED703 /* TweakableType.swift in Sources */ = {isa = PBXBuildFile; fileRef = E174DAE21DA3370300FED703 /* TweakableType.swift */; };
		E174DAE51DA3373600FED703 /* TweakBinding.swift in Sources */ = {isa = PBXBuildFile; fileRef = E174DAE41DA3373500FED703 /* TweakBinding.swift */; };
		E174DAE71DA3374A00FED703 /* AnyTweak.swift in Sources */ = {isa = PBXBuildFile; fileRef = E174DAE61DA3374A00FED703 /* AnyTweak.swift */; };
		E174DAE91DA3377800FED703 /* TweakClusterType.swift in Sources */ = {isa = PBXBuildFile; fileRef = E174DAE81DA3377800FED703 /* TweakClusterType.swift */; };
		E174DAEB1DA337A300FED703 /* TweakPersistency.swift in Sources */ = {isa = PBXBuildFile; fileRef = E174DAEA1DA337A300FED703 /* TweakPersistency.swift */; };
		E174DAEE1DA337CB00FED703 /* TweakCollection.swift in Sources */ = {isa = PBXBuildFile; fileRef = E174DAEC1DA337CB00FED703 /* TweakCollection.swift */; };
		E174DAEF1DA337CB00FED703 /* TweakViewData.swift in Sources */ = {isa = PBXBuildFile; fileRef = E174DAED1DA337CB00FED703 /* TweakViewData.swift */; };
		E174DAF11DA337E400FED703 /* TweakGroup.swift in Sources */ = {isa = PBXBuildFile; fileRef = E174DAF01DA337E400FED703 /* TweakGroup.swift */; };
		E174DAF31DA3380900FED703 /* Clip.swift in Sources */ = {isa = PBXBuildFile; fileRef = E174DAF21DA3380900FED703 /* Clip.swift */; };
		E174DAF71DA45C9D00FED703 /* ChangeMessage.swift in Sources */ = {isa = PBXBuildFile; fileRef = E174DAF61DA45C9D00FED703 /* ChangeMessage.swift */; };
		E174DAF91DA4623E00FED703 /* TweakMessage.swift in Sources */ = {isa = PBXBuildFile; fileRef = E174DAF81DA4623E00FED703 /* TweakMessage.swift */; };
		E174DB361DA83F2E00FED703 /* ClearMessage.swift in Sources */ = {isa = PBXBuildFile; fileRef = E174DB351DA83F2E00FED703 /* ClearMessage.swift */; };
		E189D8F61D54ECBF007F3F29 /* Decide.swift in Sources */ = {isa = PBXBuildFile; fileRef = E189D8F51D54ECBF007F3F29 /* Decide.swift */; };
		E189D8F81D552324007F3F29 /* DecideRequest.swift in Sources */ = {isa = PBXBuildFile; fileRef = E189D8F71D552324007F3F29 /* DecideRequest.swift */; };
		E189D8FD1D5A6985007F3F29 /* InAppNotifications.swift in Sources */ = {isa = PBXBuildFile; fileRef = E189D8FC1D5A6985007F3F29 /* InAppNotifications.swift */; };
		E19052001F9548F000900E5D /* ReadWriteLock.swift in Sources */ = {isa = PBXBuildFile; fileRef = BB9614161F3BB87700C3EF3E /* ReadWriteLock.swift */; };
		E19052011F9548F000900E5D /* ReadWriteLock.swift in Sources */ = {isa = PBXBuildFile; fileRef = BB9614161F3BB87700C3EF3E /* ReadWriteLock.swift */; };
		E190522D1F9FC1BC00900E5D /* SessionMetadata.swift in Sources */ = {isa = PBXBuildFile; fileRef = E190522C1F9FC1BC00900E5D /* SessionMetadata.swift */; };
		E19087BF1E53985300023FCC /* placeholder-image.png in Resources */ = {isa = PBXBuildFile; fileRef = E19087BE1E53985300023FCC /* placeholder-image.png */; };
		E19312671D5A7848007CE1E9 /* InAppNotification.swift in Sources */ = {isa = PBXBuildFile; fileRef = E19312661D5A7848007CE1E9 /* InAppNotification.swift */; };
		E193126B1D5B9D1E007CE1E9 /* MiniNotificationViewController.swift in Sources */ = {isa = PBXBuildFile; fileRef = E19312691D5B9D1E007CE1E9 /* MiniNotificationViewController.swift */; };
		E193126C1D5B9D1E007CE1E9 /* MiniNotificationViewController.xib in Resources */ = {isa = PBXBuildFile; fileRef = E193126A1D5B9D1E007CE1E9 /* MiniNotificationViewController.xib */; };
		E1982BFF1D0AC2E2006B7330 /* Error.swift in Sources */ = {isa = PBXBuildFile; fileRef = E1982BFE1D0AC2E2006B7330 /* Error.swift */; };
		E19D12921D9C580400A8016D /* Variant.swift in Sources */ = {isa = PBXBuildFile; fileRef = E19D12911D9C580400A8016D /* Variant.swift */; };
		E19D12941D9C5E5800A8016D /* VariantAction.swift in Sources */ = {isa = PBXBuildFile; fileRef = E19D12931D9C5E5800A8016D /* VariantAction.swift */; };
		E19D12961D9C5E6600A8016D /* VariantTweak.swift in Sources */ = {isa = PBXBuildFile; fileRef = E19D12951D9C5E6600A8016D /* VariantTweak.swift */; };
		E19D12981D9C94A900A8016D /* ABTesting.swift in Sources */ = {isa = PBXBuildFile; fileRef = E19D12971D9C94A900A8016D /* ABTesting.swift */; };
		E1D335CC1D303A0D00E68E12 /* FlushRequest.swift in Sources */ = {isa = PBXBuildFile; fileRef = E1D335CB1D303A0D00E68E12 /* FlushRequest.swift */; };
		E1D335CE1D30578E00E68E12 /* Constants.swift in Sources */ = {isa = PBXBuildFile; fileRef = E1D335CD1D30578E00E68E12 /* Constants.swift */; };
		E1D335D01D3059A800E68E12 /* AutomaticProperties.swift in Sources */ = {isa = PBXBuildFile; fileRef = E1D335CF1D3059A800E68E12 /* AutomaticProperties.swift */; };
		E1ECD00B1FA001AD002104E8 /* SessionMetadata.swift in Sources */ = {isa = PBXBuildFile; fileRef = E190522C1F9FC1BC00900E5D /* SessionMetadata.swift */; };
		E1ECD00C1FA001AD002104E8 /* SessionMetadata.swift in Sources */ = {isa = PBXBuildFile; fileRef = E190522C1F9FC1BC00900E5D /* SessionMetadata.swift */; };
		E1F15FD21E64A2AB00391AE3 /* Mixpanel.h in Headers */ = {isa = PBXBuildFile; fileRef = E11594801CFF1491007F8B4F /* Mixpanel.h */; settings = {ATTRIBUTES = (Public, ); }; };
		E1F15FD41E64B51300391AE3 /* Mixpanel.h in Headers */ = {isa = PBXBuildFile; fileRef = E11594801CFF1491007F8B4F /* Mixpanel.h */; settings = {ATTRIBUTES = (Public, ); }; };
		E1F15FD51E64B5F800391AE3 /* Network.swift in Sources */ = {isa = PBXBuildFile; fileRef = E11594961D006022007F8B4F /* Network.swift */; };
		E1F15FD61E64B5FC00391AE3 /* FlushRequest.swift in Sources */ = {isa = PBXBuildFile; fileRef = E1D335CB1D303A0D00E68E12 /* FlushRequest.swift */; };
		E1F15FD71E64B60200391AE3 /* PrintLogging.swift in Sources */ = {isa = PBXBuildFile; fileRef = 51DD56801D306B7B0045D3DB /* PrintLogging.swift */; };
		E1F15FD81E64B60200391AE3 /* FileLogging.swift in Sources */ = {isa = PBXBuildFile; fileRef = 51DD56811D306B7B0045D3DB /* FileLogging.swift */; };
		E1F15FD91E64B60600391AE3 /* Logger.swift in Sources */ = {isa = PBXBuildFile; fileRef = 51DD56791D306B740045D3DB /* Logger.swift */; };
		E1F15FDA1E64B60A00391AE3 /* JSONHandler.swift in Sources */ = {isa = PBXBuildFile; fileRef = E11594981D01689F007F8B4F /* JSONHandler.swift */; };
		E1F15FDB1E64B60A00391AE3 /* Error.swift in Sources */ = {isa = PBXBuildFile; fileRef = E1982BFE1D0AC2E2006B7330 /* Error.swift */; };
		E1F15FDC1E64B60A00391AE3 /* AutomaticProperties.swift in Sources */ = {isa = PBXBuildFile; fileRef = E1D335CF1D3059A800E68E12 /* AutomaticProperties.swift */; };
		E1F15FDD1E64B60A00391AE3 /* Constants.swift in Sources */ = {isa = PBXBuildFile; fileRef = E1D335CD1D30578E00E68E12 /* Constants.swift */; };
		E1F15FDE1E64B60A00391AE3 /* MixpanelType.swift in Sources */ = {isa = PBXBuildFile; fileRef = E165228E1D6781DF000D5949 /* MixpanelType.swift */; };
		E1F15FDF1E64B60D00391AE3 /* Mixpanel.swift in Sources */ = {isa = PBXBuildFile; fileRef = E115948A1CFF1538007F8B4F /* Mixpanel.swift */; };
		E1F15FE01E64B60D00391AE3 /* MixpanelInstance.swift in Sources */ = {isa = PBXBuildFile; fileRef = E115948D1D000709007F8B4F /* MixpanelInstance.swift */; };
		E1F15FE11E64B60D00391AE3 /* Persistence.swift in Sources */ = {isa = PBXBuildFile; fileRef = E11594921D0036E1007F8B4F /* Persistence.swift */; };
		E1F15FE21E64B60D00391AE3 /* Flush.swift in Sources */ = {isa = PBXBuildFile; fileRef = E115949E1D01BE14007F8B4F /* Flush.swift */; };
		E1F15FE31E64B60D00391AE3 /* Track.swift in Sources */ = {isa = PBXBuildFile; fileRef = E11594A01D01C597007F8B4F /* Track.swift */; };
		E1F15FE41E64B60D00391AE3 /* People.swift in Sources */ = {isa = PBXBuildFile; fileRef = E15FF7C71D0435670076CDE3 /* People.swift */; };
		F05767541F8D909600499D9B /* ConnectIntegrations.swift in Sources */ = {isa = PBXBuildFile; fileRef = F05767531F8D909600499D9B /* ConnectIntegrations.swift */; };
/* End PBXBuildFile section */

/* Begin PBXFileReference section */
		51DD56791D306B740045D3DB /* Logger.swift */ = {isa = PBXFileReference; fileEncoding = 4; lastKnownFileType = sourcecode.swift; path = Logger.swift; sourceTree = "<group>"; };
		51DD56801D306B7B0045D3DB /* PrintLogging.swift */ = {isa = PBXFileReference; fileEncoding = 4; lastKnownFileType = sourcecode.swift; path = PrintLogging.swift; sourceTree = "<group>"; };
		51DD56811D306B7B0045D3DB /* FileLogging.swift */ = {isa = PBXFileReference; fileEncoding = 4; lastKnownFileType = sourcecode.swift; path = FileLogging.swift; sourceTree = "<group>"; };
		86EE92C621370CA600D55487 /* ExceptionWrapper.h */ = {isa = PBXFileReference; lastKnownFileType = sourcecode.c.h; path = ExceptionWrapper.h; sourceTree = "<group>"; };
		86EE92C721370CA600D55487 /* ExceptionWrapper.m */ = {isa = PBXFileReference; lastKnownFileType = sourcecode.c.objc; path = ExceptionWrapper.m; sourceTree = "<group>"; };
		BB9614161F3BB87700C3EF3E /* ReadWriteLock.swift */ = {isa = PBXFileReference; fileEncoding = 4; lastKnownFileType = sourcecode.swift; path = ReadWriteLock.swift; sourceTree = "<group>"; };
		E115234C1D7A59AF00657E80 /* UIImageToNSDictionary.swift */ = {isa = PBXFileReference; fileEncoding = 4; lastKnownFileType = sourcecode.swift; path = UIImageToNSDictionary.swift; sourceTree = "<group>"; };
		E115234E1D7F58B000657E80 /* CGSizeToNSDictionary.swift */ = {isa = PBXFileReference; fileEncoding = 4; lastKnownFileType = sourcecode.swift; path = CGSizeToNSDictionary.swift; sourceTree = "<group>"; };
		E11523501D7F5C7500657E80 /* UIEdgeInsetsToNSDictionary.swift */ = {isa = PBXFileReference; fileEncoding = 4; lastKnownFileType = sourcecode.swift; path = UIEdgeInsetsToNSDictionary.swift; sourceTree = "<group>"; };
		E11523521D7F63E400657E80 /* IdentityTransformer.swift */ = {isa = PBXFileReference; fileEncoding = 4; lastKnownFileType = sourcecode.swift; path = IdentityTransformer.swift; sourceTree = "<group>"; };
		E115947D1CFF1491007F8B4F /* Mixpanel.framework */ = {isa = PBXFileReference; explicitFileType = wrapper.framework; includeInIndex = 0; path = Mixpanel.framework; sourceTree = BUILT_PRODUCTS_DIR; };
		E11594801CFF1491007F8B4F /* Mixpanel.h */ = {isa = PBXFileReference; lastKnownFileType = sourcecode.c.h; path = Mixpanel.h; sourceTree = "<group>"; };
		E11594821CFF1491007F8B4F /* Info.plist */ = {isa = PBXFileReference; lastKnownFileType = text.plist.xml; path = Info.plist; sourceTree = "<group>"; };
		E115948A1CFF1538007F8B4F /* Mixpanel.swift */ = {isa = PBXFileReference; fileEncoding = 4; lastKnownFileType = sourcecode.swift; path = Mixpanel.swift; sourceTree = "<group>"; };
		E115948D1D000709007F8B4F /* MixpanelInstance.swift */ = {isa = PBXFileReference; fileEncoding = 4; lastKnownFileType = sourcecode.swift; path = MixpanelInstance.swift; sourceTree = "<group>"; };
		E11594921D0036E1007F8B4F /* Persistence.swift */ = {isa = PBXFileReference; fileEncoding = 4; lastKnownFileType = sourcecode.swift; path = Persistence.swift; sourceTree = "<group>"; };
		E11594961D006022007F8B4F /* Network.swift */ = {isa = PBXFileReference; fileEncoding = 4; lastKnownFileType = sourcecode.swift; path = Network.swift; sourceTree = "<group>"; };
		E11594981D01689F007F8B4F /* JSONHandler.swift */ = {isa = PBXFileReference; fileEncoding = 4; lastKnownFileType = sourcecode.swift; path = JSONHandler.swift; sourceTree = "<group>"; };
		E115949E1D01BE14007F8B4F /* Flush.swift */ = {isa = PBXFileReference; fileEncoding = 4; lastKnownFileType = sourcecode.swift; path = Flush.swift; sourceTree = "<group>"; };
		E11594A01D01C597007F8B4F /* Track.swift */ = {isa = PBXFileReference; fileEncoding = 4; lastKnownFileType = sourcecode.swift; path = Track.swift; sourceTree = "<group>"; };
		E11619DA1D5D52F900610404 /* BaseNotificationViewController.swift */ = {isa = PBXFileReference; fileEncoding = 4; lastKnownFileType = sourcecode.swift; path = BaseNotificationViewController.swift; sourceTree = "<group>"; };
		E11801AB1D7F7C970006DD2B /* UIColorToNSString.swift */ = {isa = PBXFileReference; fileEncoding = 4; lastKnownFileType = sourcecode.swift; path = UIColorToNSString.swift; sourceTree = "<group>"; };
		E11801AD1D7F86320006DD2B /* NSAttributedStringToNSDictionary.swift */ = {isa = PBXFileReference; fileEncoding = 4; lastKnownFileType = sourcecode.swift; path = NSAttributedStringToNSDictionary.swift; sourceTree = "<group>"; };
		E11801AF1D7F92F10006DD2B /* UIFontToNSDictionary.swift */ = {isa = PBXFileReference; fileEncoding = 4; lastKnownFileType = sourcecode.swift; path = UIFontToNSDictionary.swift; sourceTree = "<group>"; };
		E118E9FD1E37DE3B00223C47 /* TakeoverNotification.swift */ = {isa = PBXFileReference; fileEncoding = 4; lastKnownFileType = sourcecode.swift; path = TakeoverNotification.swift; sourceTree = "<group>"; };
		E118E9FF1E37E28400223C47 /* InAppButton.swift */ = {isa = PBXFileReference; fileEncoding = 4; lastKnownFileType = sourcecode.swift; path = InAppButton.swift; sourceTree = "<group>"; };
		E118EA011E37F3A700223C47 /* MiniNotification.swift */ = {isa = PBXFileReference; fileEncoding = 4; lastKnownFileType = sourcecode.swift; path = MiniNotification.swift; sourceTree = "<group>"; };
		E12782B31D4AB4B30025FB05 /* Mixpanel.framework */ = {isa = PBXFileReference; explicitFileType = wrapper.framework; includeInIndex = 0; path = Mixpanel.framework; sourceTree = BUILT_PRODUCTS_DIR; };
		E12BD38C1D91EBE2008989C9 /* SHA256.swift */ = {isa = PBXFileReference; fileEncoding = 4; lastKnownFileType = sourcecode.swift; path = SHA256.swift; sourceTree = "<group>"; };
		E142DBD01D75F86300F34C12 /* ObjectSerializer.swift */ = {isa = PBXFileReference; fileEncoding = 4; lastKnownFileType = sourcecode.swift; path = ObjectSerializer.swift; sourceTree = "<group>"; };
		E142DBD21D76263600F34C12 /* ObjectSerializerContext.swift */ = {isa = PBXFileReference; fileEncoding = 4; lastKnownFileType = sourcecode.swift; path = ObjectSerializerContext.swift; sourceTree = "<group>"; };
		E1497EF11D6B8DC900B2B65C /* CodelessBinding.swift */ = {isa = PBXFileReference; fileEncoding = 4; lastKnownFileType = sourcecode.swift; path = CodelessBinding.swift; sourceTree = "<group>"; };
		E14A42961D79FFDE0021D42D /* UIViewSelectors.swift */ = {isa = PBXFileReference; fileEncoding = 4; lastKnownFileType = sourcecode.swift; path = UIViewSelectors.swift; sourceTree = "<group>"; };
		E151FA371E70DFB5002EF53D /* AutomaticEvents.swift */ = {isa = PBXFileReference; fileEncoding = 4; lastKnownFileType = sourcecode.swift; path = AutomaticEvents.swift; sourceTree = "<group>"; };
		E154220B1D6E199B009421A0 /* UIControlBinding.swift */ = {isa = PBXFileReference; fileEncoding = 4; lastKnownFileType = sourcecode.swift; path = UIControlBinding.swift; sourceTree = "<group>"; };
		E154220D1D6E19A7009421A0 /* UITableViewBinding.swift */ = {isa = PBXFileReference; fileEncoding = 4; lastKnownFileType = sourcecode.swift; path = UITableViewBinding.swift; sourceTree = "<group>"; };
		E15422101D6E5835009421A0 /* ObjectSelector.swift */ = {isa = PBXFileReference; fileEncoding = 4; lastKnownFileType = sourcecode.swift; path = ObjectSelector.swift; sourceTree = "<group>"; };
		E15422121D6E5A9F009421A0 /* ObjectFilter.swift */ = {isa = PBXFileReference; fileEncoding = 4; lastKnownFileType = sourcecode.swift; path = ObjectFilter.swift; sourceTree = "<group>"; };
		E15422141D6F9F44009421A0 /* Codeless.swift */ = {isa = PBXFileReference; fileEncoding = 4; lastKnownFileType = sourcecode.swift; path = Codeless.swift; sourceTree = "<group>"; };
		E15422161D6FBA97009421A0 /* Swizzle.swift */ = {isa = PBXFileReference; fileEncoding = 4; lastKnownFileType = sourcecode.swift; path = Swizzle.swift; sourceTree = "<group>"; };
		E15422181D6FBFA6009421A0 /* WebSocketWrapper.swift */ = {isa = PBXFileReference; fileEncoding = 4; lastKnownFileType = sourcecode.swift; path = WebSocketWrapper.swift; sourceTree = "<group>"; };
		E154221C1D70BF33009421A0 /* BaseWebSocketMessage.swift */ = {isa = PBXFileReference; fileEncoding = 4; lastKnownFileType = sourcecode.swift; path = BaseWebSocketMessage.swift; sourceTree = "<group>"; };
		E154221E1D70DB09009421A0 /* WebSocket.swift */ = {isa = PBXFileReference; fileEncoding = 4; lastKnownFileType = sourcecode.swift; path = WebSocket.swift; sourceTree = "<group>"; };
		E15422201D70DBB3009421A0 /* SSLSecurity.swift */ = {isa = PBXFileReference; fileEncoding = 4; lastKnownFileType = sourcecode.swift; path = SSLSecurity.swift; sourceTree = "<group>"; };
		E15422241D71056C009421A0 /* DeviceInfoMessage.swift */ = {isa = PBXFileReference; fileEncoding = 4; lastKnownFileType = sourcecode.swift; path = DeviceInfoMessage.swift; sourceTree = "<group>"; };
		E15422281D710587009421A0 /* SnapshotMessage.swift */ = {isa = PBXFileReference; fileEncoding = 4; lastKnownFileType = sourcecode.swift; path = SnapshotMessage.swift; sourceTree = "<group>"; };
		E154222C1D71059D009421A0 /* BindingMessage.swift */ = {isa = PBXFileReference; fileEncoding = 4; lastKnownFileType = sourcecode.swift; path = BindingMessage.swift; sourceTree = "<group>"; };
		E15422301D7105D3009421A0 /* DisconnectMessage.swift */ = {isa = PBXFileReference; fileEncoding = 4; lastKnownFileType = sourcecode.swift; path = DisconnectMessage.swift; sourceTree = "<group>"; };
		E15422321D74CB2B009421A0 /* ObjectSerializerConfig.swift */ = {isa = PBXFileReference; fileEncoding = 4; lastKnownFileType = sourcecode.swift; path = ObjectSerializerConfig.swift; sourceTree = "<group>"; };
		E15422341D751015009421A0 /* ObjectIdentityProvider.swift */ = {isa = PBXFileReference; fileEncoding = 4; lastKnownFileType = sourcecode.swift; path = ObjectIdentityProvider.swift; sourceTree = "<group>"; };
		E15422361D751053009421A0 /* ApplicationStateSerializer.swift */ = {isa = PBXFileReference; fileEncoding = 4; lastKnownFileType = sourcecode.swift; path = ApplicationStateSerializer.swift; sourceTree = "<group>"; };
		E158C6E51D5D32DD00651465 /* TakeoverNotificationViewController.swift */ = {isa = PBXFileReference; fileEncoding = 4; lastKnownFileType = sourcecode.swift; path = TakeoverNotificationViewController.swift; sourceTree = "<group>"; };
		E158C6E61D5D32DD00651465 /* TakeoverNotificationViewController~ipad.xib */ = {isa = PBXFileReference; fileEncoding = 4; lastKnownFileType = file.xib; path = "TakeoverNotificationViewController~ipad.xib"; sourceTree = "<group>"; };
		E158C6EF1D5D39A100651465 /* TakeoverNotificationViewController~iphonelandscape.xib */ = {isa = PBXFileReference; fileEncoding = 4; lastKnownFileType = file.xib; path = "TakeoverNotificationViewController~iphonelandscape.xib"; sourceTree = "<group>"; };
		E158C6F01D5D39A100651465 /* TakeoverNotificationViewController~iphoneportrait.xib */ = {isa = PBXFileReference; fileEncoding = 4; lastKnownFileType = file.xib; path = "TakeoverNotificationViewController~iphoneportrait.xib"; sourceTree = "<group>"; };
		E158C6F41D5D3AAE00651465 /* MPCloseButton.png */ = {isa = PBXFileReference; lastKnownFileType = image.png; path = MPCloseButton.png; sourceTree = "<group>"; };
		E158C6F51D5D3AAE00651465 /* MPCloseButton@2x.png */ = {isa = PBXFileReference; lastKnownFileType = image.png; path = "MPCloseButton@2x.png"; sourceTree = "<group>"; };
		E158C6F61D5D3AAE00651465 /* MPCloseButton@3x.png */ = {isa = PBXFileReference; lastKnownFileType = image.png; path = "MPCloseButton@3x.png"; sourceTree = "<group>"; };
		E1592B9A1D7F6F38007BBACA /* CGRectToNSDictionary.swift */ = {isa = PBXFileReference; fileEncoding = 4; lastKnownFileType = sourcecode.swift; path = CGRectToNSDictionary.swift; sourceTree = "<group>"; };
		E1592B9C1D7F6F4A007BBACA /* CGPointToNSDictionary.swift */ = {isa = PBXFileReference; fileEncoding = 4; lastKnownFileType = sourcecode.swift; path = CGPointToNSDictionary.swift; sourceTree = "<group>"; };
		E1592B9E1D7F79FD007BBACA /* CGAffineTransformToNSDictionary.swift */ = {isa = PBXFileReference; fileEncoding = 4; lastKnownFileType = sourcecode.swift; path = CGAffineTransformToNSDictionary.swift; sourceTree = "<group>"; };
		E15FF7C51D02C9E10076CDE3 /* CoreTelephony.framework */ = {isa = PBXFileReference; lastKnownFileType = wrapper.framework; name = CoreTelephony.framework; path = System/Library/Frameworks/CoreTelephony.framework; sourceTree = SDKROOT; };
		E15FF7C71D0435670076CDE3 /* People.swift */ = {isa = PBXFileReference; fileEncoding = 4; lastKnownFileType = sourcecode.swift; path = People.swift; sourceTree = "<group>"; };
		E165228E1D6781DF000D5949 /* MixpanelType.swift */ = {isa = PBXFileReference; fileEncoding = 4; lastKnownFileType = sourcecode.swift; path = MixpanelType.swift; sourceTree = "<group>"; };
		E16C0EB21D80BF290051EF35 /* MD5.swift */ = {isa = PBXFileReference; fileEncoding = 4; lastKnownFileType = sourcecode.swift; path = MD5.swift; sourceTree = "<group>"; };
		E174DADC1DA336C000FED703 /* TweakLibrary.swift */ = {isa = PBXFileReference; fileEncoding = 4; lastKnownFileType = sourcecode.swift; path = TweakLibrary.swift; sourceTree = "<group>"; };
		E174DADE1DA336D300FED703 /* TweakStore.swift */ = {isa = PBXFileReference; fileEncoding = 4; lastKnownFileType = sourcecode.swift; path = TweakStore.swift; sourceTree = "<group>"; };
		E174DAE01DA336EC00FED703 /* Tweak.swift */ = {isa = PBXFileReference; fileEncoding = 4; lastKnownFileType = sourcecode.swift; path = Tweak.swift; sourceTree = "<group>"; };
		E174DAE21DA3370300FED703 /* TweakableType.swift */ = {isa = PBXFileReference; fileEncoding = 4; lastKnownFileType = sourcecode.swift; path = TweakableType.swift; sourceTree = "<group>"; };
		E174DAE41DA3373500FED703 /* TweakBinding.swift */ = {isa = PBXFileReference; fileEncoding = 4; lastKnownFileType = sourcecode.swift; path = TweakBinding.swift; sourceTree = "<group>"; };
		E174DAE61DA3374A00FED703 /* AnyTweak.swift */ = {isa = PBXFileReference; fileEncoding = 4; lastKnownFileType = sourcecode.swift; path = AnyTweak.swift; sourceTree = "<group>"; };
		E174DAE81DA3377800FED703 /* TweakClusterType.swift */ = {isa = PBXFileReference; fileEncoding = 4; lastKnownFileType = sourcecode.swift; path = TweakClusterType.swift; sourceTree = "<group>"; };
		E174DAEA1DA337A300FED703 /* TweakPersistency.swift */ = {isa = PBXFileReference; fileEncoding = 4; lastKnownFileType = sourcecode.swift; path = TweakPersistency.swift; sourceTree = "<group>"; };
		E174DAEC1DA337CB00FED703 /* TweakCollection.swift */ = {isa = PBXFileReference; fileEncoding = 4; lastKnownFileType = sourcecode.swift; path = TweakCollection.swift; sourceTree = "<group>"; };
		E174DAED1DA337CB00FED703 /* TweakViewData.swift */ = {isa = PBXFileReference; fileEncoding = 4; lastKnownFileType = sourcecode.swift; path = TweakViewData.swift; sourceTree = "<group>"; };
		E174DAF01DA337E400FED703 /* TweakGroup.swift */ = {isa = PBXFileReference; fileEncoding = 4; lastKnownFileType = sourcecode.swift; path = TweakGroup.swift; sourceTree = "<group>"; };
		E174DAF21DA3380900FED703 /* Clip.swift */ = {isa = PBXFileReference; fileEncoding = 4; lastKnownFileType = sourcecode.swift; path = Clip.swift; sourceTree = "<group>"; };
		E174DAF61DA45C9D00FED703 /* ChangeMessage.swift */ = {isa = PBXFileReference; fileEncoding = 4; lastKnownFileType = sourcecode.swift; path = ChangeMessage.swift; sourceTree = "<group>"; };
		E174DAF81DA4623E00FED703 /* TweakMessage.swift */ = {isa = PBXFileReference; fileEncoding = 4; lastKnownFileType = sourcecode.swift; path = TweakMessage.swift; sourceTree = "<group>"; };
		E174DB351DA83F2E00FED703 /* ClearMessage.swift */ = {isa = PBXFileReference; fileEncoding = 4; lastKnownFileType = sourcecode.swift; path = ClearMessage.swift; sourceTree = "<group>"; };
		E189D8F51D54ECBF007F3F29 /* Decide.swift */ = {isa = PBXFileReference; fileEncoding = 4; lastKnownFileType = sourcecode.swift; path = Decide.swift; sourceTree = "<group>"; };
		E189D8F71D552324007F3F29 /* DecideRequest.swift */ = {isa = PBXFileReference; fileEncoding = 4; lastKnownFileType = sourcecode.swift; path = DecideRequest.swift; sourceTree = "<group>"; };
		E189D8FC1D5A6985007F3F29 /* InAppNotifications.swift */ = {isa = PBXFileReference; fileEncoding = 4; lastKnownFileType = sourcecode.swift; path = InAppNotifications.swift; sourceTree = "<group>"; };
		E190522C1F9FC1BC00900E5D /* SessionMetadata.swift */ = {isa = PBXFileReference; lastKnownFileType = sourcecode.swift; path = SessionMetadata.swift; sourceTree = "<group>"; };
		E19087BE1E53985300023FCC /* placeholder-image.png */ = {isa = PBXFileReference; lastKnownFileType = image.png; path = "placeholder-image.png"; sourceTree = "<group>"; };
		E19312661D5A7848007CE1E9 /* InAppNotification.swift */ = {isa = PBXFileReference; fileEncoding = 4; lastKnownFileType = sourcecode.swift; path = InAppNotification.swift; sourceTree = "<group>"; };
		E19312691D5B9D1E007CE1E9 /* MiniNotificationViewController.swift */ = {isa = PBXFileReference; fileEncoding = 4; lastKnownFileType = sourcecode.swift; path = MiniNotificationViewController.swift; sourceTree = "<group>"; };
		E193126A1D5B9D1E007CE1E9 /* MiniNotificationViewController.xib */ = {isa = PBXFileReference; fileEncoding = 4; lastKnownFileType = file.xib; path = MiniNotificationViewController.xib; sourceTree = "<group>"; };
		E1982BFE1D0AC2E2006B7330 /* Error.swift */ = {isa = PBXFileReference; fileEncoding = 4; lastKnownFileType = sourcecode.swift; path = Error.swift; sourceTree = "<group>"; };
		E19D12911D9C580400A8016D /* Variant.swift */ = {isa = PBXFileReference; fileEncoding = 4; lastKnownFileType = sourcecode.swift; path = Variant.swift; sourceTree = "<group>"; };
		E19D12931D9C5E5800A8016D /* VariantAction.swift */ = {isa = PBXFileReference; fileEncoding = 4; lastKnownFileType = sourcecode.swift; path = VariantAction.swift; sourceTree = "<group>"; };
		E19D12951D9C5E6600A8016D /* VariantTweak.swift */ = {isa = PBXFileReference; fileEncoding = 4; lastKnownFileType = sourcecode.swift; path = VariantTweak.swift; sourceTree = "<group>"; };
		E19D12971D9C94A900A8016D /* ABTesting.swift */ = {isa = PBXFileReference; fileEncoding = 4; lastKnownFileType = sourcecode.swift; path = ABTesting.swift; sourceTree = "<group>"; };
		E1D335CB1D303A0D00E68E12 /* FlushRequest.swift */ = {isa = PBXFileReference; fileEncoding = 4; lastKnownFileType = sourcecode.swift; path = FlushRequest.swift; sourceTree = "<group>"; };
		E1D335CD1D30578E00E68E12 /* Constants.swift */ = {isa = PBXFileReference; fileEncoding = 4; lastKnownFileType = sourcecode.swift; path = Constants.swift; sourceTree = "<group>"; };
		E1D335CF1D3059A800E68E12 /* AutomaticProperties.swift */ = {isa = PBXFileReference; fileEncoding = 4; lastKnownFileType = sourcecode.swift; path = AutomaticProperties.swift; sourceTree = "<group>"; };
		E1F15FC91E64A10700391AE3 /* Mixpanel.framework */ = {isa = PBXFileReference; explicitFileType = wrapper.framework; includeInIndex = 0; path = Mixpanel.framework; sourceTree = BUILT_PRODUCTS_DIR; };
		F05767531F8D909600499D9B /* ConnectIntegrations.swift */ = {isa = PBXFileReference; lastKnownFileType = sourcecode.swift; path = ConnectIntegrations.swift; sourceTree = "<group>"; };
/* End PBXFileReference section */

/* Begin PBXFrameworksBuildPhase section */
		E11594791CFF1491007F8B4F /* Frameworks */ = {
			isa = PBXFrameworksBuildPhase;
			buildActionMask = 2147483647;
			files = (
				E15FF7C61D02C9E10076CDE3 /* CoreTelephony.framework in Frameworks */,
			);
			runOnlyForDeploymentPostprocessing = 0;
		};
		E12782AF1D4AB4B30025FB05 /* Frameworks */ = {
			isa = PBXFrameworksBuildPhase;
			buildActionMask = 2147483647;
			files = (
			);
			runOnlyForDeploymentPostprocessing = 0;
		};
		E1F15FC51E64A10700391AE3 /* Frameworks */ = {
			isa = PBXFrameworksBuildPhase;
			buildActionMask = 2147483647;
			files = (
			);
			runOnlyForDeploymentPostprocessing = 0;
		};
/* End PBXFrameworksBuildPhase section */

/* Begin PBXGroup section */
		51DD56771D306B620045D3DB /* Log */ = {
			isa = PBXGroup;
			children = (
				51DD56781D306B6B0045D3DB /* Logging */,
				51DD56791D306B740045D3DB /* Logger.swift */,
			);
			name = Log;
			sourceTree = "<group>";
		};
		51DD56781D306B6B0045D3DB /* Logging */ = {
			isa = PBXGroup;
			children = (
				51DD56801D306B7B0045D3DB /* PrintLogging.swift */,
				51DD56811D306B7B0045D3DB /* FileLogging.swift */,
			);
			name = Logging;
			sourceTree = "<group>";
		};
		E11594731CFF1491007F8B4F = {
			isa = PBXGroup;
			children = (
				E115947F1CFF1491007F8B4F /* Mixpanel */,
				E115947E1CFF1491007F8B4F /* Products */,
			);
			sourceTree = "<group>";
		};
		E115947E1CFF1491007F8B4F /* Products */ = {
			isa = PBXGroup;
			children = (
				E115947D1CFF1491007F8B4F /* Mixpanel.framework */,
				E12782B31D4AB4B30025FB05 /* Mixpanel.framework */,
				E1F15FC91E64A10700391AE3 /* Mixpanel.framework */,
			);
			name = Products;
			sourceTree = "<group>";
		};
		E115947F1CFF1491007F8B4F /* Mixpanel */ = {
			isa = PBXGroup;
			children = (
				E11594881CFF14D3007F8B4F /* Source */,
				E11594891CFF14DF007F8B4F /* Supporting Files */,
				E15FF8021D0461F60076CDE3 /* Frameworks */,
			);
			path = Mixpanel;
			sourceTree = "<group>";
		};
		E11594881CFF14D3007F8B4F /* Source */ = {
			isa = PBXGroup;
			children = (
				E189D8FB1D5A6943007F3F29 /* Networking */,
				E189D8F91D5A6908007F3F29 /* Decide */,
				51DD56771D306B620045D3DB /* Log */,
				E189D8FA1D5A692A007F3F29 /* Utilities */,
				E115948A1CFF1538007F8B4F /* Mixpanel.swift */,
				E115948D1D000709007F8B4F /* MixpanelInstance.swift */,
				E11594921D0036E1007F8B4F /* Persistence.swift */,
				E115949E1D01BE14007F8B4F /* Flush.swift */,
				E11594A01D01C597007F8B4F /* Track.swift */,
				E15FF7C71D0435670076CDE3 /* People.swift */,
			);
			name = Source;
			sourceTree = "<group>";
		};
		E11594891CFF14DF007F8B4F /* Supporting Files */ = {
			isa = PBXGroup;
			children = (
				E158C6F31D5D3A8200651465 /* Images */,
				E11594801CFF1491007F8B4F /* Mixpanel.h */,
				E11594821CFF1491007F8B4F /* Info.plist */,
			);
			name = "Supporting Files";
			sourceTree = "<group>";
		};
		E1497EEF1D6B8D8400B2B65C /* Codeless */ = {
			isa = PBXGroup;
			children = (
				E15422141D6F9F44009421A0 /* Codeless.swift */,
				E154220F1D6E5766009421A0 /* Serialization */,
				E1497EF01D6B8DB500B2B65C /* Bindings */,
				E14A42951D79F9080021D42D /* Value Transformers */,
			);
			name = Codeless;
			sourceTree = "<group>";
		};
		E1497EF01D6B8DB500B2B65C /* Bindings */ = {
			isa = PBXGroup;
			children = (
				E1497EF11D6B8DC900B2B65C /* CodelessBinding.swift */,
				E154220B1D6E199B009421A0 /* UIControlBinding.swift */,
				E154220D1D6E19A7009421A0 /* UITableViewBinding.swift */,
			);
			name = Bindings;
			sourceTree = "<group>";
		};
		E14A42951D79F9080021D42D /* Value Transformers */ = {
			isa = PBXGroup;
			children = (
				E115234C1D7A59AF00657E80 /* UIImageToNSDictionary.swift */,
				E115234E1D7F58B000657E80 /* CGSizeToNSDictionary.swift */,
				E11523501D7F5C7500657E80 /* UIEdgeInsetsToNSDictionary.swift */,
				E11523521D7F63E400657E80 /* IdentityTransformer.swift */,
				E1592B9A1D7F6F38007BBACA /* CGRectToNSDictionary.swift */,
				E1592B9C1D7F6F4A007BBACA /* CGPointToNSDictionary.swift */,
				E1592B9E1D7F79FD007BBACA /* CGAffineTransformToNSDictionary.swift */,
				E11801AB1D7F7C970006DD2B /* UIColorToNSString.swift */,
				E11801AD1D7F86320006DD2B /* NSAttributedStringToNSDictionary.swift */,
				E11801AF1D7F92F10006DD2B /* UIFontToNSDictionary.swift */,
			);
			name = "Value Transformers";
			sourceTree = "<group>";
		};
		E154220F1D6E5766009421A0 /* Serialization */ = {
			isa = PBXGroup;
			children = (
				E15422101D6E5835009421A0 /* ObjectSelector.swift */,
				E15422121D6E5A9F009421A0 /* ObjectFilter.swift */,
				E142DBD01D75F86300F34C12 /* ObjectSerializer.swift */,
				E15422321D74CB2B009421A0 /* ObjectSerializerConfig.swift */,
				E15422341D751015009421A0 /* ObjectIdentityProvider.swift */,
				E15422361D751053009421A0 /* ApplicationStateSerializer.swift */,
				E142DBD21D76263600F34C12 /* ObjectSerializerContext.swift */,
				E14A42961D79FFDE0021D42D /* UIViewSelectors.swift */,
			);
			name = Serialization;
			sourceTree = "<group>";
		};
		E154221A1D70BEF0009421A0 /* Web Socket */ = {
			isa = PBXGroup;
			children = (
				E154221B1D70BF06009421A0 /* Messages */,
				E15422181D6FBFA6009421A0 /* WebSocketWrapper.swift */,
				E154221E1D70DB09009421A0 /* WebSocket.swift */,
				E15422201D70DBB3009421A0 /* SSLSecurity.swift */,
			);
			name = "Web Socket";
			sourceTree = "<group>";
		};
		E154221B1D70BF06009421A0 /* Messages */ = {
			isa = PBXGroup;
			children = (
				E154221C1D70BF33009421A0 /* BaseWebSocketMessage.swift */,
				E15422241D71056C009421A0 /* DeviceInfoMessage.swift */,
				E15422281D710587009421A0 /* SnapshotMessage.swift */,
				E154222C1D71059D009421A0 /* BindingMessage.swift */,
				E15422301D7105D3009421A0 /* DisconnectMessage.swift */,
				E174DAF61DA45C9D00FED703 /* ChangeMessage.swift */,
				E174DAF81DA4623E00FED703 /* TweakMessage.swift */,
				E174DB351DA83F2E00FED703 /* ClearMessage.swift */,
			);
			name = Messages;
			sourceTree = "<group>";
		};
		E158C6F31D5D3A8200651465 /* Images */ = {
			isa = PBXGroup;
			children = (
				E19087BE1E53985300023FCC /* placeholder-image.png */,
				E158C6F41D5D3AAE00651465 /* MPCloseButton.png */,
				E158C6F51D5D3AAE00651465 /* MPCloseButton@2x.png */,
				E158C6F61D5D3AAE00651465 /* MPCloseButton@3x.png */,
			);
			name = Images;
			sourceTree = "<group>";
		};
		E15FF8021D0461F60076CDE3 /* Frameworks */ = {
			isa = PBXGroup;
			children = (
				E15FF7C51D02C9E10076CDE3 /* CoreTelephony.framework */,
			);
			name = Frameworks;
			sourceTree = "<group>";
		};
		E174DADB1DA3364A00FED703 /* Tweaks */ = {
			isa = PBXGroup;
			children = (
				E174DAF21DA3380900FED703 /* Clip.swift */,
				E174DAF01DA337E400FED703 /* TweakGroup.swift */,
				E174DAEC1DA337CB00FED703 /* TweakCollection.swift */,
				E174DAED1DA337CB00FED703 /* TweakViewData.swift */,
				E174DAEA1DA337A300FED703 /* TweakPersistency.swift */,
				E174DAE81DA3377800FED703 /* TweakClusterType.swift */,
				E174DAE61DA3374A00FED703 /* AnyTweak.swift */,
				E174DAE41DA3373500FED703 /* TweakBinding.swift */,
				E174DAE21DA3370300FED703 /* TweakableType.swift */,
				E174DAE01DA336EC00FED703 /* Tweak.swift */,
				E174DADE1DA336D300FED703 /* TweakStore.swift */,
				E174DADC1DA336C000FED703 /* TweakLibrary.swift */,
			);
			name = Tweaks;
			sourceTree = "<group>";
		};
		E189D8F91D5A6908007F3F29 /* Decide */ = {
			isa = PBXGroup;
			children = (
				F05767521F8D905D00499D9B /* Connect Integrations */,
				E189D8F51D54ECBF007F3F29 /* Decide.swift */,
				E15422161D6FBA97009421A0 /* Swizzle.swift */,
				E154221A1D70BEF0009421A0 /* Web Socket */,
				E1497EEF1D6B8D8400B2B65C /* Codeless */,
				E19D12901D9C57DB00A8016D /* A/B Testing */,
				E19312681D5B9CE2007CE1E9 /* InAppNotifications */,
			);
			name = Decide;
			sourceTree = "<group>";
		};
		E189D8FA1D5A692A007F3F29 /* Utilities */ = {
			isa = PBXGroup;
			children = (
				E11594981D01689F007F8B4F /* JSONHandler.swift */,
				E1982BFE1D0AC2E2006B7330 /* Error.swift */,
				E1D335CF1D3059A800E68E12 /* AutomaticProperties.swift */,
				E151FA371E70DFB5002EF53D /* AutomaticEvents.swift */,
				E1D335CD1D30578E00E68E12 /* Constants.swift */,
				E165228E1D6781DF000D5949 /* MixpanelType.swift */,
				E16C0EB21D80BF290051EF35 /* MD5.swift */,
				E12BD38C1D91EBE2008989C9 /* SHA256.swift */,
				BB9614161F3BB87700C3EF3E /* ReadWriteLock.swift */,
				E190522C1F9FC1BC00900E5D /* SessionMetadata.swift */,
				86EE92C621370CA600D55487 /* ExceptionWrapper.h */,
				86EE92C721370CA600D55487 /* ExceptionWrapper.m */,
			);
			name = Utilities;
			sourceTree = "<group>";
		};
		E189D8FB1D5A6943007F3F29 /* Networking */ = {
			isa = PBXGroup;
			children = (
				E11594961D006022007F8B4F /* Network.swift */,
				E1D335CB1D303A0D00E68E12 /* FlushRequest.swift */,
				E189D8F71D552324007F3F29 /* DecideRequest.swift */,
			);
			name = Networking;
			sourceTree = "<group>";
		};
		E18C77A51E381ED00006CBB9 /* Models */ = {
			isa = PBXGroup;
			children = (
				E19312661D5A7848007CE1E9 /* InAppNotification.swift */,
				E118E9FF1E37E28400223C47 /* InAppButton.swift */,
				E118E9FD1E37DE3B00223C47 /* TakeoverNotification.swift */,
				E118EA011E37F3A700223C47 /* MiniNotification.swift */,
			);
			name = Models;
			sourceTree = "<group>";
		};
		E18C77A61E381EF70006CBB9 /* Controllers */ = {
			isa = PBXGroup;
			children = (
				E11619DA1D5D52F900610404 /* BaseNotificationViewController.swift */,
				E19312691D5B9D1E007CE1E9 /* MiniNotificationViewController.swift */,
				E158C6E51D5D32DD00651465 /* TakeoverNotificationViewController.swift */,
			);
			name = Controllers;
			sourceTree = "<group>";
		};
		E18C77A71E381F060006CBB9 /* Views */ = {
			isa = PBXGroup;
			children = (
				E193126A1D5B9D1E007CE1E9 /* MiniNotificationViewController.xib */,
				E158C6F01D5D39A100651465 /* TakeoverNotificationViewController~iphoneportrait.xib */,
				E158C6EF1D5D39A100651465 /* TakeoverNotificationViewController~iphonelandscape.xib */,
				E158C6E61D5D32DD00651465 /* TakeoverNotificationViewController~ipad.xib */,
			);
			name = Views;
			sourceTree = "<group>";
		};
		E19312681D5B9CE2007CE1E9 /* InAppNotifications */ = {
			isa = PBXGroup;
			children = (
				E189D8FC1D5A6985007F3F29 /* InAppNotifications.swift */,
				E18C77A51E381ED00006CBB9 /* Models */,
				E18C77A71E381F060006CBB9 /* Views */,
				E18C77A61E381EF70006CBB9 /* Controllers */,
			);
			name = InAppNotifications;
			sourceTree = "<group>";
		};
		E19D12901D9C57DB00A8016D /* A/B Testing */ = {
			isa = PBXGroup;
			children = (
				E174DADB1DA3364A00FED703 /* Tweaks */,
				E19D12971D9C94A900A8016D /* ABTesting.swift */,
				E19D12911D9C580400A8016D /* Variant.swift */,
				E19D12931D9C5E5800A8016D /* VariantAction.swift */,
				E19D12951D9C5E6600A8016D /* VariantTweak.swift */,
			);
			name = "A/B Testing";
			sourceTree = "<group>";
		};
		F05767521F8D905D00499D9B /* Connect Integrations */ = {
			isa = PBXGroup;
			children = (
				F05767531F8D909600499D9B /* ConnectIntegrations.swift */,
			);
			name = "Connect Integrations";
			sourceTree = "<group>";
		};
/* End PBXGroup section */

/* Begin PBXHeadersBuildPhase section */
		E115947A1CFF1491007F8B4F /* Headers */ = {
			isa = PBXHeadersBuildPhase;
			buildActionMask = 2147483647;
			files = (
				E11594811CFF1491007F8B4F /* Mixpanel.h in Headers */,
				86EE92C821370CA600D55487 /* ExceptionWrapper.h in Headers */,
			);
			runOnlyForDeploymentPostprocessing = 0;
		};
		E12782B01D4AB4B30025FB05 /* Headers */ = {
			isa = PBXHeadersBuildPhase;
			buildActionMask = 2147483647;
			files = (
				E1F15FD41E64B51300391AE3 /* Mixpanel.h in Headers */,
				86EE92C921370CA600D55487 /* ExceptionWrapper.h in Headers */,
			);
			runOnlyForDeploymentPostprocessing = 0;
		};
		E1F15FC61E64A10700391AE3 /* Headers */ = {
			isa = PBXHeadersBuildPhase;
			buildActionMask = 2147483647;
			files = (
				E1F15FD21E64A2AB00391AE3 /* Mixpanel.h in Headers */,
				86EE92CA21370CA600D55487 /* ExceptionWrapper.h in Headers */,
			);
			runOnlyForDeploymentPostprocessing = 0;
		};
/* End PBXHeadersBuildPhase section */

/* Begin PBXNativeTarget section */
		E115947C1CFF1491007F8B4F /* Mixpanel */ = {
			isa = PBXNativeTarget;
			buildConfigurationList = E11594851CFF1491007F8B4F /* Build configuration list for PBXNativeTarget "Mixpanel" */;
			buildPhases = (
				E11594781CFF1491007F8B4F /* Sources */,
				E11594791CFF1491007F8B4F /* Frameworks */,
				E115947A1CFF1491007F8B4F /* Headers */,
				E115947B1CFF1491007F8B4F /* Resources */,
			);
			buildRules = (
			);
			dependencies = (
			);
			name = Mixpanel;
			productName = Mixpanel;
			productReference = E115947D1CFF1491007F8B4F /* Mixpanel.framework */;
			productType = "com.apple.product-type.framework";
		};
		E12782B21D4AB4B30025FB05 /* Mixpanel_tvOS */ = {
			isa = PBXNativeTarget;
			buildConfigurationList = E12782BA1D4AB4B30025FB05 /* Build configuration list for PBXNativeTarget "Mixpanel_tvOS" */;
			buildPhases = (
				E12782AE1D4AB4B30025FB05 /* Sources */,
				E12782AF1D4AB4B30025FB05 /* Frameworks */,
				E12782B01D4AB4B30025FB05 /* Headers */,
				E12782B11D4AB4B30025FB05 /* Resources */,
			);
			buildRules = (
			);
			dependencies = (
			);
			name = Mixpanel_tvOS;
			productName = Mixpanel_tvOS;
			productReference = E12782B31D4AB4B30025FB05 /* Mixpanel.framework */;
			productType = "com.apple.product-type.framework";
		};
		E1F15FC81E64A10700391AE3 /* Mixpanel_macOS */ = {
			isa = PBXNativeTarget;
			buildConfigurationList = E1F15FD01E64A10800391AE3 /* Build configuration list for PBXNativeTarget "Mixpanel_macOS" */;
			buildPhases = (
				E1F15FC41E64A10700391AE3 /* Sources */,
				E1F15FC51E64A10700391AE3 /* Frameworks */,
				E1F15FC61E64A10700391AE3 /* Headers */,
				E1F15FC71E64A10700391AE3 /* Resources */,
			);
			buildRules = (
			);
			dependencies = (
			);
			name = Mixpanel_macOS;
			productName = Mixpanel_OSX;
			productReference = E1F15FC91E64A10700391AE3 /* Mixpanel.framework */;
			productType = "com.apple.product-type.framework";
		};
/* End PBXNativeTarget section */

/* Begin PBXProject section */
		E11594741CFF1491007F8B4F /* Project object */ = {
			isa = PBXProject;
			attributes = {
				LastUpgradeCheck = 1000;
				ORGANIZATIONNAME = Mixpanel;
				TargetAttributes = {
					E115947C1CFF1491007F8B4F = {
						CreatedOnToolsVersion = 7.3.1;
						DevelopmentTeam = E8FVX7QLET;
						DevelopmentTeamName = "Mixpanel, Inc.";
						LastSwiftMigration = 0900;
					};
					E12782B21D4AB4B30025FB05 = {
						CreatedOnToolsVersion = 8.0;
						DevelopmentTeam = AUY9XL9M5E;
						DevelopmentTeamName = "Mixpanel, Inc.";
						ProvisioningStyle = Automatic;
					};
					E1F15FC81E64A10700391AE3 = {
						CreatedOnToolsVersion = 8.2.1;
						LastSwiftMigration = 0900;
						ProvisioningStyle = Manual;
					};
				};
			};
			buildConfigurationList = E11594771CFF1491007F8B4F /* Build configuration list for PBXProject "Mixpanel" */;
			compatibilityVersion = "Xcode 3.2";
			developmentRegion = English;
			hasScannedForEncodings = 0;
			knownRegions = (
				en,
			);
			mainGroup = E11594731CFF1491007F8B4F;
			productRefGroup = E115947E1CFF1491007F8B4F /* Products */;
			projectDirPath = "";
			projectRoot = "";
			targets = (
				E115947C1CFF1491007F8B4F /* Mixpanel */,
				E12782B21D4AB4B30025FB05 /* Mixpanel_tvOS */,
				E1F15FC81E64A10700391AE3 /* Mixpanel_macOS */,
			);
		};
/* End PBXProject section */

/* Begin PBXResourcesBuildPhase section */
		E115947B1CFF1491007F8B4F /* Resources */ = {
			isa = PBXResourcesBuildPhase;
			buildActionMask = 2147483647;
			files = (
				E158C6F71D5D3AAE00651465 /* MPCloseButton.png in Resources */,
				E158C6F91D5D3AAE00651465 /* MPCloseButton@3x.png in Resources */,
				E158C6F11D5D39A100651465 /* TakeoverNotificationViewController~iphonelandscape.xib in Resources */,
				E19087BF1E53985300023FCC /* placeholder-image.png in Resources */,
				E158C6F21D5D39A100651465 /* TakeoverNotificationViewController~iphoneportrait.xib in Resources */,
				E158C6E81D5D32DD00651465 /* TakeoverNotificationViewController~ipad.xib in Resources */,
				E158C6F81D5D3AAE00651465 /* MPCloseButton@2x.png in Resources */,
				E193126C1D5B9D1E007CE1E9 /* MiniNotificationViewController.xib in Resources */,
			);
			runOnlyForDeploymentPostprocessing = 0;
		};
		E12782B11D4AB4B30025FB05 /* Resources */ = {
			isa = PBXResourcesBuildPhase;
			buildActionMask = 2147483647;
			files = (
			);
			runOnlyForDeploymentPostprocessing = 0;
		};
		E1F15FC71E64A10700391AE3 /* Resources */ = {
			isa = PBXResourcesBuildPhase;
			buildActionMask = 2147483647;
			files = (
			);
			runOnlyForDeploymentPostprocessing = 0;
		};
/* End PBXResourcesBuildPhase section */

/* Begin PBXSourcesBuildPhase section */
		E11594781CFF1491007F8B4F /* Sources */ = {
			isa = PBXSourcesBuildPhase;
			buildActionMask = 2147483647;
			files = (
				E19D12921D9C580400A8016D /* Variant.swift in Sources */,
				51DD56831D306B7B0045D3DB /* PrintLogging.swift in Sources */,
				E15422251D71056C009421A0 /* DeviceInfoMessage.swift in Sources */,
				E142DBD11D75F86300F34C12 /* ObjectSerializer.swift in Sources */,
				E115948E1D000709007F8B4F /* MixpanelInstance.swift in Sources */,
				E15422191D6FBFA6009421A0 /* WebSocketWrapper.swift in Sources */,
				E154222D1D71059D009421A0 /* BindingMessage.swift in Sources */,
				E11801AE1D7F86320006DD2B /* NSAttributedStringToNSDictionary.swift in Sources */,
				E174DAE51DA3373600FED703 /* TweakBinding.swift in Sources */,
				E174DAF71DA45C9D00FED703 /* ChangeMessage.swift in Sources */,
				E151FA381E70DFB5002EF53D /* AutomaticEvents.swift in Sources */,
				E15422291D710587009421A0 /* SnapshotMessage.swift in Sources */,
				E12BD38D1D91EBE2008989C9 /* SHA256.swift in Sources */,
				E174DAF91DA4623E00FED703 /* TweakMessage.swift in Sources */,
				E1D335CE1D30578E00E68E12 /* Constants.swift in Sources */,
				E115949F1D01BE14007F8B4F /* Flush.swift in Sources */,
				E174DAEE1DA337CB00FED703 /* TweakCollection.swift in Sources */,
				E142DBD31D76263600F34C12 /* ObjectSerializerContext.swift in Sources */,
				E11594931D0036E1007F8B4F /* Persistence.swift in Sources */,
				E15422211D70DBB3009421A0 /* SSLSecurity.swift in Sources */,
				E174DAE91DA3377800FED703 /* TweakClusterType.swift in Sources */,
				E189D8F61D54ECBF007F3F29 /* Decide.swift in Sources */,
				E15422331D74CB2B009421A0 /* ObjectSerializerConfig.swift in Sources */,
				E15422131D6E5A9F009421A0 /* ObjectFilter.swift in Sources */,
				E11594971D006022007F8B4F /* Network.swift in Sources */,
				E11523511D7F5C7500657E80 /* UIEdgeInsetsToNSDictionary.swift in Sources */,
				E174DAEF1DA337CB00FED703 /* TweakViewData.swift in Sources */,
				E11523531D7F63E400657E80 /* IdentityTransformer.swift in Sources */,
				E154220C1D6E199B009421A0 /* UIControlBinding.swift in Sources */,
				E16C0EB31D80BF290051EF35 /* MD5.swift in Sources */,
				E15FF7C81D0435670076CDE3 /* People.swift in Sources */,
				E15422371D751053009421A0 /* ApplicationStateSerializer.swift in Sources */,
				E11594A11D01C597007F8B4F /* Track.swift in Sources */,
				E11594991D01689F007F8B4F /* JSONHandler.swift in Sources */,
				E15422351D751015009421A0 /* ObjectIdentityProvider.swift in Sources */,
				E118EA001E37E28400223C47 /* InAppButton.swift in Sources */,
				E1592B9F1D7F79FD007BBACA /* CGAffineTransformToNSDictionary.swift in Sources */,
				E15422171D6FBA97009421A0 /* Swizzle.swift in Sources */,
				E1D335D01D3059A800E68E12 /* AutomaticProperties.swift in Sources */,
				51DD567C1D306B740045D3DB /* Logger.swift in Sources */,
				E174DAEB1DA337A300FED703 /* TweakPersistency.swift in Sources */,
				E174DAF31DA3380900FED703 /* Clip.swift in Sources */,
				E174DAE31DA3370300FED703 /* TweakableType.swift in Sources */,
				E165228F1D6781DF000D5949 /* MixpanelType.swift in Sources */,
				E19D12961D9C5E6600A8016D /* VariantTweak.swift in Sources */,
				E11801B01D7F92F10006DD2B /* UIFontToNSDictionary.swift in Sources */,
				E118EA021E37F3A700223C47 /* MiniNotification.swift in Sources */,
				E174DADD1DA336C000FED703 /* TweakLibrary.swift in Sources */,
				BB9614171F3BB87700C3EF3E /* ReadWriteLock.swift in Sources */,
				E19312671D5A7848007CE1E9 /* InAppNotification.swift in Sources */,
				E189D8FD1D5A6985007F3F29 /* InAppNotifications.swift in Sources */,
				E11619DB1D5D52F900610404 /* BaseNotificationViewController.swift in Sources */,
				E190522D1F9FC1BC00900E5D /* SessionMetadata.swift in Sources */,
				E154220E1D6E19A7009421A0 /* UITableViewBinding.swift in Sources */,
				E193126B1D5B9D1E007CE1E9 /* MiniNotificationViewController.swift in Sources */,
				E1982BFF1D0AC2E2006B7330 /* Error.swift in Sources */,
				51DD56841D306B7B0045D3DB /* FileLogging.swift in Sources */,
				E174DB361DA83F2E00FED703 /* ClearMessage.swift in Sources */,
				E11801AC1D7F7C970006DD2B /* UIColorToNSString.swift in Sources */,
				E174DAF11DA337E400FED703 /* TweakGroup.swift in Sources */,
				E19D12981D9C94A900A8016D /* ABTesting.swift in Sources */,
				E1592B9B1D7F6F38007BBACA /* CGRectToNSDictionary.swift in Sources */,
				E174DAE11DA336EC00FED703 /* Tweak.swift in Sources */,
				86EE92CB21370CA600D55487 /* ExceptionWrapper.m in Sources */,
				E174DADF1DA336D300FED703 /* TweakStore.swift in Sources */,
				E1592B9D1D7F6F4A007BBACA /* CGPointToNSDictionary.swift in Sources */,
				E115234D1D7A59AF00657E80 /* UIImageToNSDictionary.swift in Sources */,
				E118E9FE1E37DE3B00223C47 /* TakeoverNotification.swift in Sources */,
				E19D12941D9C5E5800A8016D /* VariantAction.swift in Sources */,
				E1D335CC1D303A0D00E68E12 /* FlushRequest.swift in Sources */,
				E115234F1D7F58B000657E80 /* CGSizeToNSDictionary.swift in Sources */,
				E154221F1D70DB09009421A0 /* WebSocket.swift in Sources */,
				F05767541F8D909600499D9B /* ConnectIntegrations.swift in Sources */,
				E15422151D6F9F44009421A0 /* Codeless.swift in Sources */,
				E115948B1CFF1538007F8B4F /* Mixpanel.swift in Sources */,
				E1497EF21D6B8DC900B2B65C /* CodelessBinding.swift in Sources */,
				E174DAE71DA3374A00FED703 /* AnyTweak.swift in Sources */,
				E154221D1D70BF33009421A0 /* BaseWebSocketMessage.swift in Sources */,
				E15422111D6E5835009421A0 /* ObjectSelector.swift in Sources */,
				E189D8F81D552324007F3F29 /* DecideRequest.swift in Sources */,
				E14A42971D79FFDE0021D42D /* UIViewSelectors.swift in Sources */,
				E15422311D7105D3009421A0 /* DisconnectMessage.swift in Sources */,
				E158C6E71D5D32DD00651465 /* TakeoverNotificationViewController.swift in Sources */,
			);
			runOnlyForDeploymentPostprocessing = 0;
		};
		E12782AE1D4AB4B30025FB05 /* Sources */ = {
			isa = PBXSourcesBuildPhase;
			buildActionMask = 2147483647;
			files = (
				E12782BB1D4AB5CB0025FB05 /* PrintLogging.swift in Sources */,
				E12782BC1D4AB5CB0025FB05 /* FileLogging.swift in Sources */,
				E12782BD1D4AB5CB0025FB05 /* Logger.swift in Sources */,
				E12782BE1D4AB5CB0025FB05 /* Mixpanel.swift in Sources */,
				E12782BF1D4AB5CB0025FB05 /* MixpanelInstance.swift in Sources */,
				E12782C01D4AB5CB0025FB05 /* Persistence.swift in Sources */,
				E12782C11D4AB5CB0025FB05 /* Network.swift in Sources */,
				E12782C21D4AB5CB0025FB05 /* JSONHandler.swift in Sources */,
				E12782C31D4AB5CB0025FB05 /* Flush.swift in Sources */,
				E12782C41D4AB5CB0025FB05 /* FlushRequest.swift in Sources */,
				E12782C51D4AB5CB0025FB05 /* Track.swift in Sources */,
				E12782C61D4AB5CB0025FB05 /* People.swift in Sources */,
				86EE92CC21370CA600D55487 /* ExceptionWrapper.m in Sources */,
				E19052001F9548F000900E5D /* ReadWriteLock.swift in Sources */,
				E12782C71D4AB5CB0025FB05 /* Error.swift in Sources */,
				E16522901D67D421000D5949 /* MixpanelType.swift in Sources */,
				E12782C81D4AB5CB0025FB05 /* Constants.swift in Sources */,
				E10D118D1EC0F30900195CCD /* AutomaticEvents.swift in Sources */,
				E12782C91D4AB5CB0025FB05 /* AutomaticProperties.swift in Sources */,
				E1ECD00B1FA001AD002104E8 /* SessionMetadata.swift in Sources */,
			);
			runOnlyForDeploymentPostprocessing = 0;
		};
		E1F15FC41E64A10700391AE3 /* Sources */ = {
			isa = PBXSourcesBuildPhase;
			buildActionMask = 2147483647;
			files = (
				E1F15FE01E64B60D00391AE3 /* MixpanelInstance.swift in Sources */,
				E1F15FDF1E64B60D00391AE3 /* Mixpanel.swift in Sources */,
				E1F15FDC1E64B60A00391AE3 /* AutomaticProperties.swift in Sources */,
				E1F15FD91E64B60600391AE3 /* Logger.swift in Sources */,
				E1F15FD61E64B5FC00391AE3 /* FlushRequest.swift in Sources */,
				E1F15FD71E64B60200391AE3 /* PrintLogging.swift in Sources */,
				E1F15FE21E64B60D00391AE3 /* Flush.swift in Sources */,
				E1F15FD51E64B5F800391AE3 /* Network.swift in Sources */,
				E1F15FE11E64B60D00391AE3 /* Persistence.swift in Sources */,
				E1F15FDE1E64B60A00391AE3 /* MixpanelType.swift in Sources */,
				E1F15FDA1E64B60A00391AE3 /* JSONHandler.swift in Sources */,
				E1F15FE31E64B60D00391AE3 /* Track.swift in Sources */,
				86EE92CD21370CA600D55487 /* ExceptionWrapper.m in Sources */,
				E19052011F9548F000900E5D /* ReadWriteLock.swift in Sources */,
				E1F15FE41E64B60D00391AE3 /* People.swift in Sources */,
				E1F15FDB1E64B60A00391AE3 /* Error.swift in Sources */,
				E1F15FD81E64B60200391AE3 /* FileLogging.swift in Sources */,
				E10D118F1EC0F30B00195CCD /* AutomaticEvents.swift in Sources */,
				E1F15FDD1E64B60A00391AE3 /* Constants.swift in Sources */,
				E1ECD00C1FA001AD002104E8 /* SessionMetadata.swift in Sources */,
			);
			runOnlyForDeploymentPostprocessing = 0;
		};
/* End PBXSourcesBuildPhase section */

/* Begin XCBuildConfiguration section */
		E11594831CFF1491007F8B4F /* Debug */ = {
			isa = XCBuildConfiguration;
			buildSettings = {
				ALWAYS_SEARCH_USER_PATHS = NO;
				CLANG_ANALYZER_NONNULL = YES;
				CLANG_CXX_LANGUAGE_STANDARD = "gnu++0x";
				CLANG_CXX_LIBRARY = "libc++";
				CLANG_ENABLE_MODULES = YES;
				CLANG_ENABLE_OBJC_ARC = YES;
				CLANG_WARN_BLOCK_CAPTURE_AUTORELEASING = YES;
				CLANG_WARN_BOOL_CONVERSION = YES;
				CLANG_WARN_COMMA = YES;
				CLANG_WARN_CONSTANT_CONVERSION = YES;
				CLANG_WARN_DEPRECATED_OBJC_IMPLEMENTATIONS = YES;
				CLANG_WARN_DIRECT_OBJC_ISA_USAGE = YES_ERROR;
				CLANG_WARN_EMPTY_BODY = YES;
				CLANG_WARN_ENUM_CONVERSION = YES;
				CLANG_WARN_INFINITE_RECURSION = YES;
				CLANG_WARN_INT_CONVERSION = YES;
				CLANG_WARN_NON_LITERAL_NULL_CONVERSION = YES;
				CLANG_WARN_OBJC_IMPLICIT_RETAIN_SELF = YES;
				CLANG_WARN_OBJC_LITERAL_CONVERSION = YES;
				CLANG_WARN_OBJC_ROOT_CLASS = YES_ERROR;
				CLANG_WARN_RANGE_LOOP_ANALYSIS = YES;
				CLANG_WARN_STRICT_PROTOTYPES = YES;
				CLANG_WARN_SUSPICIOUS_MOVE = YES;
				CLANG_WARN_UNREACHABLE_CODE = YES;
				CLANG_WARN__DUPLICATE_METHOD_MATCH = YES;
				"CODE_SIGN_IDENTITY[sdk=iphoneos*]" = "iPhone Developer";
				COPY_PHASE_STRIP = NO;
				CURRENT_PROJECT_VERSION = 1;
				DEBUG_INFORMATION_FORMAT = dwarf;
				DEFINES_MODULE = YES;
				ENABLE_STRICT_OBJC_MSGSEND = YES;
				ENABLE_TESTABILITY = YES;
				GCC_C_LANGUAGE_STANDARD = gnu99;
				GCC_DYNAMIC_NO_PIC = NO;
				GCC_NO_COMMON_BLOCKS = YES;
				GCC_OPTIMIZATION_LEVEL = 0;
				GCC_PREPROCESSOR_DEFINITIONS = (
					"DEBUG=1",
					"$(inherited)",
				);
				GCC_WARN_64_TO_32_BIT_CONVERSION = YES;
				GCC_WARN_ABOUT_RETURN_TYPE = YES_ERROR;
				GCC_WARN_UNDECLARED_SELECTOR = YES;
				GCC_WARN_UNINITIALIZED_AUTOS = YES_AGGRESSIVE;
				GCC_WARN_UNUSED_FUNCTION = YES;
				GCC_WARN_UNUSED_VARIABLE = YES;
				IPHONEOS_DEPLOYMENT_TARGET = 9.3;
				MTL_ENABLE_DEBUG_INFO = YES;
				ONLY_ACTIVE_ARCH = YES;
				SDKROOT = iphoneos;
				SWIFT_OPTIMIZATION_LEVEL = "-Onone";
				SWIFT_VERSION = 3.0;
				TARGETED_DEVICE_FAMILY = "1,2";
				VERSIONING_SYSTEM = "apple-generic";
				VERSION_INFO_PREFIX = "";
			};
			name = Debug;
		};
		E11594841CFF1491007F8B4F /* Release */ = {
			isa = XCBuildConfiguration;
			buildSettings = {
				ALWAYS_SEARCH_USER_PATHS = NO;
				CLANG_ANALYZER_NONNULL = YES;
				CLANG_CXX_LANGUAGE_STANDARD = "gnu++0x";
				CLANG_CXX_LIBRARY = "libc++";
				CLANG_ENABLE_MODULES = YES;
				CLANG_ENABLE_OBJC_ARC = YES;
				CLANG_WARN_BLOCK_CAPTURE_AUTORELEASING = YES;
				CLANG_WARN_BOOL_CONVERSION = YES;
				CLANG_WARN_COMMA = YES;
				CLANG_WARN_CONSTANT_CONVERSION = YES;
				CLANG_WARN_DEPRECATED_OBJC_IMPLEMENTATIONS = YES;
				CLANG_WARN_DIRECT_OBJC_ISA_USAGE = YES_ERROR;
				CLANG_WARN_EMPTY_BODY = YES;
				CLANG_WARN_ENUM_CONVERSION = YES;
				CLANG_WARN_INFINITE_RECURSION = YES;
				CLANG_WARN_INT_CONVERSION = YES;
				CLANG_WARN_NON_LITERAL_NULL_CONVERSION = YES;
				CLANG_WARN_OBJC_IMPLICIT_RETAIN_SELF = YES;
				CLANG_WARN_OBJC_LITERAL_CONVERSION = YES;
				CLANG_WARN_OBJC_ROOT_CLASS = YES_ERROR;
				CLANG_WARN_RANGE_LOOP_ANALYSIS = YES;
				CLANG_WARN_STRICT_PROTOTYPES = YES;
				CLANG_WARN_SUSPICIOUS_MOVE = YES;
				CLANG_WARN_UNREACHABLE_CODE = YES;
				CLANG_WARN__DUPLICATE_METHOD_MATCH = YES;
				"CODE_SIGN_IDENTITY[sdk=iphoneos*]" = "iPhone Developer";
				COPY_PHASE_STRIP = NO;
				CURRENT_PROJECT_VERSION = 1;
				DEBUG_INFORMATION_FORMAT = "dwarf-with-dsym";
				DEFINES_MODULE = YES;
				ENABLE_NS_ASSERTIONS = NO;
				ENABLE_STRICT_OBJC_MSGSEND = YES;
				GCC_C_LANGUAGE_STANDARD = gnu99;
				GCC_NO_COMMON_BLOCKS = YES;
				GCC_WARN_64_TO_32_BIT_CONVERSION = YES;
				GCC_WARN_ABOUT_RETURN_TYPE = YES_ERROR;
				GCC_WARN_UNDECLARED_SELECTOR = YES;
				GCC_WARN_UNINITIALIZED_AUTOS = YES_AGGRESSIVE;
				GCC_WARN_UNUSED_FUNCTION = YES;
				GCC_WARN_UNUSED_VARIABLE = YES;
				IPHONEOS_DEPLOYMENT_TARGET = 9.3;
				MTL_ENABLE_DEBUG_INFO = NO;
				SDKROOT = iphoneos;
				SWIFT_VERSION = 3.0;
				TARGETED_DEVICE_FAMILY = "1,2";
				VALIDATE_PRODUCT = YES;
				VERSIONING_SYSTEM = "apple-generic";
				VERSION_INFO_PREFIX = "";
			};
			name = Release;
		};
		E11594861CFF1491007F8B4F /* Debug */ = {
			isa = XCBuildConfiguration;
			buildSettings = {
				APPLICATION_EXTENSION_API_ONLY = YES;
				CLANG_ALLOW_NON_MODULAR_INCLUDES_IN_FRAMEWORK_MODULES = YES;
				CLANG_ENABLE_MODULES = YES;
				"CODE_SIGN_IDENTITY[sdk=iphoneos*]" = "";
				DEFINES_MODULE = YES;
				DYLIB_COMPATIBILITY_VERSION = 1;
				DYLIB_CURRENT_VERSION = 1;
				DYLIB_INSTALL_NAME_BASE = "@rpath";
				HEADER_SEARCH_PATHS = "";
				INFOPLIST_FILE = Mixpanel/Info.plist;
				INSTALL_PATH = "$(LOCAL_LIBRARY_DIR)/Frameworks";
				IPHONEOS_DEPLOYMENT_TARGET = 8.0;
				LD_RUNPATH_SEARCH_PATHS = "$(inherited) @executable_path/Frameworks @loader_path/Frameworks";
				OTHER_SWIFT_FLAGS = "-D DECIDE";
				PRODUCT_BUNDLE_IDENTIFIER = com.mixpanel.Mixpanel;
				PRODUCT_NAME = "$(TARGET_NAME)";
				SKIP_INSTALL = YES;
				SWIFT_ACTIVE_COMPILATION_CONDITIONS = DEBUG;
				SWIFT_INCLUDE_PATHS = "${SRCROOT}";
				SWIFT_OBJC_BRIDGING_HEADER = "";
				SWIFT_OPTIMIZATION_LEVEL = "-Onone";
				SWIFT_SWIFT3_OBJC_INFERENCE = Off;
				SWIFT_VERSION = 4.2;
				USER_HEADER_SEARCH_PATHS = "";
				WATCHOS_DEPLOYMENT_TARGET = 3.0;
			};
			name = Debug;
		};
		E11594871CFF1491007F8B4F /* Release */ = {
			isa = XCBuildConfiguration;
			buildSettings = {
				APPLICATION_EXTENSION_API_ONLY = YES;
				CLANG_ALLOW_NON_MODULAR_INCLUDES_IN_FRAMEWORK_MODULES = YES;
				CLANG_ENABLE_MODULES = YES;
				"CODE_SIGN_IDENTITY[sdk=iphoneos*]" = "";
				DEFINES_MODULE = YES;
				DYLIB_COMPATIBILITY_VERSION = 1;
				DYLIB_CURRENT_VERSION = 1;
				DYLIB_INSTALL_NAME_BASE = "@rpath";
				HEADER_SEARCH_PATHS = "";
				INFOPLIST_FILE = Mixpanel/Info.plist;
				INSTALL_PATH = "$(LOCAL_LIBRARY_DIR)/Frameworks";
				IPHONEOS_DEPLOYMENT_TARGET = 8.0;
				LD_RUNPATH_SEARCH_PATHS = "$(inherited) @executable_path/Frameworks @loader_path/Frameworks";
				OTHER_SWIFT_FLAGS = "-D DECIDE";
				PRODUCT_BUNDLE_IDENTIFIER = com.mixpanel.Mixpanel;
				PRODUCT_NAME = "$(TARGET_NAME)";
				SKIP_INSTALL = YES;
				SWIFT_INCLUDE_PATHS = "${SRCROOT}";
				SWIFT_OBJC_BRIDGING_HEADER = "";
				SWIFT_OPTIMIZATION_LEVEL = "-Owholemodule";
				SWIFT_SWIFT3_OBJC_INFERENCE = Off;
				SWIFT_VERSION = 4.2;
				USER_HEADER_SEARCH_PATHS = "";
				WATCHOS_DEPLOYMENT_TARGET = 3.0;
			};
			name = Release;
		};
		E12782B81D4AB4B30025FB05 /* Debug */ = {
			isa = XCBuildConfiguration;
			buildSettings = {
				APPLICATION_EXTENSION_API_ONLY = YES;
				CLANG_ALLOW_NON_MODULAR_INCLUDES_IN_FRAMEWORK_MODULES = YES;
				CLANG_WARN_DOCUMENTATION_COMMENTS = YES;
				CODE_SIGN_IDENTITY = "";
				DEFINES_MODULE = YES;
				DYLIB_COMPATIBILITY_VERSION = 1;
				DYLIB_CURRENT_VERSION = 1;
				DYLIB_INSTALL_NAME_BASE = "@rpath";
				INFOPLIST_FILE = Mixpanel/Info.plist;
				INSTALL_PATH = "$(LOCAL_LIBRARY_DIR)/Frameworks";
				LD_RUNPATH_SEARCH_PATHS = "$(inherited) @executable_path/Frameworks @loader_path/Frameworks";
				OTHER_SWIFT_FLAGS = "-D TV_OS";
				PRODUCT_BUNDLE_IDENTIFIER = com.mixpanel.Mixpanel;
				PRODUCT_MODULE_NAME = "$(PRODUCT_NAME:c99extidentifier)";
				PRODUCT_NAME = Mixpanel;
				SDKROOT = appletvos;
				SKIP_INSTALL = YES;
				SWIFT_ACTIVE_COMPILATION_CONDITIONS = DEBUG;
				SWIFT_SWIFT3_OBJC_INFERENCE = Off;
				SWIFT_VERSION = 4.2;
				TARGETED_DEVICE_FAMILY = 3;
				TVOS_DEPLOYMENT_TARGET = 9.0;
			};
			name = Debug;
		};
		E12782B91D4AB4B30025FB05 /* Release */ = {
			isa = XCBuildConfiguration;
			buildSettings = {
				APPLICATION_EXTENSION_API_ONLY = YES;
				CLANG_ALLOW_NON_MODULAR_INCLUDES_IN_FRAMEWORK_MODULES = YES;
				CLANG_WARN_DOCUMENTATION_COMMENTS = YES;
				CODE_SIGN_IDENTITY = "";
				DEFINES_MODULE = YES;
				DYLIB_COMPATIBILITY_VERSION = 1;
				DYLIB_CURRENT_VERSION = 1;
				DYLIB_INSTALL_NAME_BASE = "@rpath";
				INFOPLIST_FILE = Mixpanel/Info.plist;
				INSTALL_PATH = "$(LOCAL_LIBRARY_DIR)/Frameworks";
				LD_RUNPATH_SEARCH_PATHS = "$(inherited) @executable_path/Frameworks @loader_path/Frameworks";
				OTHER_SWIFT_FLAGS = "-D TV_OS";
				PRODUCT_BUNDLE_IDENTIFIER = com.mixpanel.Mixpanel;
				PRODUCT_MODULE_NAME = "$(PRODUCT_NAME:c99extidentifier)";
				PRODUCT_NAME = Mixpanel;
				SDKROOT = appletvos;
				SKIP_INSTALL = YES;
				SWIFT_OPTIMIZATION_LEVEL = "-Owholemodule";
				SWIFT_SWIFT3_OBJC_INFERENCE = Off;
				SWIFT_VERSION = 4.2;
				TARGETED_DEVICE_FAMILY = 3;
				TVOS_DEPLOYMENT_TARGET = 9.0;
			};
			name = Release;
		};
		E1F15FCE1E64A10800391AE3 /* Debug */ = {
			isa = XCBuildConfiguration;
			buildSettings = {
				APPLICATION_EXTENSION_API_ONLY = YES;
				CLANG_ALLOW_NON_MODULAR_INCLUDES_IN_FRAMEWORK_MODULES = YES;
				CLANG_WARN_DOCUMENTATION_COMMENTS = YES;
				CODE_SIGN_IDENTITY = "-";
				COMBINE_HIDPI_IMAGES = YES;
				DEFINES_MODULE = YES;
				DEVELOPMENT_TEAM = "";
				DYLIB_COMPATIBILITY_VERSION = 1;
				DYLIB_CURRENT_VERSION = 1;
				DYLIB_INSTALL_NAME_BASE = "@rpath";
				FRAMEWORK_VERSION = A;
				INFOPLIST_FILE = Mixpanel/Info.plist;
				INSTALL_PATH = "$(LOCAL_LIBRARY_DIR)/Frameworks";
				LD_RUNPATH_SEARCH_PATHS = "$(inherited) @executable_path/../Frameworks @loader_path/Frameworks";
				MACOSX_DEPLOYMENT_TARGET = 10.10;
				OTHER_SWIFT_FLAGS = "-D MAC_OS";
				PRODUCT_BUNDLE_IDENTIFIER = com.mixpanel.Mixpanel;
				PRODUCT_MODULE_NAME = "$(PRODUCT_NAME:c99extidentifier)";
				PRODUCT_NAME = Mixpanel;
				SDKROOT = macosx;
				SKIP_INSTALL = YES;
				SWIFT_ACTIVE_COMPILATION_CONDITIONS = DEBUG;
				SWIFT_SWIFT3_OBJC_INFERENCE = Off;
				SWIFT_VERSION = 4.2;
			};
			name = Debug;
		};
		E1F15FCF1E64A10800391AE3 /* Release */ = {
			isa = XCBuildConfiguration;
			buildSettings = {
				APPLICATION_EXTENSION_API_ONLY = YES;
				CLANG_ALLOW_NON_MODULAR_INCLUDES_IN_FRAMEWORK_MODULES = YES;
				CLANG_WARN_DOCUMENTATION_COMMENTS = YES;
				CODE_SIGN_IDENTITY = "-";
				COMBINE_HIDPI_IMAGES = YES;
				DEFINES_MODULE = YES;
				DEVELOPMENT_TEAM = "";
				DYLIB_COMPATIBILITY_VERSION = 1;
				DYLIB_CURRENT_VERSION = 1;
				DYLIB_INSTALL_NAME_BASE = "@rpath";
				FRAMEWORK_VERSION = A;
				INFOPLIST_FILE = Mixpanel/Info.plist;
				INSTALL_PATH = "$(LOCAL_LIBRARY_DIR)/Frameworks";
				LD_RUNPATH_SEARCH_PATHS = "$(inherited) @executable_path/../Frameworks @loader_path/Frameworks";
				MACOSX_DEPLOYMENT_TARGET = 10.10;
				OTHER_SWIFT_FLAGS = "-D MAC_OS";
				PRODUCT_BUNDLE_IDENTIFIER = com.mixpanel.Mixpanel;
				PRODUCT_MODULE_NAME = "$(PRODUCT_NAME:c99extidentifier)";
				PRODUCT_NAME = Mixpanel;
				SDKROOT = macosx;
				SKIP_INSTALL = YES;
				SWIFT_OPTIMIZATION_LEVEL = "-Owholemodule";
				SWIFT_SWIFT3_OBJC_INFERENCE = Off;
				SWIFT_VERSION = 4.2;
			};
			name = Release;
		};
/* End XCBuildConfiguration section */

/* Begin XCConfigurationList section */
		E11594771CFF1491007F8B4F /* Build configuration list for PBXProject "Mixpanel" */ = {
			isa = XCConfigurationList;
			buildConfigurations = (
				E11594831CFF1491007F8B4F /* Debug */,
				E11594841CFF1491007F8B4F /* Release */,
			);
			defaultConfigurationIsVisible = 0;
			defaultConfigurationName = Release;
		};
		E11594851CFF1491007F8B4F /* Build configuration list for PBXNativeTarget "Mixpanel" */ = {
			isa = XCConfigurationList;
			buildConfigurations = (
				E11594861CFF1491007F8B4F /* Debug */,
				E11594871CFF1491007F8B4F /* Release */,
			);
			defaultConfigurationIsVisible = 0;
			defaultConfigurationName = Release;
		};
		E12782BA1D4AB4B30025FB05 /* Build configuration list for PBXNativeTarget "Mixpanel_tvOS" */ = {
			isa = XCConfigurationList;
			buildConfigurations = (
				E12782B81D4AB4B30025FB05 /* Debug */,
				E12782B91D4AB4B30025FB05 /* Release */,
			);
			defaultConfigurationIsVisible = 0;
			defaultConfigurationName = Release;
		};
		E1F15FD01E64A10800391AE3 /* Build configuration list for PBXNativeTarget "Mixpanel_macOS" */ = {
			isa = XCConfigurationList;
			buildConfigurations = (
				E1F15FCE1E64A10800391AE3 /* Debug */,
				E1F15FCF1E64A10800391AE3 /* Release */,
			);
			defaultConfigurationIsVisible = 0;
			defaultConfigurationName = Release;
		};
/* End XCConfigurationList section */
	};
	rootObject = E11594741CFF1491007F8B4F /* Project object */;
}
